// !$*UTF8*$!
{
	archiveVersion = 1;
	classes = {
	};
	objectVersion = 56;
	objects = {

/* Begin PBXBuildFile section */
		CC80B46B2CF881F800BE8813 /* Chat.framework in Frameworks */ = {isa = PBXBuildFile; fileRef = CC80B4622CF881F700BE8813 /* Chat.framework */; };
		CC80B4702CF881F800BE8813 /* ChatTests.swift in Sources */ = {isa = PBXBuildFile; fileRef = CC80B46F2CF881F800BE8813 /* ChatTests.swift */; };
		CC80B4712CF881F800BE8813 /* Chat.h in Headers */ = {isa = PBXBuildFile; fileRef = CC80B4652CF881F700BE8813 /* Chat.h */; settings = {ATTRIBUTES = (Public, ); }; };
		CC80B47C2CF8821900BE8813 /* DataSource.framework in Frameworks */ = {isa = PBXBuildFile; fileRef = CC80B47B2CF8821900BE8813 /* DataSource.framework */; };
		CC80B4832CF8824800BE8813 /* ChannelChatAPI.swift in Sources */ = {isa = PBXBuildFile; fileRef = CC80B4822CF8824800BE8813 /* ChannelChatAPI.swift */; };
		CC80B4852CF8825D00BE8813 /* DirectMessageAPI.swift in Sources */ = {isa = PBXBuildFile; fileRef = CC80B4842CF8825D00BE8813 /* DirectMessageAPI.swift */; };
		CC80B4962CF9B7F100BE8813 /* ChannelObject.swift in Sources */ = {isa = PBXBuildFile; fileRef = CC80B4952CF9B7F100BE8813 /* ChannelObject.swift */; };
		CC80B4982CF9B91700BE8813 /* ChannelChatObject.swift in Sources */ = {isa = PBXBuildFile; fileRef = CC80B4972CF9B91700BE8813 /* ChannelChatObject.swift */; };
		CC80B49A2CF9B9BE00BE8813 /* SenderObject.swift in Sources */ = {isa = PBXBuildFile; fileRef = CC80B4992CF9B9BE00BE8813 /* SenderObject.swift */; };
		CC80B49E2CF9D08B00BE8813 /* ChannelChatDTO.swift in Sources */ = {isa = PBXBuildFile; fileRef = CC80B49D2CF9D08B00BE8813 /* ChannelChatDTO.swift */; };
		CC80B4A02CF9D33800BE8813 /* UserDTO.swift in Sources */ = {isa = PBXBuildFile; fileRef = CC80B49F2CF9D33800BE8813 /* UserDTO.swift */; };
		CC80B4A22CF9D4A000BE8813 /* ChannelUnreadsDTO.swift in Sources */ = {isa = PBXBuildFile; fileRef = CC80B4A12CF9D4A000BE8813 /* ChannelUnreadsDTO.swift */; };
		CC80B4A42CF9D57500BE8813 /* DMRoomDTO.swift in Sources */ = {isa = PBXBuildFile; fileRef = CC80B4A32CF9D57500BE8813 /* DMRoomDTO.swift */; };
		CC80B4A62CF9D5AC00BE8813 /* DMChatDTO.swift in Sources */ = {isa = PBXBuildFile; fileRef = CC80B4A52CF9D5AC00BE8813 /* DMChatDTO.swift */; };
		CC80B4A82CF9D63900BE8813 /* DMUnreadsDTO.swift in Sources */ = {isa = PBXBuildFile; fileRef = CC80B4A72CF9D63900BE8813 /* DMUnreadsDTO.swift */; };
		CC80B4AD2CF9D95800BE8813 /* ChannelChat.swift in Sources */ = {isa = PBXBuildFile; fileRef = CC80B4AC2CF9D95800BE8813 /* ChannelChat.swift */; };
		CC80B4AF2CF9DA0500BE8813 /* Sender.swift in Sources */ = {isa = PBXBuildFile; fileRef = CC80B4AE2CF9DA0500BE8813 /* Sender.swift */; };
		CC80B4B12CF9DAC200BE8813 /* DMChat.swift in Sources */ = {isa = PBXBuildFile; fileRef = CC80B4B02CF9DAC200BE8813 /* DMChat.swift */; };
		CC80B4B32CF9DB6000BE8813 /* Unreads.swift in Sources */ = {isa = PBXBuildFile; fileRef = CC80B4B22CF9DB6000BE8813 /* Unreads.swift */; };
		CC80B4B52CF9DBC400BE8813 /* DMRoom.swift in Sources */ = {isa = PBXBuildFile; fileRef = CC80B4B42CF9DBC400BE8813 /* DMRoom.swift */; };
/* End PBXBuildFile section */

/* Begin PBXContainerItemProxy section */
		CC80B46C2CF881F800BE8813 /* PBXContainerItemProxy */ = {
			isa = PBXContainerItemProxy;
			containerPortal = CC80B4592CF881F700BE8813 /* Project object */;
			proxyType = 1;
			remoteGlobalIDString = CC80B4612CF881F700BE8813;
			remoteInfo = Chat;
		};
/* End PBXContainerItemProxy section */

/* Begin PBXFileReference section */
		CC80B4622CF881F700BE8813 /* Chat.framework */ = {isa = PBXFileReference; explicitFileType = wrapper.framework; includeInIndex = 0; path = Chat.framework; sourceTree = BUILT_PRODUCTS_DIR; };
		CC80B4652CF881F700BE8813 /* Chat.h */ = {isa = PBXFileReference; lastKnownFileType = sourcecode.c.h; path = Chat.h; sourceTree = "<group>"; };
		CC80B46A2CF881F800BE8813 /* ChatTests.xctest */ = {isa = PBXFileReference; explicitFileType = wrapper.cfbundle; includeInIndex = 0; path = ChatTests.xctest; sourceTree = BUILT_PRODUCTS_DIR; };
		CC80B46F2CF881F800BE8813 /* ChatTests.swift */ = {isa = PBXFileReference; lastKnownFileType = sourcecode.swift; path = ChatTests.swift; sourceTree = "<group>"; };
		CC80B47B2CF8821900BE8813 /* DataSource.framework */ = {isa = PBXFileReference; explicitFileType = wrapper.framework; path = DataSource.framework; sourceTree = BUILT_PRODUCTS_DIR; };
		CC80B4822CF8824800BE8813 /* ChannelChatAPI.swift */ = {isa = PBXFileReference; lastKnownFileType = sourcecode.swift; path = ChannelChatAPI.swift; sourceTree = "<group>"; };
		CC80B4842CF8825D00BE8813 /* DirectMessageAPI.swift */ = {isa = PBXFileReference; lastKnownFileType = sourcecode.swift; path = DirectMessageAPI.swift; sourceTree = "<group>"; };
		CC80B4952CF9B7F100BE8813 /* ChannelObject.swift */ = {isa = PBXFileReference; lastKnownFileType = sourcecode.swift; path = ChannelObject.swift; sourceTree = "<group>"; };
		CC80B4972CF9B91700BE8813 /* ChannelChatObject.swift */ = {isa = PBXFileReference; lastKnownFileType = sourcecode.swift; path = ChannelChatObject.swift; sourceTree = "<group>"; };
		CC80B4992CF9B9BE00BE8813 /* SenderObject.swift */ = {isa = PBXFileReference; lastKnownFileType = sourcecode.swift; path = SenderObject.swift; sourceTree = "<group>"; };
		CC80B49D2CF9D08B00BE8813 /* ChannelChatDTO.swift */ = {isa = PBXFileReference; lastKnownFileType = sourcecode.swift; path = ChannelChatDTO.swift; sourceTree = "<group>"; };
		CC80B49F2CF9D33800BE8813 /* UserDTO.swift */ = {isa = PBXFileReference; lastKnownFileType = sourcecode.swift; path = UserDTO.swift; sourceTree = "<group>"; };
		CC80B4A12CF9D4A000BE8813 /* ChannelUnreadsDTO.swift */ = {isa = PBXFileReference; lastKnownFileType = sourcecode.swift; path = ChannelUnreadsDTO.swift; sourceTree = "<group>"; };
		CC80B4A32CF9D57500BE8813 /* DMRoomDTO.swift */ = {isa = PBXFileReference; lastKnownFileType = sourcecode.swift; path = DMRoomDTO.swift; sourceTree = "<group>"; };
		CC80B4A52CF9D5AC00BE8813 /* DMChatDTO.swift */ = {isa = PBXFileReference; lastKnownFileType = sourcecode.swift; path = DMChatDTO.swift; sourceTree = "<group>"; };
		CC80B4A72CF9D63900BE8813 /* DMUnreadsDTO.swift */ = {isa = PBXFileReference; lastKnownFileType = sourcecode.swift; path = DMUnreadsDTO.swift; sourceTree = "<group>"; };
		CC80B4AC2CF9D95800BE8813 /* ChannelChat.swift */ = {isa = PBXFileReference; lastKnownFileType = sourcecode.swift; path = ChannelChat.swift; sourceTree = "<group>"; };
		CC80B4AE2CF9DA0500BE8813 /* Sender.swift */ = {isa = PBXFileReference; lastKnownFileType = sourcecode.swift; path = Sender.swift; sourceTree = "<group>"; };
		CC80B4B02CF9DAC200BE8813 /* DMChat.swift */ = {isa = PBXFileReference; lastKnownFileType = sourcecode.swift; path = DMChat.swift; sourceTree = "<group>"; };
		CC80B4B22CF9DB6000BE8813 /* Unreads.swift */ = {isa = PBXFileReference; lastKnownFileType = sourcecode.swift; path = Unreads.swift; sourceTree = "<group>"; };
		CC80B4B42CF9DBC400BE8813 /* DMRoom.swift */ = {isa = PBXFileReference; lastKnownFileType = sourcecode.swift; path = DMRoom.swift; sourceTree = "<group>"; };
/* End PBXFileReference section */

/* Begin PBXFrameworksBuildPhase section */
		CC80B45F2CF881F700BE8813 /* Frameworks */ = {
			isa = PBXFrameworksBuildPhase;
			buildActionMask = 2147483647;
			files = (
				CC80B47C2CF8821900BE8813 /* DataSource.framework in Frameworks */,
			);
			runOnlyForDeploymentPostprocessing = 0;
		};
		CC80B4672CF881F800BE8813 /* Frameworks */ = {
			isa = PBXFrameworksBuildPhase;
			buildActionMask = 2147483647;
			files = (
				CC80B46B2CF881F800BE8813 /* Chat.framework in Frameworks */,
			);
			runOnlyForDeploymentPostprocessing = 0;
		};
/* End PBXFrameworksBuildPhase section */

/* Begin PBXGroup section */
		CC80B4582CF881F700BE8813 = {
			isa = PBXGroup;
			children = (
				CC80B4642CF881F700BE8813 /* Chat */,
				CC80B46E2CF881F800BE8813 /* ChatTests */,
				CC80B4632CF881F700BE8813 /* Products */,
				CC80B47A2CF8821900BE8813 /* Frameworks */,
			);
			sourceTree = "<group>";
		};
		CC80B4632CF881F700BE8813 /* Products */ = {
			isa = PBXGroup;
			children = (
				CC80B4622CF881F700BE8813 /* Chat.framework */,
				CC80B46A2CF881F800BE8813 /* ChatTests.xctest */,
			);
			name = Products;
			sourceTree = "<group>";
		};
		CC80B4642CF881F700BE8813 /* Chat */ = {
			isa = PBXGroup;
			children = (
				CC80B47F2CF8822100BE8813 /* Sources */,
				CC80B4652CF881F700BE8813 /* Chat.h */,
			);
			path = Chat;
			sourceTree = "<group>";
		};
		CC80B46E2CF881F800BE8813 /* ChatTests */ = {
			isa = PBXGroup;
			children = (
				CC80B46F2CF881F800BE8813 /* ChatTests.swift */,
			);
			path = ChatTests;
			sourceTree = "<group>";
		};
		CC80B47A2CF8821900BE8813 /* Frameworks */ = {
			isa = PBXGroup;
			children = (
				CC80B47B2CF8821900BE8813 /* DataSource.framework */,
			);
			name = Frameworks;
			sourceTree = "<group>";
		};
		CC80B47F2CF8822100BE8813 /* Sources */ = {
			isa = PBXGroup;
			children = (
				CC80B4A92CF9D93700BE8813 /* Domain */,
				CC80B4802CF8822A00BE8813 /* Data */,
			);
			path = Sources;
			sourceTree = "<group>";
		};
		CC80B4802CF8822A00BE8813 /* Data */ = {
			isa = PBXGroup;
			children = (
				CC80B49B2CF9CFCC00BE8813 /* DTOs */,
				CC80B4812CF8823100BE8813 /* APIEndpoint */,
			);
			path = Data;
			sourceTree = "<group>";
		};
		CC80B4812CF8823100BE8813 /* APIEndpoint */ = {
			isa = PBXGroup;
			children = (
				CC80B4822CF8824800BE8813 /* ChannelChatAPI.swift */,
				CC80B4842CF8825D00BE8813 /* DirectMessageAPI.swift */,
			);
			path = APIEndpoint;
			sourceTree = "<group>";
		};
		CC80B4942CF9B79600BE8813 /* PersistanceDTO */ = {
			isa = PBXGroup;
			children = (
				CC80B4952CF9B7F100BE8813 /* ChannelObject.swift */,
				CC80B4972CF9B91700BE8813 /* ChannelChatObject.swift */,
				CC80B4992CF9B9BE00BE8813 /* SenderObject.swift */,
			);
			path = PersistanceDTO;
			sourceTree = "<group>";
		};
		CC80B49B2CF9CFCC00BE8813 /* DTOs */ = {
			isa = PBXGroup;
			children = (
				CC80B49C2CF9CFDA00BE8813 /* Response */,
				CC80B4942CF9B79600BE8813 /* PersistanceDTO */,
			);
			path = DTOs;
			sourceTree = "<group>";
		};
		CC80B49C2CF9CFDA00BE8813 /* Response */ = {
			isa = PBXGroup;
			children = (
				CC80B49D2CF9D08B00BE8813 /* ChannelChatDTO.swift */,
				CC80B49F2CF9D33800BE8813 /* UserDTO.swift */,
				CC80B4A12CF9D4A000BE8813 /* ChannelUnreadsDTO.swift */,
				CC80B4A32CF9D57500BE8813 /* DMRoomDTO.swift */,
				CC80B4A52CF9D5AC00BE8813 /* DMChatDTO.swift */,
				CC80B4A72CF9D63900BE8813 /* DMUnreadsDTO.swift */,
			);
			path = Response;
			sourceTree = "<group>";
		};
		CC80B4A92CF9D93700BE8813 /* Domain */ = {
			isa = PBXGroup;
			children = (
				CC80B4AB2CF9D94D00BE8813 /* Entity */,
			);
			path = Domain;
			sourceTree = "<group>";
		};
		CC80B4AB2CF9D94D00BE8813 /* Entity */ = {
			isa = PBXGroup;
			children = (
				CC80B4AE2CF9DA0500BE8813 /* Sender.swift */,
				CC80B4AC2CF9D95800BE8813 /* ChannelChat.swift */,
				CC80B4B02CF9DAC200BE8813 /* DMChat.swift */,
				CC80B4B22CF9DB6000BE8813 /* Unreads.swift */,
				CC80B4B42CF9DBC400BE8813 /* DMRoom.swift */,
			);
			path = Entity;
			sourceTree = "<group>";
		};
/* End PBXGroup section */

/* Begin PBXHeadersBuildPhase section */
		CC80B45D2CF881F700BE8813 /* Headers */ = {
			isa = PBXHeadersBuildPhase;
			buildActionMask = 2147483647;
			files = (
				CC80B4712CF881F800BE8813 /* Chat.h in Headers */,
			);
			runOnlyForDeploymentPostprocessing = 0;
		};
/* End PBXHeadersBuildPhase section */

/* Begin PBXNativeTarget section */
		CC80B4612CF881F700BE8813 /* Chat */ = {
			isa = PBXNativeTarget;
			buildConfigurationList = CC80B4742CF881F800BE8813 /* Build configuration list for PBXNativeTarget "Chat" */;
			buildPhases = (
				CC80B45D2CF881F700BE8813 /* Headers */,
				CC80B45E2CF881F700BE8813 /* Sources */,
				CC80B45F2CF881F700BE8813 /* Frameworks */,
				CC80B4602CF881F700BE8813 /* Resources */,
			);
			buildRules = (
			);
			dependencies = (
			);
			name = Chat;
			productName = Chat;
			productReference = CC80B4622CF881F700BE8813 /* Chat.framework */;
			productType = "com.apple.product-type.framework";
		};
		CC80B4692CF881F800BE8813 /* ChatTests */ = {
			isa = PBXNativeTarget;
			buildConfigurationList = CC80B4772CF881F800BE8813 /* Build configuration list for PBXNativeTarget "ChatTests" */;
			buildPhases = (
				CC80B4662CF881F800BE8813 /* Sources */,
				CC80B4672CF881F800BE8813 /* Frameworks */,
				CC80B4682CF881F800BE8813 /* Resources */,
			);
			buildRules = (
			);
			dependencies = (
				CC80B46D2CF881F800BE8813 /* PBXTargetDependency */,
			);
			name = ChatTests;
			productName = ChatTests;
			productReference = CC80B46A2CF881F800BE8813 /* ChatTests.xctest */;
			productType = "com.apple.product-type.bundle.unit-test";
		};
/* End PBXNativeTarget section */

/* Begin PBXProject section */
		CC80B4592CF881F700BE8813 /* Project object */ = {
			isa = PBXProject;
			attributes = {
				BuildIndependentTargetsInParallel = 1;
				LastSwiftUpdateCheck = 1540;
				LastUpgradeCheck = 1540;
				TargetAttributes = {
					CC80B4612CF881F700BE8813 = {
						CreatedOnToolsVersion = 15.4;
						LastSwiftMigration = 1540;
					};
					CC80B4692CF881F800BE8813 = {
						CreatedOnToolsVersion = 15.4;
					};
				};
			};
			buildConfigurationList = CC80B45C2CF881F700BE8813 /* Build configuration list for PBXProject "Chat" */;
			compatibilityVersion = "Xcode 14.0";
			developmentRegion = en;
			hasScannedForEncodings = 0;
			knownRegions = (
				en,
				Base,
			);
			mainGroup = CC80B4582CF881F700BE8813;
			productRefGroup = CC80B4632CF881F700BE8813 /* Products */;
			projectDirPath = "";
			projectRoot = "";
			targets = (
				CC80B4612CF881F700BE8813 /* Chat */,
				CC80B4692CF881F800BE8813 /* ChatTests */,
			);
		};
/* End PBXProject section */

/* Begin PBXResourcesBuildPhase section */
		CC80B4602CF881F700BE8813 /* Resources */ = {
			isa = PBXResourcesBuildPhase;
			buildActionMask = 2147483647;
			files = (
			);
			runOnlyForDeploymentPostprocessing = 0;
		};
		CC80B4682CF881F800BE8813 /* Resources */ = {
			isa = PBXResourcesBuildPhase;
			buildActionMask = 2147483647;
			files = (
			);
			runOnlyForDeploymentPostprocessing = 0;
		};
/* End PBXResourcesBuildPhase section */

/* Begin PBXSourcesBuildPhase section */
		CC80B45E2CF881F700BE8813 /* Sources */ = {
			isa = PBXSourcesBuildPhase;
			buildActionMask = 2147483647;
			files = (
				CC80B4AF2CF9DA0500BE8813 /* Sender.swift in Sources */,
				CC80B4962CF9B7F100BE8813 /* ChannelObject.swift in Sources */,
				CC80B4AD2CF9D95800BE8813 /* ChannelChat.swift in Sources */,
				CC80B49E2CF9D08B00BE8813 /* ChannelChatDTO.swift in Sources */,
				CC80B4832CF8824800BE8813 /* ChannelChatAPI.swift in Sources */,
				CC80B4B52CF9DBC400BE8813 /* DMRoom.swift in Sources */,
				CC80B4852CF8825D00BE8813 /* DirectMessageAPI.swift in Sources */,
				CC80B4B12CF9DAC200BE8813 /* DMChat.swift in Sources */,
				CC80B4A82CF9D63900BE8813 /* DMUnreadsDTO.swift in Sources */,
				CC80B4A42CF9D57500BE8813 /* DMRoomDTO.swift in Sources */,
				CC80B4A22CF9D4A000BE8813 /* ChannelUnreadsDTO.swift in Sources */,
				CC80B4B32CF9DB6000BE8813 /* Unreads.swift in Sources */,
				CC80B49A2CF9B9BE00BE8813 /* SenderObject.swift in Sources */,
				CC80B4A02CF9D33800BE8813 /* UserDTO.swift in Sources */,
				CC80B4A62CF9D5AC00BE8813 /* DMChatDTO.swift in Sources */,
				CC80B4982CF9B91700BE8813 /* ChannelChatObject.swift in Sources */,
			);
			runOnlyForDeploymentPostprocessing = 0;
		};
		CC80B4662CF881F800BE8813 /* Sources */ = {
			isa = PBXSourcesBuildPhase;
			buildActionMask = 2147483647;
			files = (
				CC80B4702CF881F800BE8813 /* ChatTests.swift in Sources */,
			);
			runOnlyForDeploymentPostprocessing = 0;
		};
/* End PBXSourcesBuildPhase section */

/* Begin PBXTargetDependency section */
		CC80B46D2CF881F800BE8813 /* PBXTargetDependency */ = {
			isa = PBXTargetDependency;
			target = CC80B4612CF881F700BE8813 /* Chat */;
			targetProxy = CC80B46C2CF881F800BE8813 /* PBXContainerItemProxy */;
		};
/* End PBXTargetDependency section */

/* Begin XCBuildConfiguration section */
		CC80B4722CF881F800BE8813 /* Debug */ = {
			isa = XCBuildConfiguration;
			buildSettings = {
				ALWAYS_SEARCH_USER_PATHS = NO;
				ASSETCATALOG_COMPILER_GENERATE_SWIFT_ASSET_SYMBOL_EXTENSIONS = YES;
				CLANG_ANALYZER_NONNULL = YES;
				CLANG_ANALYZER_NUMBER_OBJECT_CONVERSION = YES_AGGRESSIVE;
				CLANG_CXX_LANGUAGE_STANDARD = "gnu++20";
				CLANG_ENABLE_MODULES = YES;
				CLANG_ENABLE_OBJC_ARC = YES;
				CLANG_ENABLE_OBJC_WEAK = YES;
				CLANG_WARN_BLOCK_CAPTURE_AUTORELEASING = YES;
				CLANG_WARN_BOOL_CONVERSION = YES;
				CLANG_WARN_COMMA = YES;
				CLANG_WARN_CONSTANT_CONVERSION = YES;
				CLANG_WARN_DEPRECATED_OBJC_IMPLEMENTATIONS = YES;
				CLANG_WARN_DIRECT_OBJC_ISA_USAGE = YES_ERROR;
				CLANG_WARN_DOCUMENTATION_COMMENTS = YES;
				CLANG_WARN_EMPTY_BODY = YES;
				CLANG_WARN_ENUM_CONVERSION = YES;
				CLANG_WARN_INFINITE_RECURSION = YES;
				CLANG_WARN_INT_CONVERSION = YES;
				CLANG_WARN_NON_LITERAL_NULL_CONVERSION = YES;
				CLANG_WARN_OBJC_IMPLICIT_RETAIN_SELF = YES;
				CLANG_WARN_OBJC_LITERAL_CONVERSION = YES;
				CLANG_WARN_OBJC_ROOT_CLASS = YES_ERROR;
				CLANG_WARN_QUOTED_INCLUDE_IN_FRAMEWORK_HEADER = YES;
				CLANG_WARN_RANGE_LOOP_ANALYSIS = YES;
				CLANG_WARN_STRICT_PROTOTYPES = YES;
				CLANG_WARN_SUSPICIOUS_MOVE = YES;
				CLANG_WARN_UNGUARDED_AVAILABILITY = YES_AGGRESSIVE;
				CLANG_WARN_UNREACHABLE_CODE = YES;
				CLANG_WARN__DUPLICATE_METHOD_MATCH = YES;
				COPY_PHASE_STRIP = NO;
				CURRENT_PROJECT_VERSION = 1;
				DEBUG_INFORMATION_FORMAT = dwarf;
				ENABLE_STRICT_OBJC_MSGSEND = YES;
				ENABLE_TESTABILITY = YES;
				ENABLE_USER_SCRIPT_SANDBOXING = YES;
				GCC_C_LANGUAGE_STANDARD = gnu17;
				GCC_DYNAMIC_NO_PIC = NO;
				GCC_NO_COMMON_BLOCKS = YES;
				GCC_OPTIMIZATION_LEVEL = 0;
				GCC_PREPROCESSOR_DEFINITIONS = (
					"DEBUG=1",
					"$(inherited)",
				);
				GCC_WARN_64_TO_32_BIT_CONVERSION = YES;
				GCC_WARN_ABOUT_RETURN_TYPE = YES_ERROR;
				GCC_WARN_UNDECLARED_SELECTOR = YES;
				GCC_WARN_UNINITIALIZED_AUTOS = YES_AGGRESSIVE;
				GCC_WARN_UNUSED_FUNCTION = YES;
				GCC_WARN_UNUSED_VARIABLE = YES;
				IPHONEOS_DEPLOYMENT_TARGET = 15.0;
				LOCALIZATION_PREFERS_STRING_CATALOGS = YES;
				MTL_ENABLE_DEBUG_INFO = INCLUDE_SOURCE;
				MTL_FAST_MATH = YES;
				ONLY_ACTIVE_ARCH = YES;
				SDKROOT = iphoneos;
				SWIFT_ACTIVE_COMPILATION_CONDITIONS = "DEBUG $(inherited)";
				SWIFT_OPTIMIZATION_LEVEL = "-Onone";
				VERSIONING_SYSTEM = "apple-generic";
				VERSION_INFO_PREFIX = "";
			};
			name = Debug;
		};
		CC80B4732CF881F800BE8813 /* Release */ = {
			isa = XCBuildConfiguration;
			buildSettings = {
				ALWAYS_SEARCH_USER_PATHS = NO;
				ASSETCATALOG_COMPILER_GENERATE_SWIFT_ASSET_SYMBOL_EXTENSIONS = YES;
				CLANG_ANALYZER_NONNULL = YES;
				CLANG_ANALYZER_NUMBER_OBJECT_CONVERSION = YES_AGGRESSIVE;
				CLANG_CXX_LANGUAGE_STANDARD = "gnu++20";
				CLANG_ENABLE_MODULES = YES;
				CLANG_ENABLE_OBJC_ARC = YES;
				CLANG_ENABLE_OBJC_WEAK = YES;
				CLANG_WARN_BLOCK_CAPTURE_AUTORELEASING = YES;
				CLANG_WARN_BOOL_CONVERSION = YES;
				CLANG_WARN_COMMA = YES;
				CLANG_WARN_CONSTANT_CONVERSION = YES;
				CLANG_WARN_DEPRECATED_OBJC_IMPLEMENTATIONS = YES;
				CLANG_WARN_DIRECT_OBJC_ISA_USAGE = YES_ERROR;
				CLANG_WARN_DOCUMENTATION_COMMENTS = YES;
				CLANG_WARN_EMPTY_BODY = YES;
				CLANG_WARN_ENUM_CONVERSION = YES;
				CLANG_WARN_INFINITE_RECURSION = YES;
				CLANG_WARN_INT_CONVERSION = YES;
				CLANG_WARN_NON_LITERAL_NULL_CONVERSION = YES;
				CLANG_WARN_OBJC_IMPLICIT_RETAIN_SELF = YES;
				CLANG_WARN_OBJC_LITERAL_CONVERSION = YES;
				CLANG_WARN_OBJC_ROOT_CLASS = YES_ERROR;
				CLANG_WARN_QUOTED_INCLUDE_IN_FRAMEWORK_HEADER = YES;
				CLANG_WARN_RANGE_LOOP_ANALYSIS = YES;
				CLANG_WARN_STRICT_PROTOTYPES = YES;
				CLANG_WARN_SUSPICIOUS_MOVE = YES;
				CLANG_WARN_UNGUARDED_AVAILABILITY = YES_AGGRESSIVE;
				CLANG_WARN_UNREACHABLE_CODE = YES;
				CLANG_WARN__DUPLICATE_METHOD_MATCH = YES;
				COPY_PHASE_STRIP = NO;
				CURRENT_PROJECT_VERSION = 1;
				DEBUG_INFORMATION_FORMAT = "dwarf-with-dsym";
				ENABLE_NS_ASSERTIONS = NO;
				ENABLE_STRICT_OBJC_MSGSEND = YES;
				ENABLE_USER_SCRIPT_SANDBOXING = YES;
				GCC_C_LANGUAGE_STANDARD = gnu17;
				GCC_NO_COMMON_BLOCKS = YES;
				GCC_WARN_64_TO_32_BIT_CONVERSION = YES;
				GCC_WARN_ABOUT_RETURN_TYPE = YES_ERROR;
				GCC_WARN_UNDECLARED_SELECTOR = YES;
				GCC_WARN_UNINITIALIZED_AUTOS = YES_AGGRESSIVE;
				GCC_WARN_UNUSED_FUNCTION = YES;
				GCC_WARN_UNUSED_VARIABLE = YES;
				IPHONEOS_DEPLOYMENT_TARGET = 15.0;
				LOCALIZATION_PREFERS_STRING_CATALOGS = YES;
				MTL_ENABLE_DEBUG_INFO = NO;
				MTL_FAST_MATH = YES;
				SDKROOT = iphoneos;
				SWIFT_COMPILATION_MODE = wholemodule;
				VALIDATE_PRODUCT = YES;
				VERSIONING_SYSTEM = "apple-generic";
				VERSION_INFO_PREFIX = "";
			};
			name = Release;
		};
		CC80B4752CF881F800BE8813 /* Debug */ = {
			isa = XCBuildConfiguration;
			buildSettings = {
				BUILD_LIBRARY_FOR_DISTRIBUTION = NO;
				CLANG_ENABLE_MODULES = YES;
				CODE_SIGN_STYLE = Automatic;
				CURRENT_PROJECT_VERSION = 1;
				DEFINES_MODULE = YES;
				DEVELOPMENT_TEAM = YWNQ4RZBTS;
				DYLIB_COMPATIBILITY_VERSION = 1;
				DYLIB_CURRENT_VERSION = 1;
				DYLIB_INSTALL_NAME_BASE = "@rpath";
				ENABLE_MODULE_VERIFIER = YES;
				GENERATE_INFOPLIST_FILE = YES;
				INFOPLIST_KEY_NSHumanReadableCopyright = "";
				INSTALL_PATH = "$(LOCAL_LIBRARY_DIR)/Frameworks";
				IPHONEOS_DEPLOYMENT_TARGET = 15.0;
				LD_RUNPATH_SEARCH_PATHS = (
					"$(inherited)",
					"@executable_path/Frameworks",
					"@loader_path/Frameworks",
				);
				MARKETING_VERSION = 1.0;
				MODULE_VERIFIER_SUPPORTED_LANGUAGES = "objective-c objective-c++";
				MODULE_VERIFIER_SUPPORTED_LANGUAGE_STANDARDS = "gnu17 gnu++20";
				PRODUCT_BUNDLE_IDENTIFIER = com.jinyoo.Chat;
				PRODUCT_NAME = "$(TARGET_NAME:c99extidentifier)";
				SKIP_INSTALL = YES;
				SUPPORTED_PLATFORMS = "iphoneos iphonesimulator";
				SUPPORTS_MACCATALYST = NO;
				SUPPORTS_MAC_DESIGNED_FOR_IPHONE_IPAD = NO;
				SUPPORTS_XR_DESIGNED_FOR_IPHONE_IPAD = NO;
				SWIFT_EMIT_LOC_STRINGS = YES;
				SWIFT_INSTALL_OBJC_HEADER = NO;
				SWIFT_OPTIMIZATION_LEVEL = "-Onone";
				SWIFT_VERSION = 5.0;
				TARGETED_DEVICE_FAMILY = 1;
			};
			name = Debug;
		};
		CC80B4762CF881F800BE8813 /* Release */ = {
			isa = XCBuildConfiguration;
			buildSettings = {
				BUILD_LIBRARY_FOR_DISTRIBUTION = NO;
				CLANG_ENABLE_MODULES = YES;
				CODE_SIGN_STYLE = Automatic;
				CURRENT_PROJECT_VERSION = 1;
				DEFINES_MODULE = YES;
				DEVELOPMENT_TEAM = YWNQ4RZBTS;
				DYLIB_COMPATIBILITY_VERSION = 1;
				DYLIB_CURRENT_VERSION = 1;
				DYLIB_INSTALL_NAME_BASE = "@rpath";
				ENABLE_MODULE_VERIFIER = YES;
				GENERATE_INFOPLIST_FILE = YES;
				INFOPLIST_KEY_NSHumanReadableCopyright = "";
				INSTALL_PATH = "$(LOCAL_LIBRARY_DIR)/Frameworks";
				IPHONEOS_DEPLOYMENT_TARGET = 15.0;
				LD_RUNPATH_SEARCH_PATHS = (
					"$(inherited)",
					"@executable_path/Frameworks",
					"@loader_path/Frameworks",
				);
				MARKETING_VERSION = 1.0;
				MODULE_VERIFIER_SUPPORTED_LANGUAGES = "objective-c objective-c++";
				MODULE_VERIFIER_SUPPORTED_LANGUAGE_STANDARDS = "gnu17 gnu++20";
				PRODUCT_BUNDLE_IDENTIFIER = com.jinyoo.Chat;
				PRODUCT_NAME = "$(TARGET_NAME:c99extidentifier)";
				SKIP_INSTALL = YES;
				SUPPORTED_PLATFORMS = "iphoneos iphonesimulator";
				SUPPORTS_MACCATALYST = NO;
				SUPPORTS_MAC_DESIGNED_FOR_IPHONE_IPAD = NO;
				SUPPORTS_XR_DESIGNED_FOR_IPHONE_IPAD = NO;
				SWIFT_EMIT_LOC_STRINGS = YES;
				SWIFT_INSTALL_OBJC_HEADER = NO;
				SWIFT_VERSION = 5.0;
				TARGETED_DEVICE_FAMILY = 1;
			};
			name = Release;
		};
		CC80B4782CF881F800BE8813 /* Debug */ = {
			isa = XCBuildConfiguration;
			buildSettings = {
				ALWAYS_EMBED_SWIFT_STANDARD_LIBRARIES = YES;
				CODE_SIGN_STYLE = Automatic;
				CURRENT_PROJECT_VERSION = 1;
				DEVELOPMENT_TEAM = YWNQ4RZBTS;
				GENERATE_INFOPLIST_FILE = YES;
				MARKETING_VERSION = 1.0;
				PRODUCT_BUNDLE_IDENTIFIER = com.jinyoo.ChatTests;
				PRODUCT_NAME = "$(TARGET_NAME)";
				SWIFT_EMIT_LOC_STRINGS = NO;
				SWIFT_VERSION = 5.0;
				TARGETED_DEVICE_FAMILY = "1,2";
			};
			name = Debug;
		};
		CC80B4792CF881F800BE8813 /* Release */ = {
			isa = XCBuildConfiguration;
			buildSettings = {
				ALWAYS_EMBED_SWIFT_STANDARD_LIBRARIES = YES;
				CODE_SIGN_STYLE = Automatic;
				CURRENT_PROJECT_VERSION = 1;
				DEVELOPMENT_TEAM = YWNQ4RZBTS;
				GENERATE_INFOPLIST_FILE = YES;
				MARKETING_VERSION = 1.0;
				PRODUCT_BUNDLE_IDENTIFIER = com.jinyoo.ChatTests;
				PRODUCT_NAME = "$(TARGET_NAME)";
				SWIFT_EMIT_LOC_STRINGS = NO;
				SWIFT_VERSION = 5.0;
				TARGETED_DEVICE_FAMILY = "1,2";
			};
			name = Release;
		};
/* End XCBuildConfiguration section */

/* Begin XCConfigurationList section */
		CC80B45C2CF881F700BE8813 /* Build configuration list for PBXProject "Chat" */ = {
			isa = XCConfigurationList;
			buildConfigurations = (
				CC80B4722CF881F800BE8813 /* Debug */,
				CC80B4732CF881F800BE8813 /* Release */,
			);
			defaultConfigurationIsVisible = 0;
			defaultConfigurationName = Release;
		};
		CC80B4742CF881F800BE8813 /* Build configuration list for PBXNativeTarget "Chat" */ = {
			isa = XCConfigurationList;
			buildConfigurations = (
				CC80B4752CF881F800BE8813 /* Debug */,
				CC80B4762CF881F800BE8813 /* Release */,
			);
			defaultConfigurationIsVisible = 0;
			defaultConfigurationName = Release;
		};
		CC80B4772CF881F800BE8813 /* Build configuration list for PBXNativeTarget "ChatTests" */ = {
			isa = XCConfigurationList;
			buildConfigurations = (
				CC80B4782CF881F800BE8813 /* Debug */,
				CC80B4792CF881F800BE8813 /* Release */,
			);
			defaultConfigurationIsVisible = 0;
			defaultConfigurationName = Release;
		};
/* End XCConfigurationList section */
	};
	rootObject = CC80B4592CF881F700BE8813 /* Project object */;
}
