// !$*UTF8*$!
{
	archiveVersion = 1;
	classes = {
	};
	objectVersion = 56;
	objects = {

/* Begin PBXBuildFile section */
		CC7FDDA32CED719200E7B0E5 /* NetworkProviderAssembly.swift in Sources */ = {isa = PBXBuildFile; fileRef = CC7FDDA22CED719200E7B0E5 /* NetworkProviderAssembly.swift */; };
		CC7FDDCC2CEDCB6300E7B0E5 /* GoogleService-Info.plist in Resources */ = {isa = PBXBuildFile; fileRef = CC7FDDCB2CEDCB6300E7B0E5 /* GoogleService-Info.plist */; };
		CC7FDDCF2CEDCBE800E7B0E5 /* FirebaseAnalytics in Frameworks */ = {isa = PBXBuildFile; productRef = CC7FDDCE2CEDCBE800E7B0E5 /* FirebaseAnalytics */; };
		CC7FDDD12CEDCBE800E7B0E5 /* FirebaseMessaging in Frameworks */ = {isa = PBXBuildFile; productRef = CC7FDDD02CEDCBE800E7B0E5 /* FirebaseMessaging */; };
		CC8386552CE712370077ED8B /* AuthorizationAssembly.swift in Sources */ = {isa = PBXBuildFile; fileRef = CC8386542CE712370077ED8B /* AuthorizationAssembly.swift */; };
		CC8386592CE7139D0077ED8B /* OnboardingViewController.swift in Sources */ = {isa = PBXBuildFile; fileRef = CC8386582CE7139D0077ED8B /* OnboardingViewController.swift */; };
		CC83865B2CE714DE0077ED8B /* UIFont+Extension.swift in Sources */ = {isa = PBXBuildFile; fileRef = CC83865A2CE714DE0077ED8B /* UIFont+Extension.swift */; };
		CC83865D2CE714F40077ED8B /* Constant.swift in Sources */ = {isa = PBXBuildFile; fileRef = CC83865C2CE714F40077ED8B /* Constant.swift */; };
		CC8386602CE715900077ED8B /* UIViewController+Extension.swift in Sources */ = {isa = PBXBuildFile; fileRef = CC83865F2CE715900077ED8B /* UIViewController+Extension.swift */; };
		CC8386632CE715B50077ED8B /* EmptyWorkspaceViewController.swift in Sources */ = {isa = PBXBuildFile; fileRef = CC8386622CE715B50077ED8B /* EmptyWorkspaceViewController.swift */; };
		CC8386652CE716020077ED8B /* Authorization.framework in Frameworks */ = {isa = PBXBuildFile; fileRef = CC8386642CE716020077ED8B /* Authorization.framework */; };
		CC8386702CE717160077ED8B /* SnapKit in Frameworks */ = {isa = PBXBuildFile; productRef = CC83866F2CE717160077ED8B /* SnapKit */; };
		CC8386732CE717240077ED8B /* Then in Frameworks */ = {isa = PBXBuildFile; productRef = CC8386722CE717240077ED8B /* Then */; };
		CCFD05202CEEF41D0023B97E /* EmptyWorkspaceViewModel.swift in Sources */ = {isa = PBXBuildFile; fileRef = CCFD051F2CEEF41D0023B97E /* EmptyWorkspaceViewModel.swift */; };
		CCFD05232CEEFDA50023B97E /* CombineControlEvent.swift in Sources */ = {isa = PBXBuildFile; fileRef = CCFD05222CEEFDA50023B97E /* CombineControlEvent.swift */; };
		CCFD05252CEF01400023B97E /* CombineControlProperty.swift in Sources */ = {isa = PBXBuildFile; fileRef = CCFD05242CEF01400023B97E /* CombineControlProperty.swift */; };
		CCFD05282CEF02CB0023B97E /* UIButton+Combine.swift in Sources */ = {isa = PBXBuildFile; fileRef = CCFD05272CEF02CB0023B97E /* UIButton+Combine.swift */; };
		CCFD052A2CEF03660023B97E /* UIControl+Combine.swift in Sources */ = {isa = PBXBuildFile; fileRef = CCFD05292CEF03660023B97E /* UIControl+Combine.swift */; };
		CCFD052C2CEF05680023B97E /* UITextField+Combine.swift in Sources */ = {isa = PBXBuildFile; fileRef = CCFD052B2CEF05680023B97E /* UITextField+Combine.swift */; };
		CCFD05302CEF0F130023B97E /* RoundedImageView.swift in Sources */ = {isa = PBXBuildFile; fileRef = CCFD052F2CEF0F130023B97E /* RoundedImageView.swift */; };
		CCFD05332CEF16B60023B97E /* BaseView.swift in Sources */ = {isa = PBXBuildFile; fileRef = CCFD05322CEF16B60023B97E /* BaseView.swift */; };
		CCFD05352CEF16EB0023B97E /* BaseTableViewCell.swift in Sources */ = {isa = PBXBuildFile; fileRef = CCFD05342CEF16EB0023B97E /* BaseTableViewCell.swift */; };
		CCFD05372CEF17020023B97E /* BaseCollectionViewCell.swift in Sources */ = {isa = PBXBuildFile; fileRef = CCFD05362CEF17020023B97E /* BaseCollectionViewCell.swift */; };
		CCFD05392CEF17170023B97E /* BaseButton.swift in Sources */ = {isa = PBXBuildFile; fileRef = CCFD05382CEF17170023B97E /* BaseButton.swift */; };
		CCFD053B2CEF17A90023B97E /* RoundedTextButton.swift in Sources */ = {isa = PBXBuildFile; fileRef = CCFD053A2CEF17A90023B97E /* RoundedTextButton.swift */; };
		CCFD053D2CEF1C540023B97E /* BaseViewController.swift in Sources */ = {isa = PBXBuildFile; fileRef = CCFD053C2CEF1C540023B97E /* BaseViewController.swift */; };
		CCFD053F2CEF1D800023B97E /* CombineControlTargetAction.swift in Sources */ = {isa = PBXBuildFile; fileRef = CCFD053E2CEF1D800023B97E /* CombineControlTargetAction.swift */; };
		CCFD05412CEF29E60023B97E /* UIGestureRecognizer+Combine.swift in Sources */ = {isa = PBXBuildFile; fileRef = CCFD05402CEF29E60023B97E /* UIGestureRecognizer+Combine.swift */; };
		CCFD054B2CEF45450023B97E /* CreateWorkspaceViewController.swift in Sources */ = {isa = PBXBuildFile; fileRef = CCFD054A2CEF45450023B97E /* CreateWorkspaceViewController.swift */; };
		CCFD054D2CEF48220023B97E /* UIImage+Extension.swift in Sources */ = {isa = PBXBuildFile; fileRef = CCFD054C2CEF48220023B97E /* UIImage+Extension.swift */; };
		CCFD05502CEF542D0023B97E /* CreateWorkspaceViewModel.swift in Sources */ = {isa = PBXBuildFile; fileRef = CCFD054F2CEF542D0023B97E /* CreateWorkspaceViewModel.swift */; };
		CCFD05522CEF56950023B97E /* WorkSpace.framework in Frameworks */ = {isa = PBXBuildFile; fileRef = CCFD05512CEF56950023B97E /* WorkSpace.framework */; };
		CCFD055B2CEF66A30023B97E /* WorkspaceAssembly.swift in Sources */ = {isa = PBXBuildFile; fileRef = CCFD055A2CEF66A30023B97E /* WorkspaceAssembly.swift */; };
		CCFD05602CF015D00023B97E /* SheetPresentationViewController.swift in Sources */ = {isa = PBXBuildFile; fileRef = CCFD055F2CF015D00023B97E /* SheetPresentationViewController.swift */; };
		CCFE26982CD4C3C000E8D655 /* AppDelegate.swift in Sources */ = {isa = PBXBuildFile; fileRef = CCFE26972CD4C3C000E8D655 /* AppDelegate.swift */; };
		CCFE269A2CD4C3C000E8D655 /* SceneDelegate.swift in Sources */ = {isa = PBXBuildFile; fileRef = CCFE26992CD4C3C000E8D655 /* SceneDelegate.swift */; };
		CCFE26A12CD4C3C100E8D655 /* Assets.xcassets in Resources */ = {isa = PBXBuildFile; fileRef = CCFE26A02CD4C3C100E8D655 /* Assets.xcassets */; };
		CCFE26A42CD4C3C100E8D655 /* Base in Resources */ = {isa = PBXBuildFile; fileRef = CCFE26A32CD4C3C100E8D655 /* Base */; };
		CCFE26AF2CD4C3C100E8D655 /* AppTests.swift in Sources */ = {isa = PBXBuildFile; fileRef = CCFE26AE2CD4C3C100E8D655 /* AppTests.swift */; };
		CCFE26B92CD4C3C100E8D655 /* AppUITests.swift in Sources */ = {isa = PBXBuildFile; fileRef = CCFE26B82CD4C3C100E8D655 /* AppUITests.swift */; };
		CCFE26BB2CD4C3C100E8D655 /* AppUITestsLaunchTests.swift in Sources */ = {isa = PBXBuildFile; fileRef = CCFE26BA2CD4C3C100E8D655 /* AppUITestsLaunchTests.swift */; };
/* End PBXBuildFile section */

/* Begin PBXContainerItemProxy section */
		CCFE26AB2CD4C3C100E8D655 /* PBXContainerItemProxy */ = {
			isa = PBXContainerItemProxy;
			containerPortal = CCFE268C2CD4C3C000E8D655 /* Project object */;
			proxyType = 1;
			remoteGlobalIDString = CCFE26932CD4C3C000E8D655;
			remoteInfo = App;
		};
		CCFE26B52CD4C3C100E8D655 /* PBXContainerItemProxy */ = {
			isa = PBXContainerItemProxy;
			containerPortal = CCFE268C2CD4C3C000E8D655 /* Project object */;
			proxyType = 1;
			remoteGlobalIDString = CCFE26932CD4C3C000E8D655;
			remoteInfo = App;
		};
/* End PBXContainerItemProxy section */

/* Begin PBXFileReference section */
		CC15F4BA2CD50BFA00EBAA7D /* ko-KR */ = {isa = PBXFileReference; lastKnownFileType = text.plist.strings; name = "ko-KR"; path = "ko-KR.lproj/LaunchScreen.strings"; sourceTree = "<group>"; };
		CC7FDDA22CED719200E7B0E5 /* NetworkProviderAssembly.swift */ = {isa = PBXFileReference; lastKnownFileType = sourcecode.swift; path = NetworkProviderAssembly.swift; sourceTree = "<group>"; };
		CC7FDDCB2CEDCB6300E7B0E5 /* GoogleService-Info.plist */ = {isa = PBXFileReference; fileEncoding = 4; lastKnownFileType = text.plist.xml; path = "GoogleService-Info.plist"; sourceTree = "<group>"; };
		CC8386542CE712370077ED8B /* AuthorizationAssembly.swift */ = {isa = PBXFileReference; lastKnownFileType = sourcecode.swift; path = AuthorizationAssembly.swift; sourceTree = "<group>"; };
		CC8386582CE7139D0077ED8B /* OnboardingViewController.swift */ = {isa = PBXFileReference; lastKnownFileType = sourcecode.swift; path = OnboardingViewController.swift; sourceTree = "<group>"; };
		CC83865A2CE714DE0077ED8B /* UIFont+Extension.swift */ = {isa = PBXFileReference; lastKnownFileType = sourcecode.swift; path = "UIFont+Extension.swift"; sourceTree = "<group>"; };
		CC83865C2CE714F40077ED8B /* Constant.swift */ = {isa = PBXFileReference; lastKnownFileType = sourcecode.swift; path = Constant.swift; sourceTree = "<group>"; };
		CC83865F2CE715900077ED8B /* UIViewController+Extension.swift */ = {isa = PBXFileReference; lastKnownFileType = sourcecode.swift; path = "UIViewController+Extension.swift"; sourceTree = "<group>"; };
		CC8386622CE715B50077ED8B /* EmptyWorkspaceViewController.swift */ = {isa = PBXFileReference; lastKnownFileType = sourcecode.swift; path = EmptyWorkspaceViewController.swift; sourceTree = "<group>"; };
		CC8386642CE716020077ED8B /* Authorization.framework */ = {isa = PBXFileReference; explicitFileType = wrapper.framework; path = Authorization.framework; sourceTree = BUILT_PRODUCTS_DIR; };
		CC8386872CE723B60077ED8B /* DataSource.framework */ = {isa = PBXFileReference; explicitFileType = wrapper.framework; path = DataSource.framework; sourceTree = BUILT_PRODUCTS_DIR; };
		CCA52A272CD77024000E62EA /* App.entitlements */ = {isa = PBXFileReference; lastKnownFileType = text.plist.entitlements; path = App.entitlements; sourceTree = "<group>"; };
		CCB446672CD9EDE200A4FCAB /* Data.framework */ = {isa = PBXFileReference; explicitFileType = wrapper.framework; path = Data.framework; sourceTree = BUILT_PRODUCTS_DIR; };
		CCB4466A2CD9EEE200A4FCAB /* Domain.framework */ = {isa = PBXFileReference; explicitFileType = wrapper.framework; path = Domain.framework; sourceTree = BUILT_PRODUCTS_DIR; };
		CCC4AFBD2CE7002D00707CD2 /* Secret.xcconfig */ = {isa = PBXFileReference; lastKnownFileType = text.xcconfig; path = Secret.xcconfig; sourceTree = "<group>"; };
		CCFD051F2CEEF41D0023B97E /* EmptyWorkspaceViewModel.swift */ = {isa = PBXFileReference; lastKnownFileType = sourcecode.swift; path = EmptyWorkspaceViewModel.swift; sourceTree = "<group>"; };
		CCFD05222CEEFDA50023B97E /* CombineControlEvent.swift */ = {isa = PBXFileReference; lastKnownFileType = sourcecode.swift; path = CombineControlEvent.swift; sourceTree = "<group>"; };
		CCFD05242CEF01400023B97E /* CombineControlProperty.swift */ = {isa = PBXFileReference; lastKnownFileType = sourcecode.swift; path = CombineControlProperty.swift; sourceTree = "<group>"; };
		CCFD05272CEF02CB0023B97E /* UIButton+Combine.swift */ = {isa = PBXFileReference; lastKnownFileType = sourcecode.swift; path = "UIButton+Combine.swift"; sourceTree = "<group>"; };
		CCFD05292CEF03660023B97E /* UIControl+Combine.swift */ = {isa = PBXFileReference; lastKnownFileType = sourcecode.swift; path = "UIControl+Combine.swift"; sourceTree = "<group>"; };
		CCFD052B2CEF05680023B97E /* UITextField+Combine.swift */ = {isa = PBXFileReference; lastKnownFileType = sourcecode.swift; path = "UITextField+Combine.swift"; sourceTree = "<group>"; };
		CCFD052F2CEF0F130023B97E /* RoundedImageView.swift */ = {isa = PBXFileReference; lastKnownFileType = sourcecode.swift; path = RoundedImageView.swift; sourceTree = "<group>"; };
		CCFD05322CEF16B60023B97E /* BaseView.swift */ = {isa = PBXFileReference; lastKnownFileType = sourcecode.swift; path = BaseView.swift; sourceTree = "<group>"; };
		CCFD05342CEF16EB0023B97E /* BaseTableViewCell.swift */ = {isa = PBXFileReference; lastKnownFileType = sourcecode.swift; path = BaseTableViewCell.swift; sourceTree = "<group>"; };
		CCFD05362CEF17020023B97E /* BaseCollectionViewCell.swift */ = {isa = PBXFileReference; lastKnownFileType = sourcecode.swift; path = BaseCollectionViewCell.swift; sourceTree = "<group>"; };
		CCFD05382CEF17170023B97E /* BaseButton.swift */ = {isa = PBXFileReference; lastKnownFileType = sourcecode.swift; path = BaseButton.swift; sourceTree = "<group>"; };
		CCFD053A2CEF17A90023B97E /* RoundedTextButton.swift */ = {isa = PBXFileReference; lastKnownFileType = sourcecode.swift; path = RoundedTextButton.swift; sourceTree = "<group>"; };
		CCFD053C2CEF1C540023B97E /* BaseViewController.swift */ = {isa = PBXFileReference; lastKnownFileType = sourcecode.swift; path = BaseViewController.swift; sourceTree = "<group>"; };
		CCFD053E2CEF1D800023B97E /* CombineControlTargetAction.swift */ = {isa = PBXFileReference; lastKnownFileType = sourcecode.swift; path = CombineControlTargetAction.swift; sourceTree = "<group>"; };
		CCFD05402CEF29E60023B97E /* UIGestureRecognizer+Combine.swift */ = {isa = PBXFileReference; lastKnownFileType = sourcecode.swift; path = "UIGestureRecognizer+Combine.swift"; sourceTree = "<group>"; };
		CCFD054A2CEF45450023B97E /* CreateWorkspaceViewController.swift */ = {isa = PBXFileReference; lastKnownFileType = sourcecode.swift; path = CreateWorkspaceViewController.swift; sourceTree = "<group>"; };
		CCFD054C2CEF48220023B97E /* UIImage+Extension.swift */ = {isa = PBXFileReference; lastKnownFileType = sourcecode.swift; path = "UIImage+Extension.swift"; sourceTree = "<group>"; };
		CCFD054F2CEF542D0023B97E /* CreateWorkspaceViewModel.swift */ = {isa = PBXFileReference; lastKnownFileType = sourcecode.swift; path = CreateWorkspaceViewModel.swift; sourceTree = "<group>"; };
		CCFD05512CEF56950023B97E /* WorkSpace.framework */ = {isa = PBXFileReference; explicitFileType = wrapper.framework; path = WorkSpace.framework; sourceTree = BUILT_PRODUCTS_DIR; };
		CCFD055A2CEF66A30023B97E /* WorkspaceAssembly.swift */ = {isa = PBXFileReference; lastKnownFileType = sourcecode.swift; path = WorkspaceAssembly.swift; sourceTree = "<group>"; };
		CCFD055F2CF015D00023B97E /* SheetPresentationViewController.swift */ = {isa = PBXFileReference; lastKnownFileType = sourcecode.swift; path = SheetPresentationViewController.swift; sourceTree = "<group>"; };
		CCFE26942CD4C3C000E8D655 /* App.app */ = {isa = PBXFileReference; explicitFileType = wrapper.application; includeInIndex = 0; path = App.app; sourceTree = BUILT_PRODUCTS_DIR; };
		CCFE26972CD4C3C000E8D655 /* AppDelegate.swift */ = {isa = PBXFileReference; lastKnownFileType = sourcecode.swift; path = AppDelegate.swift; sourceTree = "<group>"; };
		CCFE26992CD4C3C000E8D655 /* SceneDelegate.swift */ = {isa = PBXFileReference; lastKnownFileType = sourcecode.swift; path = SceneDelegate.swift; sourceTree = "<group>"; };
		CCFE26A02CD4C3C100E8D655 /* Assets.xcassets */ = {isa = PBXFileReference; lastKnownFileType = folder.assetcatalog; path = Assets.xcassets; sourceTree = "<group>"; };
		CCFE26A32CD4C3C100E8D655 /* Base */ = {isa = PBXFileReference; lastKnownFileType = file.storyboard; name = Base; path = Base.lproj/LaunchScreen.storyboard; sourceTree = "<group>"; };
		CCFE26A52CD4C3C100E8D655 /* Info.plist */ = {isa = PBXFileReference; lastKnownFileType = text.plist.xml; path = Info.plist; sourceTree = "<group>"; };
		CCFE26AA2CD4C3C100E8D655 /* AppTests.xctest */ = {isa = PBXFileReference; explicitFileType = wrapper.cfbundle; includeInIndex = 0; path = AppTests.xctest; sourceTree = BUILT_PRODUCTS_DIR; };
		CCFE26AE2CD4C3C100E8D655 /* AppTests.swift */ = {isa = PBXFileReference; lastKnownFileType = sourcecode.swift; path = AppTests.swift; sourceTree = "<group>"; };
		CCFE26B42CD4C3C100E8D655 /* AppUITests.xctest */ = {isa = PBXFileReference; explicitFileType = wrapper.cfbundle; includeInIndex = 0; path = AppUITests.xctest; sourceTree = BUILT_PRODUCTS_DIR; };
		CCFE26B82CD4C3C100E8D655 /* AppUITests.swift */ = {isa = PBXFileReference; lastKnownFileType = sourcecode.swift; path = AppUITests.swift; sourceTree = "<group>"; };
		CCFE26BA2CD4C3C100E8D655 /* AppUITestsLaunchTests.swift */ = {isa = PBXFileReference; lastKnownFileType = sourcecode.swift; path = AppUITestsLaunchTests.swift; sourceTree = "<group>"; };
		CCFE275C2CD4D30900E8D655 /* Common.framework */ = {isa = PBXFileReference; explicitFileType = wrapper.framework; path = Common.framework; sourceTree = BUILT_PRODUCTS_DIR; };
		CCFE27602CD4D31E00E8D655 /* Feature.framework */ = {isa = PBXFileReference; explicitFileType = wrapper.framework; path = Feature.framework; sourceTree = BUILT_PRODUCTS_DIR; };
/* End PBXFileReference section */

/* Begin PBXFrameworksBuildPhase section */
		CCFE26912CD4C3C000E8D655 /* Frameworks */ = {
			isa = PBXFrameworksBuildPhase;
			buildActionMask = 2147483647;
			files = (
				CCFD05522CEF56950023B97E /* WorkSpace.framework in Frameworks */,
				CC8386702CE717160077ED8B /* SnapKit in Frameworks */,
				CC8386652CE716020077ED8B /* Authorization.framework in Frameworks */,
				CC7FDDD12CEDCBE800E7B0E5 /* FirebaseMessaging in Frameworks */,
				CC7FDDCF2CEDCBE800E7B0E5 /* FirebaseAnalytics in Frameworks */,
				CC8386732CE717240077ED8B /* Then in Frameworks */,
			);
			runOnlyForDeploymentPostprocessing = 0;
		};
		CCFE26A72CD4C3C100E8D655 /* Frameworks */ = {
			isa = PBXFrameworksBuildPhase;
			buildActionMask = 2147483647;
			files = (
			);
			runOnlyForDeploymentPostprocessing = 0;
		};
		CCFE26B12CD4C3C100E8D655 /* Frameworks */ = {
			isa = PBXFrameworksBuildPhase;
			buildActionMask = 2147483647;
			files = (
			);
			runOnlyForDeploymentPostprocessing = 0;
		};
/* End PBXFrameworksBuildPhase section */

/* Begin PBXGroup section */
		CC8386562CE7135F0077ED8B /* Presentation */ = {
			isa = PBXGroup;
			children = (
				CCFD05312CEF16AC0023B97E /* Base */,
				CCFD052E2CEF0E4B0023B97E /* UIComponents */,
				CCFD052D2CEF0E380023B97E /* Screens */,
				CCFD05212CEEFD7B0023B97E /* CombineUI */,
			);
			path = Presentation;
			sourceTree = "<group>";
		};
		CC8386572CE7137D0077ED8B /* Onboarding */ = {
			isa = PBXGroup;
			children = (
				CC8386582CE7139D0077ED8B /* OnboardingViewController.swift */,
			);
			path = Onboarding;
			sourceTree = "<group>";
		};
		CC83865E2CE715850077ED8B /* Preview */ = {
			isa = PBXGroup;
			children = (
				CC83865F2CE715900077ED8B /* UIViewController+Extension.swift */,
			);
			path = Preview;
			sourceTree = "<group>";
		};
		CC8386612CE715A20077ED8B /* Workspace */ = {
			isa = PBXGroup;
			children = (
				CCFD051E2CEEF4050023B97E /* ViewModel */,
				CCFD051D2CEEF3A50023B97E /* View */,
			);
			path = Workspace;
			sourceTree = "<group>";
		};
		CCB4468C2CDB944000A4FCAB /* Resources */ = {
			isa = PBXGroup;
			children = (
				CCFE26A02CD4C3C100E8D655 /* Assets.xcassets */,
				CCFE26A22CD4C3C100E8D655 /* LaunchScreen.storyboard */,
				CCC4AFBD2CE7002D00707CD2 /* Secret.xcconfig */,
				CC83865A2CE714DE0077ED8B /* UIFont+Extension.swift */,
				CC83865C2CE714F40077ED8B /* Constant.swift */,
				CCFD054C2CEF48220023B97E /* UIImage+Extension.swift */,
			);
			path = Resources;
			sourceTree = "<group>";
		};
		CCB4468D2CDB944F00A4FCAB /* Sources */ = {
			isa = PBXGroup;
			children = (
				CC8386562CE7135F0077ED8B /* Presentation */,
				CCB4468E2CDB948100A4FCAB /* DI */,
				CCFE26972CD4C3C000E8D655 /* AppDelegate.swift */,
				CCFE26992CD4C3C000E8D655 /* SceneDelegate.swift */,
			);
			path = Sources;
			sourceTree = "<group>";
		};
		CCB4468E2CDB948100A4FCAB /* DI */ = {
			isa = PBXGroup;
			children = (
				CC8386542CE712370077ED8B /* AuthorizationAssembly.swift */,
				CC7FDDA22CED719200E7B0E5 /* NetworkProviderAssembly.swift */,
				CCFD055A2CEF66A30023B97E /* WorkspaceAssembly.swift */,
			);
			path = DI;
			sourceTree = "<group>";
		};
		CCFD051D2CEEF3A50023B97E /* View */ = {
			isa = PBXGroup;
			children = (
				CC8386622CE715B50077ED8B /* EmptyWorkspaceViewController.swift */,
				CCFD054A2CEF45450023B97E /* CreateWorkspaceViewController.swift */,
			);
			path = View;
			sourceTree = "<group>";
		};
		CCFD051E2CEEF4050023B97E /* ViewModel */ = {
			isa = PBXGroup;
			children = (
				CCFD051F2CEEF41D0023B97E /* EmptyWorkspaceViewModel.swift */,
				CCFD054F2CEF542D0023B97E /* CreateWorkspaceViewModel.swift */,
			);
			path = ViewModel;
			sourceTree = "<group>";
		};
		CCFD05212CEEFD7B0023B97E /* CombineUI */ = {
			isa = PBXGroup;
			children = (
				CCFD05262CEF02C00023B97E /* Controls */,
				CCFD05222CEEFDA50023B97E /* CombineControlEvent.swift */,
				CCFD05242CEF01400023B97E /* CombineControlProperty.swift */,
				CCFD053E2CEF1D800023B97E /* CombineControlTargetAction.swift */,
			);
			path = CombineUI;
			sourceTree = "<group>";
		};
		CCFD05262CEF02C00023B97E /* Controls */ = {
			isa = PBXGroup;
			children = (
				CCFD05292CEF03660023B97E /* UIControl+Combine.swift */,
				CCFD05272CEF02CB0023B97E /* UIButton+Combine.swift */,
				CCFD052B2CEF05680023B97E /* UITextField+Combine.swift */,
				CCFD05402CEF29E60023B97E /* UIGestureRecognizer+Combine.swift */,
			);
			path = Controls;
			sourceTree = "<group>";
		};
		CCFD052D2CEF0E380023B97E /* Screens */ = {
			isa = PBXGroup;
			children = (
				CC8386612CE715A20077ED8B /* Workspace */,
				CC83865E2CE715850077ED8B /* Preview */,
				CC8386572CE7137D0077ED8B /* Onboarding */,
			);
			path = Screens;
			sourceTree = "<group>";
		};
		CCFD052E2CEF0E4B0023B97E /* UIComponents */ = {
			isa = PBXGroup;
			children = (
				CCFD052F2CEF0F130023B97E /* RoundedImageView.swift */,
				CCFD053A2CEF17A90023B97E /* RoundedTextButton.swift */,
				CCFD055F2CF015D00023B97E /* SheetPresentationViewController.swift */,
			);
			path = UIComponents;
			sourceTree = "<group>";
		};
		CCFD05312CEF16AC0023B97E /* Base */ = {
			isa = PBXGroup;
			children = (
				CCFD05322CEF16B60023B97E /* BaseView.swift */,
				CCFD05342CEF16EB0023B97E /* BaseTableViewCell.swift */,
				CCFD05362CEF17020023B97E /* BaseCollectionViewCell.swift */,
				CCFD05382CEF17170023B97E /* BaseButton.swift */,
				CCFD053C2CEF1C540023B97E /* BaseViewController.swift */,
			);
			path = Base;
			sourceTree = "<group>";
		};
		CCFE268B2CD4C3C000E8D655 = {
			isa = PBXGroup;
			children = (
				CCFE26962CD4C3C000E8D655 /* App */,
				CCFE26AD2CD4C3C100E8D655 /* AppTests */,
				CCFE26B72CD4C3C100E8D655 /* AppUITests */,
				CCFE26952CD4C3C000E8D655 /* Products */,
				CCFE275B2CD4D30900E8D655 /* Frameworks */,
			);
			sourceTree = "<group>";
		};
		CCFE26952CD4C3C000E8D655 /* Products */ = {
			isa = PBXGroup;
			children = (
				CCFE26942CD4C3C000E8D655 /* App.app */,
				CCFE26AA2CD4C3C100E8D655 /* AppTests.xctest */,
				CCFE26B42CD4C3C100E8D655 /* AppUITests.xctest */,
			);
			name = Products;
			sourceTree = "<group>";
		};
		CCFE26962CD4C3C000E8D655 /* App */ = {
			isa = PBXGroup;
			children = (
				CC7FDDCB2CEDCB6300E7B0E5 /* GoogleService-Info.plist */,
				CCA52A272CD77024000E62EA /* App.entitlements */,
				CCB4468D2CDB944F00A4FCAB /* Sources */,
				CCB4468C2CDB944000A4FCAB /* Resources */,
				CCFE26A52CD4C3C100E8D655 /* Info.plist */,
			);
			path = App;
			sourceTree = "<group>";
		};
		CCFE26AD2CD4C3C100E8D655 /* AppTests */ = {
			isa = PBXGroup;
			children = (
				CCFE26AE2CD4C3C100E8D655 /* AppTests.swift */,
			);
			path = AppTests;
			sourceTree = "<group>";
		};
		CCFE26B72CD4C3C100E8D655 /* AppUITests */ = {
			isa = PBXGroup;
			children = (
				CCFE26B82CD4C3C100E8D655 /* AppUITests.swift */,
				CCFE26BA2CD4C3C100E8D655 /* AppUITestsLaunchTests.swift */,
			);
			path = AppUITests;
			sourceTree = "<group>";
		};
		CCFE275B2CD4D30900E8D655 /* Frameworks */ = {
			isa = PBXGroup;
			children = (
				CCFD05512CEF56950023B97E /* WorkSpace.framework */,
				CC8386872CE723B60077ED8B /* DataSource.framework */,
				CC8386642CE716020077ED8B /* Authorization.framework */,
				CCB4466A2CD9EEE200A4FCAB /* Domain.framework */,
				CCB446672CD9EDE200A4FCAB /* Data.framework */,
				CCFE27602CD4D31E00E8D655 /* Feature.framework */,
				CCFE275C2CD4D30900E8D655 /* Common.framework */,
			);
			name = Frameworks;
			sourceTree = "<group>";
		};
/* End PBXGroup section */

/* Begin PBXNativeTarget section */
		CCFE26932CD4C3C000E8D655 /* App */ = {
			isa = PBXNativeTarget;
			buildConfigurationList = CCFE26BE2CD4C3C100E8D655 /* Build configuration list for PBXNativeTarget "App" */;
			buildPhases = (
				CCFE26902CD4C3C000E8D655 /* Sources */,
				CCFE26912CD4C3C000E8D655 /* Frameworks */,
				CCFE26922CD4C3C000E8D655 /* Resources */,
			);
			buildRules = (
			);
			dependencies = (
			);
			name = App;
			packageProductDependencies = (
				CC83866F2CE717160077ED8B /* SnapKit */,
				CC8386722CE717240077ED8B /* Then */,
				CC7FDDCE2CEDCBE800E7B0E5 /* FirebaseAnalytics */,
				CC7FDDD02CEDCBE800E7B0E5 /* FirebaseMessaging */,
			);
			productName = App;
			productReference = CCFE26942CD4C3C000E8D655 /* App.app */;
			productType = "com.apple.product-type.application";
		};
		CCFE26A92CD4C3C100E8D655 /* AppTests */ = {
			isa = PBXNativeTarget;
			buildConfigurationList = CCFE26C12CD4C3C100E8D655 /* Build configuration list for PBXNativeTarget "AppTests" */;
			buildPhases = (
				CCFE26A62CD4C3C100E8D655 /* Sources */,
				CCFE26A72CD4C3C100E8D655 /* Frameworks */,
				CCFE26A82CD4C3C100E8D655 /* Resources */,
			);
			buildRules = (
			);
			dependencies = (
				CCFE26AC2CD4C3C100E8D655 /* PBXTargetDependency */,
			);
			name = AppTests;
			productName = AppTests;
			productReference = CCFE26AA2CD4C3C100E8D655 /* AppTests.xctest */;
			productType = "com.apple.product-type.bundle.unit-test";
		};
		CCFE26B32CD4C3C100E8D655 /* AppUITests */ = {
			isa = PBXNativeTarget;
			buildConfigurationList = CCFE26C42CD4C3C100E8D655 /* Build configuration list for PBXNativeTarget "AppUITests" */;
			buildPhases = (
				CCFE26B02CD4C3C100E8D655 /* Sources */,
				CCFE26B12CD4C3C100E8D655 /* Frameworks */,
				CCFE26B22CD4C3C100E8D655 /* Resources */,
			);
			buildRules = (
			);
			dependencies = (
				CCFE26B62CD4C3C100E8D655 /* PBXTargetDependency */,
			);
			name = AppUITests;
			productName = AppUITests;
			productReference = CCFE26B42CD4C3C100E8D655 /* AppUITests.xctest */;
			productType = "com.apple.product-type.bundle.ui-testing";
		};
/* End PBXNativeTarget section */

/* Begin PBXProject section */
		CCFE268C2CD4C3C000E8D655 /* Project object */ = {
			isa = PBXProject;
			attributes = {
				BuildIndependentTargetsInParallel = 1;
				LastSwiftUpdateCheck = 1540;
				LastUpgradeCheck = 1540;
				TargetAttributes = {
					CCFE26932CD4C3C000E8D655 = {
						CreatedOnToolsVersion = 15.4;
					};
					CCFE26A92CD4C3C100E8D655 = {
						CreatedOnToolsVersion = 15.4;
						TestTargetID = CCFE26932CD4C3C000E8D655;
					};
					CCFE26B32CD4C3C100E8D655 = {
						CreatedOnToolsVersion = 15.4;
						TestTargetID = CCFE26932CD4C3C000E8D655;
					};
				};
			};
			buildConfigurationList = CCFE268F2CD4C3C000E8D655 /* Build configuration list for PBXProject "App" */;
			compatibilityVersion = "Xcode 14.0";
			developmentRegion = "ko-KR";
			hasScannedForEncodings = 0;
			knownRegions = (
				en,
				Base,
				"ko-KR",
			);
			mainGroup = CCFE268B2CD4C3C000E8D655;
			packageReferences = (
				CC83866E2CE717150077ED8B /* XCRemoteSwiftPackageReference "SnapKit" */,
				CC8386712CE717240077ED8B /* XCRemoteSwiftPackageReference "Then" */,
				CC7FDDCD2CEDCBE800E7B0E5 /* XCRemoteSwiftPackageReference "firebase-ios-sdk" */,
			);
			productRefGroup = CCFE26952CD4C3C000E8D655 /* Products */;
			projectDirPath = "";
			projectRoot = "";
			targets = (
				CCFE26932CD4C3C000E8D655 /* App */,
				CCFE26A92CD4C3C100E8D655 /* AppTests */,
				CCFE26B32CD4C3C100E8D655 /* AppUITests */,
			);
		};
/* End PBXProject section */

/* Begin PBXResourcesBuildPhase section */
		CCFE26922CD4C3C000E8D655 /* Resources */ = {
			isa = PBXResourcesBuildPhase;
			buildActionMask = 2147483647;
			files = (
				CCFE26A12CD4C3C100E8D655 /* Assets.xcassets in Resources */,
				CCFE26A42CD4C3C100E8D655 /* Base in Resources */,
				CC7FDDCC2CEDCB6300E7B0E5 /* GoogleService-Info.plist in Resources */,
			);
			runOnlyForDeploymentPostprocessing = 0;
		};
		CCFE26A82CD4C3C100E8D655 /* Resources */ = {
			isa = PBXResourcesBuildPhase;
			buildActionMask = 2147483647;
			files = (
			);
			runOnlyForDeploymentPostprocessing = 0;
		};
		CCFE26B22CD4C3C100E8D655 /* Resources */ = {
			isa = PBXResourcesBuildPhase;
			buildActionMask = 2147483647;
			files = (
			);
			runOnlyForDeploymentPostprocessing = 0;
		};
/* End PBXResourcesBuildPhase section */

/* Begin PBXSourcesBuildPhase section */
		CCFE26902CD4C3C000E8D655 /* Sources */ = {
			isa = PBXSourcesBuildPhase;
			buildActionMask = 2147483647;
			files = (
				CCFD053F2CEF1D800023B97E /* CombineControlTargetAction.swift in Sources */,
				CCFD05302CEF0F130023B97E /* RoundedImageView.swift in Sources */,
				CC8386552CE712370077ED8B /* AuthorizationAssembly.swift in Sources */,
				CCFE26982CD4C3C000E8D655 /* AppDelegate.swift in Sources */,
				CCFD05332CEF16B60023B97E /* BaseView.swift in Sources */,
				CCFD05352CEF16EB0023B97E /* BaseTableViewCell.swift in Sources */,
				CCFD052C2CEF05680023B97E /* UITextField+Combine.swift in Sources */,
				CCFD05392CEF17170023B97E /* BaseButton.swift in Sources */,
				CCFE269A2CD4C3C000E8D655 /* SceneDelegate.swift in Sources */,
				CCFD054B2CEF45450023B97E /* CreateWorkspaceViewController.swift in Sources */,
				CC83865B2CE714DE0077ED8B /* UIFont+Extension.swift in Sources */,
				CCFD053B2CEF17A90023B97E /* RoundedTextButton.swift in Sources */,
				CCFD05412CEF29E60023B97E /* UIGestureRecognizer+Combine.swift in Sources */,
				CCFD054D2CEF48220023B97E /* UIImage+Extension.swift in Sources */,
				CC8386602CE715900077ED8B /* UIViewController+Extension.swift in Sources */,
				CC8386592CE7139D0077ED8B /* OnboardingViewController.swift in Sources */,
				CCFD05502CEF542D0023B97E /* CreateWorkspaceViewModel.swift in Sources */,
				CCFD055B2CEF66A30023B97E /* WorkspaceAssembly.swift in Sources */,
				CCFD05372CEF17020023B97E /* BaseCollectionViewCell.swift in Sources */,
				CCFD05602CF015D00023B97E /* SheetPresentationViewController.swift in Sources */,
				CCFD053D2CEF1C540023B97E /* BaseViewController.swift in Sources */,
				CCFD05202CEEF41D0023B97E /* EmptyWorkspaceViewModel.swift in Sources */,
				CCFD05282CEF02CB0023B97E /* UIButton+Combine.swift in Sources */,
				CCFD05232CEEFDA50023B97E /* CombineControlEvent.swift in Sources */,
				CC7FDDA32CED719200E7B0E5 /* NetworkProviderAssembly.swift in Sources */,
				CC8386632CE715B50077ED8B /* EmptyWorkspaceViewController.swift in Sources */,
				CCFD052A2CEF03660023B97E /* UIControl+Combine.swift in Sources */,
				CCFD05252CEF01400023B97E /* CombineControlProperty.swift in Sources */,
				CC83865D2CE714F40077ED8B /* Constant.swift in Sources */,
			);
			runOnlyForDeploymentPostprocessing = 0;
		};
		CCFE26A62CD4C3C100E8D655 /* Sources */ = {
			isa = PBXSourcesBuildPhase;
			buildActionMask = 2147483647;
			files = (
				CCFE26AF2CD4C3C100E8D655 /* AppTests.swift in Sources */,
			);
			runOnlyForDeploymentPostprocessing = 0;
		};
		CCFE26B02CD4C3C100E8D655 /* Sources */ = {
			isa = PBXSourcesBuildPhase;
			buildActionMask = 2147483647;
			files = (
				CCFE26BB2CD4C3C100E8D655 /* AppUITestsLaunchTests.swift in Sources */,
				CCFE26B92CD4C3C100E8D655 /* AppUITests.swift in Sources */,
			);
			runOnlyForDeploymentPostprocessing = 0;
		};
/* End PBXSourcesBuildPhase section */

/* Begin PBXTargetDependency section */
		CCFE26AC2CD4C3C100E8D655 /* PBXTargetDependency */ = {
			isa = PBXTargetDependency;
			target = CCFE26932CD4C3C000E8D655 /* App */;
			targetProxy = CCFE26AB2CD4C3C100E8D655 /* PBXContainerItemProxy */;
		};
		CCFE26B62CD4C3C100E8D655 /* PBXTargetDependency */ = {
			isa = PBXTargetDependency;
			target = CCFE26932CD4C3C000E8D655 /* App */;
			targetProxy = CCFE26B52CD4C3C100E8D655 /* PBXContainerItemProxy */;
		};
/* End PBXTargetDependency section */

/* Begin PBXVariantGroup section */
		CCFE26A22CD4C3C100E8D655 /* LaunchScreen.storyboard */ = {
			isa = PBXVariantGroup;
			children = (
				CCFE26A32CD4C3C100E8D655 /* Base */,
				CC15F4BA2CD50BFA00EBAA7D /* ko-KR */,
			);
			name = LaunchScreen.storyboard;
			sourceTree = "<group>";
		};
/* End PBXVariantGroup section */

/* Begin XCBuildConfiguration section */
		CCFE26BC2CD4C3C100E8D655 /* Debug */ = {
			isa = XCBuildConfiguration;
			baseConfigurationReference = CCC4AFBD2CE7002D00707CD2 /* Secret.xcconfig */;
			buildSettings = {
				ALWAYS_SEARCH_USER_PATHS = NO;
				ASSETCATALOG_COMPILER_GENERATE_SWIFT_ASSET_SYMBOL_EXTENSIONS = YES;
				CLANG_ANALYZER_LOCALIZABILITY_NONLOCALIZED = YES;
				CLANG_ANALYZER_NONNULL = YES;
				CLANG_ANALYZER_NUMBER_OBJECT_CONVERSION = YES_AGGRESSIVE;
				CLANG_CXX_LANGUAGE_STANDARD = "gnu++20";
				CLANG_ENABLE_MODULES = YES;
				CLANG_ENABLE_OBJC_ARC = YES;
				CLANG_ENABLE_OBJC_WEAK = YES;
				CLANG_WARN_BLOCK_CAPTURE_AUTORELEASING = YES;
				CLANG_WARN_BOOL_CONVERSION = YES;
				CLANG_WARN_COMMA = YES;
				CLANG_WARN_CONSTANT_CONVERSION = YES;
				CLANG_WARN_DEPRECATED_OBJC_IMPLEMENTATIONS = YES;
				CLANG_WARN_DIRECT_OBJC_ISA_USAGE = YES_ERROR;
				CLANG_WARN_DOCUMENTATION_COMMENTS = YES;
				CLANG_WARN_EMPTY_BODY = YES;
				CLANG_WARN_ENUM_CONVERSION = YES;
				CLANG_WARN_INFINITE_RECURSION = YES;
				CLANG_WARN_INT_CONVERSION = YES;
				CLANG_WARN_NON_LITERAL_NULL_CONVERSION = YES;
				CLANG_WARN_OBJC_IMPLICIT_RETAIN_SELF = YES;
				CLANG_WARN_OBJC_LITERAL_CONVERSION = YES;
				CLANG_WARN_OBJC_ROOT_CLASS = YES_ERROR;
				CLANG_WARN_QUOTED_INCLUDE_IN_FRAMEWORK_HEADER = YES;
				CLANG_WARN_RANGE_LOOP_ANALYSIS = YES;
				CLANG_WARN_STRICT_PROTOTYPES = YES;
				CLANG_WARN_SUSPICIOUS_MOVE = YES;
				CLANG_WARN_UNGUARDED_AVAILABILITY = YES_AGGRESSIVE;
				CLANG_WARN_UNREACHABLE_CODE = YES;
				CLANG_WARN__DUPLICATE_METHOD_MATCH = YES;
				COPY_PHASE_STRIP = NO;
				DEBUG_INFORMATION_FORMAT = dwarf;
				ENABLE_STRICT_OBJC_MSGSEND = YES;
				ENABLE_TESTABILITY = YES;
				ENABLE_USER_SCRIPT_SANDBOXING = YES;
				GCC_C_LANGUAGE_STANDARD = gnu17;
				GCC_DYNAMIC_NO_PIC = NO;
				GCC_NO_COMMON_BLOCKS = YES;
				GCC_OPTIMIZATION_LEVEL = 0;
				GCC_PREPROCESSOR_DEFINITIONS = (
					"DEBUG=1",
					"$(inherited)",
				);
				GCC_WARN_64_TO_32_BIT_CONVERSION = YES;
				GCC_WARN_ABOUT_RETURN_TYPE = YES_ERROR;
				GCC_WARN_UNDECLARED_SELECTOR = YES;
				GCC_WARN_UNINITIALIZED_AUTOS = YES_AGGRESSIVE;
				GCC_WARN_UNUSED_FUNCTION = YES;
				GCC_WARN_UNUSED_VARIABLE = YES;
				IPHONEOS_DEPLOYMENT_TARGET = 15.0;
				LOCALIZATION_PREFERS_STRING_CATALOGS = YES;
				MTL_ENABLE_DEBUG_INFO = INCLUDE_SOURCE;
				MTL_FAST_MATH = YES;
				ONLY_ACTIVE_ARCH = YES;
				SDKROOT = iphoneos;
				SWIFT_ACTIVE_COMPILATION_CONDITIONS = "DEBUG $(inherited)";
				SWIFT_OPTIMIZATION_LEVEL = "-Onone";
			};
			name = Debug;
		};
		CCFE26BD2CD4C3C100E8D655 /* Release */ = {
			isa = XCBuildConfiguration;
			baseConfigurationReference = CCC4AFBD2CE7002D00707CD2 /* Secret.xcconfig */;
			buildSettings = {
				ALWAYS_SEARCH_USER_PATHS = NO;
				ASSETCATALOG_COMPILER_GENERATE_SWIFT_ASSET_SYMBOL_EXTENSIONS = YES;
				CLANG_ANALYZER_LOCALIZABILITY_NONLOCALIZED = YES;
				CLANG_ANALYZER_NONNULL = YES;
				CLANG_ANALYZER_NUMBER_OBJECT_CONVERSION = YES_AGGRESSIVE;
				CLANG_CXX_LANGUAGE_STANDARD = "gnu++20";
				CLANG_ENABLE_MODULES = YES;
				CLANG_ENABLE_OBJC_ARC = YES;
				CLANG_ENABLE_OBJC_WEAK = YES;
				CLANG_WARN_BLOCK_CAPTURE_AUTORELEASING = YES;
				CLANG_WARN_BOOL_CONVERSION = YES;
				CLANG_WARN_COMMA = YES;
				CLANG_WARN_CONSTANT_CONVERSION = YES;
				CLANG_WARN_DEPRECATED_OBJC_IMPLEMENTATIONS = YES;
				CLANG_WARN_DIRECT_OBJC_ISA_USAGE = YES_ERROR;
				CLANG_WARN_DOCUMENTATION_COMMENTS = YES;
				CLANG_WARN_EMPTY_BODY = YES;
				CLANG_WARN_ENUM_CONVERSION = YES;
				CLANG_WARN_INFINITE_RECURSION = YES;
				CLANG_WARN_INT_CONVERSION = YES;
				CLANG_WARN_NON_LITERAL_NULL_CONVERSION = YES;
				CLANG_WARN_OBJC_IMPLICIT_RETAIN_SELF = YES;
				CLANG_WARN_OBJC_LITERAL_CONVERSION = YES;
				CLANG_WARN_OBJC_ROOT_CLASS = YES_ERROR;
				CLANG_WARN_QUOTED_INCLUDE_IN_FRAMEWORK_HEADER = YES;
				CLANG_WARN_RANGE_LOOP_ANALYSIS = YES;
				CLANG_WARN_STRICT_PROTOTYPES = YES;
				CLANG_WARN_SUSPICIOUS_MOVE = YES;
				CLANG_WARN_UNGUARDED_AVAILABILITY = YES_AGGRESSIVE;
				CLANG_WARN_UNREACHABLE_CODE = YES;
				CLANG_WARN__DUPLICATE_METHOD_MATCH = YES;
				COPY_PHASE_STRIP = NO;
				DEBUG_INFORMATION_FORMAT = "dwarf-with-dsym";
				ENABLE_NS_ASSERTIONS = NO;
				ENABLE_STRICT_OBJC_MSGSEND = YES;
				ENABLE_USER_SCRIPT_SANDBOXING = YES;
				GCC_C_LANGUAGE_STANDARD = gnu17;
				GCC_NO_COMMON_BLOCKS = YES;
				GCC_WARN_64_TO_32_BIT_CONVERSION = YES;
				GCC_WARN_ABOUT_RETURN_TYPE = YES_ERROR;
				GCC_WARN_UNDECLARED_SELECTOR = YES;
				GCC_WARN_UNINITIALIZED_AUTOS = YES_AGGRESSIVE;
				GCC_WARN_UNUSED_FUNCTION = YES;
				GCC_WARN_UNUSED_VARIABLE = YES;
				IPHONEOS_DEPLOYMENT_TARGET = 15.0;
				LOCALIZATION_PREFERS_STRING_CATALOGS = YES;
				MTL_ENABLE_DEBUG_INFO = NO;
				MTL_FAST_MATH = YES;
				SDKROOT = iphoneos;
				SWIFT_COMPILATION_MODE = wholemodule;
				VALIDATE_PRODUCT = YES;
			};
			name = Release;
		};
		CCFE26BF2CD4C3C100E8D655 /* Debug */ = {
			isa = XCBuildConfiguration;
			baseConfigurationReference = CCC4AFBD2CE7002D00707CD2 /* Secret.xcconfig */;
			buildSettings = {
				ASSETCATALOG_COMPILER_APPICON_NAME = AppIcon;
				ASSETCATALOG_COMPILER_GLOBAL_ACCENT_COLOR_NAME = AccentColor;
				CODE_SIGN_ENTITLEMENTS = App/App.entitlements;
				CODE_SIGN_STYLE = Automatic;
				CURRENT_PROJECT_VERSION = 1;
				DEVELOPMENT_TEAM = YWNQ4RZBTS;
				GENERATE_INFOPLIST_FILE = YES;
				INFOPLIST_FILE = App/Info.plist;
				INFOPLIST_KEY_CFBundleDisplayName = Collabee;
				INFOPLIST_KEY_UIApplicationSupportsIndirectInputEvents = YES;
				INFOPLIST_KEY_UILaunchStoryboardName = LaunchScreen;
				INFOPLIST_KEY_UISupportedInterfaceOrientations = UIInterfaceOrientationPortrait;
				INFOPLIST_KEY_UISupportedInterfaceOrientations_iPad = UIInterfaceOrientationPortrait;
				INFOPLIST_KEY_UIUserInterfaceStyle = Light;
				LD_RUNPATH_SEARCH_PATHS = (
					"$(inherited)",
					"@executable_path/Frameworks",
				);
				MARKETING_VERSION = 1.0;
				PRODUCT_BUNDLE_IDENTIFIER = com.jinyoo.Collabee;
				PRODUCT_NAME = "$(TARGET_NAME)";
				SUPPORTED_PLATFORMS = "iphoneos iphonesimulator";
				SUPPORTS_MACCATALYST = NO;
				SUPPORTS_MAC_DESIGNED_FOR_IPHONE_IPAD = NO;
				SUPPORTS_XR_DESIGNED_FOR_IPHONE_IPAD = NO;
				SWIFT_EMIT_LOC_STRINGS = YES;
				SWIFT_VERSION = 5.0;
				TARGETED_DEVICE_FAMILY = 1;
			};
			name = Debug;
		};
		CCFE26C02CD4C3C100E8D655 /* Release */ = {
			isa = XCBuildConfiguration;
			baseConfigurationReference = CCC4AFBD2CE7002D00707CD2 /* Secret.xcconfig */;
			buildSettings = {
				ASSETCATALOG_COMPILER_APPICON_NAME = AppIcon;
				ASSETCATALOG_COMPILER_GLOBAL_ACCENT_COLOR_NAME = AccentColor;
				CODE_SIGN_ENTITLEMENTS = App/App.entitlements;
				CODE_SIGN_STYLE = Automatic;
				CURRENT_PROJECT_VERSION = 1;
				DEVELOPMENT_TEAM = YWNQ4RZBTS;
				GENERATE_INFOPLIST_FILE = YES;
				INFOPLIST_FILE = App/Info.plist;
				INFOPLIST_KEY_CFBundleDisplayName = Collabee;
				INFOPLIST_KEY_UIApplicationSupportsIndirectInputEvents = YES;
				INFOPLIST_KEY_UILaunchStoryboardName = LaunchScreen;
				INFOPLIST_KEY_UISupportedInterfaceOrientations = UIInterfaceOrientationPortrait;
				INFOPLIST_KEY_UISupportedInterfaceOrientations_iPad = UIInterfaceOrientationPortrait;
				INFOPLIST_KEY_UIUserInterfaceStyle = Light;
				LD_RUNPATH_SEARCH_PATHS = (
					"$(inherited)",
					"@executable_path/Frameworks",
				);
				MARKETING_VERSION = 1.0;
				PRODUCT_BUNDLE_IDENTIFIER = com.jinyoo.Collabee;
				PRODUCT_NAME = "$(TARGET_NAME)";
				SUPPORTED_PLATFORMS = "iphoneos iphonesimulator";
				SUPPORTS_MACCATALYST = NO;
				SUPPORTS_MAC_DESIGNED_FOR_IPHONE_IPAD = NO;
				SUPPORTS_XR_DESIGNED_FOR_IPHONE_IPAD = NO;
				SWIFT_EMIT_LOC_STRINGS = YES;
				SWIFT_VERSION = 5.0;
				TARGETED_DEVICE_FAMILY = 1;
			};
			name = Release;
		};
		CCFE26C22CD4C3C100E8D655 /* Debug */ = {
			isa = XCBuildConfiguration;
			buildSettings = {
				ALWAYS_EMBED_SWIFT_STANDARD_LIBRARIES = YES;
				BUNDLE_LOADER = "$(TEST_HOST)";
				CODE_SIGN_STYLE = Automatic;
				CURRENT_PROJECT_VERSION = 1;
				DEVELOPMENT_TEAM = YWNQ4RZBTS;
				GENERATE_INFOPLIST_FILE = YES;
				IPHONEOS_DEPLOYMENT_TARGET = 17.5;
				MARKETING_VERSION = 1.0;
				PRODUCT_BUNDLE_IDENTIFIER = com.jinyoo.sesac.AppTests;
				PRODUCT_NAME = "$(TARGET_NAME)";
				SWIFT_EMIT_LOC_STRINGS = NO;
				SWIFT_VERSION = 5.0;
				TARGETED_DEVICE_FAMILY = "1,2";
				TEST_HOST = "$(BUILT_PRODUCTS_DIR)/App.app/$(BUNDLE_EXECUTABLE_FOLDER_PATH)/App";
			};
			name = Debug;
		};
		CCFE26C32CD4C3C100E8D655 /* Release */ = {
			isa = XCBuildConfiguration;
			buildSettings = {
				ALWAYS_EMBED_SWIFT_STANDARD_LIBRARIES = YES;
				BUNDLE_LOADER = "$(TEST_HOST)";
				CODE_SIGN_STYLE = Automatic;
				CURRENT_PROJECT_VERSION = 1;
				DEVELOPMENT_TEAM = YWNQ4RZBTS;
				GENERATE_INFOPLIST_FILE = YES;
				IPHONEOS_DEPLOYMENT_TARGET = 17.5;
				MARKETING_VERSION = 1.0;
				PRODUCT_BUNDLE_IDENTIFIER = com.jinyoo.sesac.AppTests;
				PRODUCT_NAME = "$(TARGET_NAME)";
				SWIFT_EMIT_LOC_STRINGS = NO;
				SWIFT_VERSION = 5.0;
				TARGETED_DEVICE_FAMILY = "1,2";
				TEST_HOST = "$(BUILT_PRODUCTS_DIR)/App.app/$(BUNDLE_EXECUTABLE_FOLDER_PATH)/App";
			};
			name = Release;
		};
		CCFE26C52CD4C3C100E8D655 /* Debug */ = {
			isa = XCBuildConfiguration;
			buildSettings = {
				ALWAYS_EMBED_SWIFT_STANDARD_LIBRARIES = YES;
				CODE_SIGN_STYLE = Automatic;
				CURRENT_PROJECT_VERSION = 1;
				DEVELOPMENT_TEAM = YWNQ4RZBTS;
				GENERATE_INFOPLIST_FILE = YES;
				MARKETING_VERSION = 1.0;
				PRODUCT_BUNDLE_IDENTIFIER = com.jinyoo.sesac.AppUITests;
				PRODUCT_NAME = "$(TARGET_NAME)";
				SWIFT_EMIT_LOC_STRINGS = NO;
				SWIFT_VERSION = 5.0;
				TARGETED_DEVICE_FAMILY = "1,2";
				TEST_TARGET_NAME = App;
			};
			name = Debug;
		};
		CCFE26C62CD4C3C100E8D655 /* Release */ = {
			isa = XCBuildConfiguration;
			buildSettings = {
				ALWAYS_EMBED_SWIFT_STANDARD_LIBRARIES = YES;
				CODE_SIGN_STYLE = Automatic;
				CURRENT_PROJECT_VERSION = 1;
				DEVELOPMENT_TEAM = YWNQ4RZBTS;
				GENERATE_INFOPLIST_FILE = YES;
				MARKETING_VERSION = 1.0;
				PRODUCT_BUNDLE_IDENTIFIER = com.jinyoo.sesac.AppUITests;
				PRODUCT_NAME = "$(TARGET_NAME)";
				SWIFT_EMIT_LOC_STRINGS = NO;
				SWIFT_VERSION = 5.0;
				TARGETED_DEVICE_FAMILY = "1,2";
				TEST_TARGET_NAME = App;
			};
			name = Release;
		};
/* End XCBuildConfiguration section */

/* Begin XCConfigurationList section */
		CCFE268F2CD4C3C000E8D655 /* Build configuration list for PBXProject "App" */ = {
			isa = XCConfigurationList;
			buildConfigurations = (
				CCFE26BC2CD4C3C100E8D655 /* Debug */,
				CCFE26BD2CD4C3C100E8D655 /* Release */,
			);
			defaultConfigurationIsVisible = 0;
			defaultConfigurationName = Release;
		};
		CCFE26BE2CD4C3C100E8D655 /* Build configuration list for PBXNativeTarget "App" */ = {
			isa = XCConfigurationList;
			buildConfigurations = (
				CCFE26BF2CD4C3C100E8D655 /* Debug */,
				CCFE26C02CD4C3C100E8D655 /* Release */,
			);
			defaultConfigurationIsVisible = 0;
			defaultConfigurationName = Release;
		};
		CCFE26C12CD4C3C100E8D655 /* Build configuration list for PBXNativeTarget "AppTests" */ = {
			isa = XCConfigurationList;
			buildConfigurations = (
				CCFE26C22CD4C3C100E8D655 /* Debug */,
				CCFE26C32CD4C3C100E8D655 /* Release */,
			);
			defaultConfigurationIsVisible = 0;
			defaultConfigurationName = Release;
		};
		CCFE26C42CD4C3C100E8D655 /* Build configuration list for PBXNativeTarget "AppUITests" */ = {
			isa = XCConfigurationList;
			buildConfigurations = (
				CCFE26C52CD4C3C100E8D655 /* Debug */,
				CCFE26C62CD4C3C100E8D655 /* Release */,
			);
			defaultConfigurationIsVisible = 0;
			defaultConfigurationName = Release;
		};
/* End XCConfigurationList section */

/* Begin XCRemoteSwiftPackageReference section */
		CC7FDDCD2CEDCBE800E7B0E5 /* XCRemoteSwiftPackageReference "firebase-ios-sdk" */ = {
			isa = XCRemoteSwiftPackageReference;
			repositoryURL = "https://github.com/firebase/firebase-ios-sdk";
			requirement = {
				kind = upToNextMajorVersion;
				minimumVersion = 11.5.0;
			};
		};
		CC83866E2CE717150077ED8B /* XCRemoteSwiftPackageReference "SnapKit" */ = {
			isa = XCRemoteSwiftPackageReference;
			repositoryURL = "https://github.com/SnapKit/SnapKit.git";
			requirement = {
				kind = upToNextMajorVersion;
				minimumVersion = 5.7.1;
			};
		};
		CC8386712CE717240077ED8B /* XCRemoteSwiftPackageReference "Then" */ = {
			isa = XCRemoteSwiftPackageReference;
			repositoryURL = "https://github.com/devxoul/Then.git";
			requirement = {
				kind = upToNextMajorVersion;
				minimumVersion = 3.0.0;
			};
		};
/* End XCRemoteSwiftPackageReference section */

/* Begin XCSwiftPackageProductDependency section */
		CC7FDDCE2CEDCBE800E7B0E5 /* FirebaseAnalytics */ = {
			isa = XCSwiftPackageProductDependency;
			package = CC7FDDCD2CEDCBE800E7B0E5 /* XCRemoteSwiftPackageReference "firebase-ios-sdk" */;
			productName = FirebaseAnalytics;
		};
		CC7FDDD02CEDCBE800E7B0E5 /* FirebaseMessaging */ = {
			isa = XCSwiftPackageProductDependency;
			package = CC7FDDCD2CEDCBE800E7B0E5 /* XCRemoteSwiftPackageReference "firebase-ios-sdk" */;
			productName = FirebaseMessaging;
		};
		CC83866F2CE717160077ED8B /* SnapKit */ = {
			isa = XCSwiftPackageProductDependency;
			package = CC83866E2CE717150077ED8B /* XCRemoteSwiftPackageReference "SnapKit" */;
			productName = SnapKit;
		};
		CC8386722CE717240077ED8B /* Then */ = {
			isa = XCSwiftPackageProductDependency;
			package = CC8386712CE717240077ED8B /* XCRemoteSwiftPackageReference "Then" */;
			productName = Then;
		};
/* End XCSwiftPackageProductDependency section */
	};
	rootObject = CCFE268C2CD4C3C000E8D655 /* Project object */;
}
