// !$*UTF8*$!
{
	archiveVersion = 1;
	classes = {
	};
	objectVersion = 56;
	objects = {

/* Begin PBXBuildFile section */
		CCA2FFDC2CD720800076F5A8 /* KakaoSDKAuth in Frameworks */ = {isa = PBXBuildFile; productRef = CCA2FFDB2CD720800076F5A8 /* KakaoSDKAuth */; };
		CCA2FFDE2CD720800076F5A8 /* KakaoSDKCommon in Frameworks */ = {isa = PBXBuildFile; productRef = CCA2FFDD2CD720800076F5A8 /* KakaoSDKCommon */; };
		CCA2FFE02CD720800076F5A8 /* KakaoSDKUser in Frameworks */ = {isa = PBXBuildFile; productRef = CCA2FFDF2CD720800076F5A8 /* KakaoSDKUser */; };
		CCFE26982CD4C3C000E8D655 /* AppDelegate.swift in Sources */ = {isa = PBXBuildFile; fileRef = CCFE26972CD4C3C000E8D655 /* AppDelegate.swift */; };
		CCFE269A2CD4C3C000E8D655 /* SceneDelegate.swift in Sources */ = {isa = PBXBuildFile; fileRef = CCFE26992CD4C3C000E8D655 /* SceneDelegate.swift */; };
		CCFE269C2CD4C3C000E8D655 /* ViewController.swift in Sources */ = {isa = PBXBuildFile; fileRef = CCFE269B2CD4C3C000E8D655 /* ViewController.swift */; };
		CCFE26A12CD4C3C100E8D655 /* Assets.xcassets in Resources */ = {isa = PBXBuildFile; fileRef = CCFE26A02CD4C3C100E8D655 /* Assets.xcassets */; };
		CCFE26A42CD4C3C100E8D655 /* Base in Resources */ = {isa = PBXBuildFile; fileRef = CCFE26A32CD4C3C100E8D655 /* Base */; };
		CCFE26AF2CD4C3C100E8D655 /* AppTests.swift in Sources */ = {isa = PBXBuildFile; fileRef = CCFE26AE2CD4C3C100E8D655 /* AppTests.swift */; };
		CCFE26B92CD4C3C100E8D655 /* AppUITests.swift in Sources */ = {isa = PBXBuildFile; fileRef = CCFE26B82CD4C3C100E8D655 /* AppUITests.swift */; };
		CCFE26BB2CD4C3C100E8D655 /* AppUITestsLaunchTests.swift in Sources */ = {isa = PBXBuildFile; fileRef = CCFE26BA2CD4C3C100E8D655 /* AppUITestsLaunchTests.swift */; };
		CCFE275D2CD4D30900E8D655 /* Common.framework in Frameworks */ = {isa = PBXBuildFile; fileRef = CCFE275C2CD4D30900E8D655 /* Common.framework */; };
		CCFE275E2CD4D30900E8D655 /* Common.framework in Embed Frameworks */ = {isa = PBXBuildFile; fileRef = CCFE275C2CD4D30900E8D655 /* Common.framework */; settings = {ATTRIBUTES = (CodeSignOnCopy, RemoveHeadersOnCopy, ); }; };
		CCFE27612CD4D31E00E8D655 /* Feature.framework in Frameworks */ = {isa = PBXBuildFile; fileRef = CCFE27602CD4D31E00E8D655 /* Feature.framework */; };
		CCFE27622CD4D31E00E8D655 /* Feature.framework in Embed Frameworks */ = {isa = PBXBuildFile; fileRef = CCFE27602CD4D31E00E8D655 /* Feature.framework */; settings = {ATTRIBUTES = (CodeSignOnCopy, RemoveHeadersOnCopy, ); }; };
/* End PBXBuildFile section */

/* Begin PBXContainerItemProxy section */
		CCFE26AB2CD4C3C100E8D655 /* PBXContainerItemProxy */ = {
			isa = PBXContainerItemProxy;
			containerPortal = CCFE268C2CD4C3C000E8D655 /* Project object */;
			proxyType = 1;
			remoteGlobalIDString = CCFE26932CD4C3C000E8D655;
			remoteInfo = App;
		};
		CCFE26B52CD4C3C100E8D655 /* PBXContainerItemProxy */ = {
			isa = PBXContainerItemProxy;
			containerPortal = CCFE268C2CD4C3C000E8D655 /* Project object */;
			proxyType = 1;
			remoteGlobalIDString = CCFE26932CD4C3C000E8D655;
			remoteInfo = App;
		};
/* End PBXContainerItemProxy section */

/* Begin PBXCopyFilesBuildPhase section */
		CCFE275F2CD4D30900E8D655 /* Embed Frameworks */ = {
			isa = PBXCopyFilesBuildPhase;
			buildActionMask = 2147483647;
			dstPath = "";
			dstSubfolderSpec = 10;
			files = (
				CCFE275E2CD4D30900E8D655 /* Common.framework in Embed Frameworks */,
				CCFE27622CD4D31E00E8D655 /* Feature.framework in Embed Frameworks */,
			);
			name = "Embed Frameworks";
			runOnlyForDeploymentPostprocessing = 0;
		};
/* End PBXCopyFilesBuildPhase section */

/* Begin PBXFileReference section */
		CCA2FFE82CD74DE80076F5A8 /* Secret.xcconfig */ = {isa = PBXFileReference; lastKnownFileType = text.xcconfig; path = Secret.xcconfig; sourceTree = "<group>"; };
		CCFE26942CD4C3C000E8D655 /* App.app */ = {isa = PBXFileReference; explicitFileType = wrapper.application; includeInIndex = 0; path = App.app; sourceTree = BUILT_PRODUCTS_DIR; };
		CCFE26972CD4C3C000E8D655 /* AppDelegate.swift */ = {isa = PBXFileReference; lastKnownFileType = sourcecode.swift; path = AppDelegate.swift; sourceTree = "<group>"; };
		CCFE26992CD4C3C000E8D655 /* SceneDelegate.swift */ = {isa = PBXFileReference; lastKnownFileType = sourcecode.swift; path = SceneDelegate.swift; sourceTree = "<group>"; };
		CCFE269B2CD4C3C000E8D655 /* ViewController.swift */ = {isa = PBXFileReference; lastKnownFileType = sourcecode.swift; path = ViewController.swift; sourceTree = "<group>"; };
		CCFE26A02CD4C3C100E8D655 /* Assets.xcassets */ = {isa = PBXFileReference; lastKnownFileType = folder.assetcatalog; path = Assets.xcassets; sourceTree = "<group>"; };
		CCFE26A32CD4C3C100E8D655 /* Base */ = {isa = PBXFileReference; lastKnownFileType = file.storyboard; name = Base; path = Base.lproj/LaunchScreen.storyboard; sourceTree = "<group>"; };
		CCFE26A52CD4C3C100E8D655 /* Info.plist */ = {isa = PBXFileReference; lastKnownFileType = text.plist.xml; path = Info.plist; sourceTree = "<group>"; };
		CCFE26AA2CD4C3C100E8D655 /* AppTests.xctest */ = {isa = PBXFileReference; explicitFileType = wrapper.cfbundle; includeInIndex = 0; path = AppTests.xctest; sourceTree = BUILT_PRODUCTS_DIR; };
		CCFE26AE2CD4C3C100E8D655 /* AppTests.swift */ = {isa = PBXFileReference; lastKnownFileType = sourcecode.swift; path = AppTests.swift; sourceTree = "<group>"; };
		CCFE26B42CD4C3C100E8D655 /* AppUITests.xctest */ = {isa = PBXFileReference; explicitFileType = wrapper.cfbundle; includeInIndex = 0; path = AppUITests.xctest; sourceTree = BUILT_PRODUCTS_DIR; };
		CCFE26B82CD4C3C100E8D655 /* AppUITests.swift */ = {isa = PBXFileReference; lastKnownFileType = sourcecode.swift; path = AppUITests.swift; sourceTree = "<group>"; };
		CCFE26BA2CD4C3C100E8D655 /* AppUITestsLaunchTests.swift */ = {isa = PBXFileReference; lastKnownFileType = sourcecode.swift; path = AppUITestsLaunchTests.swift; sourceTree = "<group>"; };
		CCFE275C2CD4D30900E8D655 /* Common.framework */ = {isa = PBXFileReference; explicitFileType = wrapper.framework; path = Common.framework; sourceTree = BUILT_PRODUCTS_DIR; };
		CCFE27602CD4D31E00E8D655 /* Feature.framework */ = {isa = PBXFileReference; explicitFileType = wrapper.framework; path = Feature.framework; sourceTree = BUILT_PRODUCTS_DIR; };
/* End PBXFileReference section */

/* Begin PBXFrameworksBuildPhase section */
		CCFE26912CD4C3C000E8D655 /* Frameworks */ = {
			isa = PBXFrameworksBuildPhase;
			buildActionMask = 2147483647;
			files = (
				CCA2FFDE2CD720800076F5A8 /* KakaoSDKCommon in Frameworks */,
				CCFE275D2CD4D30900E8D655 /* Common.framework in Frameworks */,
				CCFE27612CD4D31E00E8D655 /* Feature.framework in Frameworks */,
				CCA2FFE02CD720800076F5A8 /* KakaoSDKUser in Frameworks */,
				CCA2FFDC2CD720800076F5A8 /* KakaoSDKAuth in Frameworks */,
			);
			runOnlyForDeploymentPostprocessing = 0;
		};
		CCFE26A72CD4C3C100E8D655 /* Frameworks */ = {
			isa = PBXFrameworksBuildPhase;
			buildActionMask = 2147483647;
			files = (
			);
			runOnlyForDeploymentPostprocessing = 0;
		};
		CCFE26B12CD4C3C100E8D655 /* Frameworks */ = {
			isa = PBXFrameworksBuildPhase;
			buildActionMask = 2147483647;
			files = (
			);
			runOnlyForDeploymentPostprocessing = 0;
		};
/* End PBXFrameworksBuildPhase section */

/* Begin PBXGroup section */
		CCFE268B2CD4C3C000E8D655 = {
			isa = PBXGroup;
			children = (
				CCFE26962CD4C3C000E8D655 /* App */,
				CCFE26AD2CD4C3C100E8D655 /* AppTests */,
				CCFE26B72CD4C3C100E8D655 /* AppUITests */,
				CCFE26952CD4C3C000E8D655 /* Products */,
				CCFE275B2CD4D30900E8D655 /* Frameworks */,
			);
			sourceTree = "<group>";
		};
		CCFE26952CD4C3C000E8D655 /* Products */ = {
			isa = PBXGroup;
			children = (
				CCFE26942CD4C3C000E8D655 /* App.app */,
				CCFE26AA2CD4C3C100E8D655 /* AppTests.xctest */,
				CCFE26B42CD4C3C100E8D655 /* AppUITests.xctest */,
			);
			name = Products;
			sourceTree = "<group>";
		};
		CCFE26962CD4C3C000E8D655 /* App */ = {
			isa = PBXGroup;
			children = (
				CCFE26972CD4C3C000E8D655 /* AppDelegate.swift */,
				CCFE26992CD4C3C000E8D655 /* SceneDelegate.swift */,
				CCFE269B2CD4C3C000E8D655 /* ViewController.swift */,
				CCFE26A02CD4C3C100E8D655 /* Assets.xcassets */,
				CCFE26A22CD4C3C100E8D655 /* LaunchScreen.storyboard */,
				CCFE26A52CD4C3C100E8D655 /* Info.plist */,
				CCA2FFE82CD74DE80076F5A8 /* Secret.xcconfig */,
			);
			path = App;
			sourceTree = "<group>";
		};
		CCFE26AD2CD4C3C100E8D655 /* AppTests */ = {
			isa = PBXGroup;
			children = (
				CCFE26AE2CD4C3C100E8D655 /* AppTests.swift */,
			);
			path = AppTests;
			sourceTree = "<group>";
		};
		CCFE26B72CD4C3C100E8D655 /* AppUITests */ = {
			isa = PBXGroup;
			children = (
				CCFE26B82CD4C3C100E8D655 /* AppUITests.swift */,
				CCFE26BA2CD4C3C100E8D655 /* AppUITestsLaunchTests.swift */,
			);
			path = AppUITests;
			sourceTree = "<group>";
		};
		CCFE275B2CD4D30900E8D655 /* Frameworks */ = {
			isa = PBXGroup;
			children = (
				CCFE27602CD4D31E00E8D655 /* Feature.framework */,
				CCFE275C2CD4D30900E8D655 /* Common.framework */,
			);
			name = Frameworks;
			sourceTree = "<group>";
		};
/* End PBXGroup section */

/* Begin PBXNativeTarget section */
		CCFE26932CD4C3C000E8D655 /* App */ = {
			isa = PBXNativeTarget;
			buildConfigurationList = CCFE26BE2CD4C3C100E8D655 /* Build configuration list for PBXNativeTarget "App" */;
			buildPhases = (
				CCFE26902CD4C3C000E8D655 /* Sources */,
				CCFE26912CD4C3C000E8D655 /* Frameworks */,
				CCFE26922CD4C3C000E8D655 /* Resources */,
				CCFE275F2CD4D30900E8D655 /* Embed Frameworks */,
			);
			buildRules = (
			);
			dependencies = (
			);
			name = App;
			packageProductDependencies = (
				CCA2FFDB2CD720800076F5A8 /* KakaoSDKAuth */,
				CCA2FFDD2CD720800076F5A8 /* KakaoSDKCommon */,
				CCA2FFDF2CD720800076F5A8 /* KakaoSDKUser */,
			);
			productName = App;
			productReference = CCFE26942CD4C3C000E8D655 /* App.app */;
			productType = "com.apple.product-type.application";
		};
		CCFE26A92CD4C3C100E8D655 /* AppTests */ = {
			isa = PBXNativeTarget;
			buildConfigurationList = CCFE26C12CD4C3C100E8D655 /* Build configuration list for PBXNativeTarget "AppTests" */;
			buildPhases = (
				CCFE26A62CD4C3C100E8D655 /* Sources */,
				CCFE26A72CD4C3C100E8D655 /* Frameworks */,
				CCFE26A82CD4C3C100E8D655 /* Resources */,
			);
			buildRules = (
			);
			dependencies = (
				CCFE26AC2CD4C3C100E8D655 /* PBXTargetDependency */,
			);
			name = AppTests;
			productName = AppTests;
			productReference = CCFE26AA2CD4C3C100E8D655 /* AppTests.xctest */;
			productType = "com.apple.product-type.bundle.unit-test";
		};
		CCFE26B32CD4C3C100E8D655 /* AppUITests */ = {
			isa = PBXNativeTarget;
			buildConfigurationList = CCFE26C42CD4C3C100E8D655 /* Build configuration list for PBXNativeTarget "AppUITests" */;
			buildPhases = (
				CCFE26B02CD4C3C100E8D655 /* Sources */,
				CCFE26B12CD4C3C100E8D655 /* Frameworks */,
				CCFE26B22CD4C3C100E8D655 /* Resources */,
			);
			buildRules = (
			);
			dependencies = (
				CCFE26B62CD4C3C100E8D655 /* PBXTargetDependency */,
			);
			name = AppUITests;
			productName = AppUITests;
			productReference = CCFE26B42CD4C3C100E8D655 /* AppUITests.xctest */;
			productType = "com.apple.product-type.bundle.ui-testing";
		};
/* End PBXNativeTarget section */

/* Begin PBXProject section */
		CCFE268C2CD4C3C000E8D655 /* Project object */ = {
			isa = PBXProject;
			attributes = {
				BuildIndependentTargetsInParallel = 1;
				LastSwiftUpdateCheck = 1540;
				LastUpgradeCheck = 1540;
				TargetAttributes = {
					CCFE26932CD4C3C000E8D655 = {
						CreatedOnToolsVersion = 15.4;
					};
					CCFE26A92CD4C3C100E8D655 = {
						CreatedOnToolsVersion = 15.4;
						TestTargetID = CCFE26932CD4C3C000E8D655;
					};
					CCFE26B32CD4C3C100E8D655 = {
						CreatedOnToolsVersion = 15.4;
						TestTargetID = CCFE26932CD4C3C000E8D655;
					};
				};
			};
			buildConfigurationList = CCFE268F2CD4C3C000E8D655 /* Build configuration list for PBXProject "App" */;
			compatibilityVersion = "Xcode 14.0";
			developmentRegion = en;
			hasScannedForEncodings = 0;
			knownRegions = (
				en,
				Base,
			);
			mainGroup = CCFE268B2CD4C3C000E8D655;
			packageReferences = (
				CCA2FFDA2CD720800076F5A8 /* XCRemoteSwiftPackageReference "kakao-ios-sdk" */,
			);
			productRefGroup = CCFE26952CD4C3C000E8D655 /* Products */;
			projectDirPath = "";
			projectRoot = "";
			targets = (
				CCFE26932CD4C3C000E8D655 /* App */,
				CCFE26A92CD4C3C100E8D655 /* AppTests */,
				CCFE26B32CD4C3C100E8D655 /* AppUITests */,
			);
		};
/* End PBXProject section */

/* Begin PBXResourcesBuildPhase section */
		CCFE26922CD4C3C000E8D655 /* Resources */ = {
			isa = PBXResourcesBuildPhase;
			buildActionMask = 2147483647;
			files = (
				CCFE26A12CD4C3C100E8D655 /* Assets.xcassets in Resources */,
				CCFE26A42CD4C3C100E8D655 /* Base in Resources */,
			);
			runOnlyForDeploymentPostprocessing = 0;
		};
		CCFE26A82CD4C3C100E8D655 /* Resources */ = {
			isa = PBXResourcesBuildPhase;
			buildActionMask = 2147483647;
			files = (
			);
			runOnlyForDeploymentPostprocessing = 0;
		};
		CCFE26B22CD4C3C100E8D655 /* Resources */ = {
			isa = PBXResourcesBuildPhase;
			buildActionMask = 2147483647;
			files = (
			);
			runOnlyForDeploymentPostprocessing = 0;
		};
/* End PBXResourcesBuildPhase section */

/* Begin PBXSourcesBuildPhase section */
		CCFE26902CD4C3C000E8D655 /* Sources */ = {
			isa = PBXSourcesBuildPhase;
			buildActionMask = 2147483647;
			files = (
				CCFE269C2CD4C3C000E8D655 /* ViewController.swift in Sources */,
				CCFE26982CD4C3C000E8D655 /* AppDelegate.swift in Sources */,
				CCFE269A2CD4C3C000E8D655 /* SceneDelegate.swift in Sources */,
			);
			runOnlyForDeploymentPostprocessing = 0;
		};
		CCFE26A62CD4C3C100E8D655 /* Sources */ = {
			isa = PBXSourcesBuildPhase;
			buildActionMask = 2147483647;
			files = (
				CCFE26AF2CD4C3C100E8D655 /* AppTests.swift in Sources */,
			);
			runOnlyForDeploymentPostprocessing = 0;
		};
		CCFE26B02CD4C3C100E8D655 /* Sources */ = {
			isa = PBXSourcesBuildPhase;
			buildActionMask = 2147483647;
			files = (
				CCFE26BB2CD4C3C100E8D655 /* AppUITestsLaunchTests.swift in Sources */,
				CCFE26B92CD4C3C100E8D655 /* AppUITests.swift in Sources */,
			);
			runOnlyForDeploymentPostprocessing = 0;
		};
/* End PBXSourcesBuildPhase section */

/* Begin PBXTargetDependency section */
		CCFE26AC2CD4C3C100E8D655 /* PBXTargetDependency */ = {
			isa = PBXTargetDependency;
			target = CCFE26932CD4C3C000E8D655 /* App */;
			targetProxy = CCFE26AB2CD4C3C100E8D655 /* PBXContainerItemProxy */;
		};
		CCFE26B62CD4C3C100E8D655 /* PBXTargetDependency */ = {
			isa = PBXTargetDependency;
			target = CCFE26932CD4C3C000E8D655 /* App */;
			targetProxy = CCFE26B52CD4C3C100E8D655 /* PBXContainerItemProxy */;
		};
/* End PBXTargetDependency section */

/* Begin PBXVariantGroup section */
		CCFE26A22CD4C3C100E8D655 /* LaunchScreen.storyboard */ = {
			isa = PBXVariantGroup;
			children = (
				CCFE26A32CD4C3C100E8D655 /* Base */,
			);
			name = LaunchScreen.storyboard;
			sourceTree = "<group>";
		};
/* End PBXVariantGroup section */

/* Begin XCBuildConfiguration section */
		CCFE26BC2CD4C3C100E8D655 /* Debug */ = {
			isa = XCBuildConfiguration;
			baseConfigurationReference = CCA2FFE82CD74DE80076F5A8 /* Secret.xcconfig */;
			buildSettings = {
				ALWAYS_SEARCH_USER_PATHS = NO;
				ASSETCATALOG_COMPILER_GENERATE_SWIFT_ASSET_SYMBOL_EXTENSIONS = YES;
				CLANG_ANALYZER_NONNULL = YES;
				CLANG_ANALYZER_NUMBER_OBJECT_CONVERSION = YES_AGGRESSIVE;
				CLANG_CXX_LANGUAGE_STANDARD = "gnu++20";
				CLANG_ENABLE_MODULES = YES;
				CLANG_ENABLE_OBJC_ARC = YES;
				CLANG_ENABLE_OBJC_WEAK = YES;
				CLANG_WARN_BLOCK_CAPTURE_AUTORELEASING = YES;
				CLANG_WARN_BOOL_CONVERSION = YES;
				CLANG_WARN_COMMA = YES;
				CLANG_WARN_CONSTANT_CONVERSION = YES;
				CLANG_WARN_DEPRECATED_OBJC_IMPLEMENTATIONS = YES;
				CLANG_WARN_DIRECT_OBJC_ISA_USAGE = YES_ERROR;
				CLANG_WARN_DOCUMENTATION_COMMENTS = YES;
				CLANG_WARN_EMPTY_BODY = YES;
				CLANG_WARN_ENUM_CONVERSION = YES;
				CLANG_WARN_INFINITE_RECURSION = YES;
				CLANG_WARN_INT_CONVERSION = YES;
				CLANG_WARN_NON_LITERAL_NULL_CONVERSION = YES;
				CLANG_WARN_OBJC_IMPLICIT_RETAIN_SELF = YES;
				CLANG_WARN_OBJC_LITERAL_CONVERSION = YES;
				CLANG_WARN_OBJC_ROOT_CLASS = YES_ERROR;
				CLANG_WARN_QUOTED_INCLUDE_IN_FRAMEWORK_HEADER = YES;
				CLANG_WARN_RANGE_LOOP_ANALYSIS = YES;
				CLANG_WARN_STRICT_PROTOTYPES = YES;
				CLANG_WARN_SUSPICIOUS_MOVE = YES;
				CLANG_WARN_UNGUARDED_AVAILABILITY = YES_AGGRESSIVE;
				CLANG_WARN_UNREACHABLE_CODE = YES;
				CLANG_WARN__DUPLICATE_METHOD_MATCH = YES;
				COPY_PHASE_STRIP = NO;
				DEBUG_INFORMATION_FORMAT = dwarf;
				ENABLE_STRICT_OBJC_MSGSEND = YES;
				ENABLE_TESTABILITY = YES;
				ENABLE_USER_SCRIPT_SANDBOXING = YES;
				GCC_C_LANGUAGE_STANDARD = gnu17;
				GCC_DYNAMIC_NO_PIC = NO;
				GCC_NO_COMMON_BLOCKS = YES;
				GCC_OPTIMIZATION_LEVEL = 0;
				GCC_PREPROCESSOR_DEFINITIONS = (
					"DEBUG=1",
					"$(inherited)",
				);
				GCC_WARN_64_TO_32_BIT_CONVERSION = YES;
				GCC_WARN_ABOUT_RETURN_TYPE = YES_ERROR;
				GCC_WARN_UNDECLARED_SELECTOR = YES;
				GCC_WARN_UNINITIALIZED_AUTOS = YES_AGGRESSIVE;
				GCC_WARN_UNUSED_FUNCTION = YES;
				GCC_WARN_UNUSED_VARIABLE = YES;
				IPHONEOS_DEPLOYMENT_TARGET = 15.0;
				LOCALIZATION_PREFERS_STRING_CATALOGS = YES;
				MTL_ENABLE_DEBUG_INFO = INCLUDE_SOURCE;
				MTL_FAST_MATH = YES;
				ONLY_ACTIVE_ARCH = YES;
				SDKROOT = iphoneos;
				SWIFT_ACTIVE_COMPILATION_CONDITIONS = "DEBUG $(inherited)";
				SWIFT_OPTIMIZATION_LEVEL = "-Onone";
			};
			name = Debug;
		};
		CCFE26BD2CD4C3C100E8D655 /* Release */ = {
			isa = XCBuildConfiguration;
			buildSettings = {
				ALWAYS_SEARCH_USER_PATHS = NO;
				ASSETCATALOG_COMPILER_GENERATE_SWIFT_ASSET_SYMBOL_EXTENSIONS = YES;
				CLANG_ANALYZER_NONNULL = YES;
				CLANG_ANALYZER_NUMBER_OBJECT_CONVERSION = YES_AGGRESSIVE;
				CLANG_CXX_LANGUAGE_STANDARD = "gnu++20";
				CLANG_ENABLE_MODULES = YES;
				CLANG_ENABLE_OBJC_ARC = YES;
				CLANG_ENABLE_OBJC_WEAK = YES;
				CLANG_WARN_BLOCK_CAPTURE_AUTORELEASING = YES;
				CLANG_WARN_BOOL_CONVERSION = YES;
				CLANG_WARN_COMMA = YES;
				CLANG_WARN_CONSTANT_CONVERSION = YES;
				CLANG_WARN_DEPRECATED_OBJC_IMPLEMENTATIONS = YES;
				CLANG_WARN_DIRECT_OBJC_ISA_USAGE = YES_ERROR;
				CLANG_WARN_DOCUMENTATION_COMMENTS = YES;
				CLANG_WARN_EMPTY_BODY = YES;
				CLANG_WARN_ENUM_CONVERSION = YES;
				CLANG_WARN_INFINITE_RECURSION = YES;
				CLANG_WARN_INT_CONVERSION = YES;
				CLANG_WARN_NON_LITERAL_NULL_CONVERSION = YES;
				CLANG_WARN_OBJC_IMPLICIT_RETAIN_SELF = YES;
				CLANG_WARN_OBJC_LITERAL_CONVERSION = YES;
				CLANG_WARN_OBJC_ROOT_CLASS = YES_ERROR;
				CLANG_WARN_QUOTED_INCLUDE_IN_FRAMEWORK_HEADER = YES;
				CLANG_WARN_RANGE_LOOP_ANALYSIS = YES;
				CLANG_WARN_STRICT_PROTOTYPES = YES;
				CLANG_WARN_SUSPICIOUS_MOVE = YES;
				CLANG_WARN_UNGUARDED_AVAILABILITY = YES_AGGRESSIVE;
				CLANG_WARN_UNREACHABLE_CODE = YES;
				CLANG_WARN__DUPLICATE_METHOD_MATCH = YES;
				COPY_PHASE_STRIP = NO;
				DEBUG_INFORMATION_FORMAT = "dwarf-with-dsym";
				ENABLE_NS_ASSERTIONS = NO;
				ENABLE_STRICT_OBJC_MSGSEND = YES;
				ENABLE_USER_SCRIPT_SANDBOXING = YES;
				GCC_C_LANGUAGE_STANDARD = gnu17;
				GCC_NO_COMMON_BLOCKS = YES;
				GCC_WARN_64_TO_32_BIT_CONVERSION = YES;
				GCC_WARN_ABOUT_RETURN_TYPE = YES_ERROR;
				GCC_WARN_UNDECLARED_SELECTOR = YES;
				GCC_WARN_UNINITIALIZED_AUTOS = YES_AGGRESSIVE;
				GCC_WARN_UNUSED_FUNCTION = YES;
				GCC_WARN_UNUSED_VARIABLE = YES;
				IPHONEOS_DEPLOYMENT_TARGET = 15.0;
				LOCALIZATION_PREFERS_STRING_CATALOGS = YES;
				MTL_ENABLE_DEBUG_INFO = NO;
				MTL_FAST_MATH = YES;
				SDKROOT = iphoneos;
				SWIFT_COMPILATION_MODE = wholemodule;
				VALIDATE_PRODUCT = YES;
			};
			name = Release;
		};
		CCFE26BF2CD4C3C100E8D655 /* Debug */ = {
			isa = XCBuildConfiguration;
			baseConfigurationReference = CCA2FFE82CD74DE80076F5A8 /* Secret.xcconfig */;
			buildSettings = {
				ASSETCATALOG_COMPILER_APPICON_NAME = AppIcon;
				ASSETCATALOG_COMPILER_GLOBAL_ACCENT_COLOR_NAME = AccentColor;
				CODE_SIGN_STYLE = Automatic;
				CURRENT_PROJECT_VERSION = 1;
				DEVELOPMENT_TEAM = YWNQ4RZBTS;
				GENERATE_INFOPLIST_FILE = YES;
				INFOPLIST_FILE = App/Info.plist;
				INFOPLIST_KEY_UIApplicationSupportsIndirectInputEvents = YES;
				INFOPLIST_KEY_UILaunchStoryboardName = LaunchScreen;
				INFOPLIST_KEY_UISupportedInterfaceOrientations = UIInterfaceOrientationPortrait;
				INFOPLIST_KEY_UISupportedInterfaceOrientations_iPad = "UIInterfaceOrientationLandscapeLeft UIInterfaceOrientationLandscapeRight UIInterfaceOrientationPortrait UIInterfaceOrientationPortraitUpsideDown";
				LD_RUNPATH_SEARCH_PATHS = (
					"$(inherited)",
					"@executable_path/Frameworks",
				);
				MARKETING_VERSION = 1.0;
				PRODUCT_BUNDLE_IDENTIFIER = com.jinyoo.Collabee;
				PRODUCT_NAME = "$(TARGET_NAME)";
				SUPPORTED_PLATFORMS = "iphoneos iphonesimulator";
				SUPPORTS_MACCATALYST = NO;
				SUPPORTS_MAC_DESIGNED_FOR_IPHONE_IPAD = NO;
				SUPPORTS_XR_DESIGNED_FOR_IPHONE_IPAD = NO;
				SWIFT_EMIT_LOC_STRINGS = YES;
				SWIFT_VERSION = 5.0;
				TARGETED_DEVICE_FAMILY = 1;
			};
			name = Debug;
		};
		CCFE26C02CD4C3C100E8D655 /* Release */ = {
			isa = XCBuildConfiguration;
			buildSettings = {
				ASSETCATALOG_COMPILER_APPICON_NAME = AppIcon;
				ASSETCATALOG_COMPILER_GLOBAL_ACCENT_COLOR_NAME = AccentColor;
				CODE_SIGN_STYLE = Automatic;
				CURRENT_PROJECT_VERSION = 1;
				DEVELOPMENT_TEAM = YWNQ4RZBTS;
				GENERATE_INFOPLIST_FILE = YES;
				INFOPLIST_FILE = App/Info.plist;
				INFOPLIST_KEY_UIApplicationSupportsIndirectInputEvents = YES;
				INFOPLIST_KEY_UILaunchStoryboardName = LaunchScreen;
				INFOPLIST_KEY_UISupportedInterfaceOrientations = UIInterfaceOrientationPortrait;
				INFOPLIST_KEY_UISupportedInterfaceOrientations_iPad = "UIInterfaceOrientationLandscapeLeft UIInterfaceOrientationLandscapeRight UIInterfaceOrientationPortrait UIInterfaceOrientationPortraitUpsideDown";
				LD_RUNPATH_SEARCH_PATHS = (
					"$(inherited)",
					"@executable_path/Frameworks",
				);
				MARKETING_VERSION = 1.0;
				PRODUCT_BUNDLE_IDENTIFIER = com.jinyoo.Collabee;
				PRODUCT_NAME = "$(TARGET_NAME)";
				SUPPORTED_PLATFORMS = "iphoneos iphonesimulator";
				SUPPORTS_MACCATALYST = NO;
				SUPPORTS_MAC_DESIGNED_FOR_IPHONE_IPAD = NO;
				SUPPORTS_XR_DESIGNED_FOR_IPHONE_IPAD = NO;
				SWIFT_EMIT_LOC_STRINGS = YES;
				SWIFT_VERSION = 5.0;
				TARGETED_DEVICE_FAMILY = 1;
			};
			name = Release;
		};
		CCFE26C22CD4C3C100E8D655 /* Debug */ = {
			isa = XCBuildConfiguration;
			buildSettings = {
				ALWAYS_EMBED_SWIFT_STANDARD_LIBRARIES = YES;
				BUNDLE_LOADER = "$(TEST_HOST)";
				CODE_SIGN_STYLE = Automatic;
				CURRENT_PROJECT_VERSION = 1;
				DEVELOPMENT_TEAM = YWNQ4RZBTS;
				GENERATE_INFOPLIST_FILE = YES;
				IPHONEOS_DEPLOYMENT_TARGET = 17.5;
				MARKETING_VERSION = 1.0;
				PRODUCT_BUNDLE_IDENTIFIER = com.jinyoo.sesac.AppTests;
				PRODUCT_NAME = "$(TARGET_NAME)";
				SWIFT_EMIT_LOC_STRINGS = NO;
				SWIFT_VERSION = 5.0;
				TARGETED_DEVICE_FAMILY = "1,2";
				TEST_HOST = "$(BUILT_PRODUCTS_DIR)/App.app/$(BUNDLE_EXECUTABLE_FOLDER_PATH)/App";
			};
			name = Debug;
		};
		CCFE26C32CD4C3C100E8D655 /* Release */ = {
			isa = XCBuildConfiguration;
			buildSettings = {
				ALWAYS_EMBED_SWIFT_STANDARD_LIBRARIES = YES;
				BUNDLE_LOADER = "$(TEST_HOST)";
				CODE_SIGN_STYLE = Automatic;
				CURRENT_PROJECT_VERSION = 1;
				DEVELOPMENT_TEAM = YWNQ4RZBTS;
				GENERATE_INFOPLIST_FILE = YES;
				IPHONEOS_DEPLOYMENT_TARGET = 17.5;
				MARKETING_VERSION = 1.0;
				PRODUCT_BUNDLE_IDENTIFIER = com.jinyoo.sesac.AppTests;
				PRODUCT_NAME = "$(TARGET_NAME)";
				SWIFT_EMIT_LOC_STRINGS = NO;
				SWIFT_VERSION = 5.0;
				TARGETED_DEVICE_FAMILY = "1,2";
				TEST_HOST = "$(BUILT_PRODUCTS_DIR)/App.app/$(BUNDLE_EXECUTABLE_FOLDER_PATH)/App";
			};
			name = Release;
		};
		CCFE26C52CD4C3C100E8D655 /* Debug */ = {
			isa = XCBuildConfiguration;
			buildSettings = {
				ALWAYS_EMBED_SWIFT_STANDARD_LIBRARIES = YES;
				CODE_SIGN_STYLE = Automatic;
				CURRENT_PROJECT_VERSION = 1;
				DEVELOPMENT_TEAM = YWNQ4RZBTS;
				GENERATE_INFOPLIST_FILE = YES;
				MARKETING_VERSION = 1.0;
				PRODUCT_BUNDLE_IDENTIFIER = com.jinyoo.sesac.AppUITests;
				PRODUCT_NAME = "$(TARGET_NAME)";
				SWIFT_EMIT_LOC_STRINGS = NO;
				SWIFT_VERSION = 5.0;
				TARGETED_DEVICE_FAMILY = "1,2";
				TEST_TARGET_NAME = App;
			};
			name = Debug;
		};
		CCFE26C62CD4C3C100E8D655 /* Release */ = {
			isa = XCBuildConfiguration;
			buildSettings = {
				ALWAYS_EMBED_SWIFT_STANDARD_LIBRARIES = YES;
				CODE_SIGN_STYLE = Automatic;
				CURRENT_PROJECT_VERSION = 1;
				DEVELOPMENT_TEAM = YWNQ4RZBTS;
				GENERATE_INFOPLIST_FILE = YES;
				MARKETING_VERSION = 1.0;
				PRODUCT_BUNDLE_IDENTIFIER = com.jinyoo.sesac.AppUITests;
				PRODUCT_NAME = "$(TARGET_NAME)";
				SWIFT_EMIT_LOC_STRINGS = NO;
				SWIFT_VERSION = 5.0;
				TARGETED_DEVICE_FAMILY = "1,2";
				TEST_TARGET_NAME = App;
			};
			name = Release;
		};
/* End XCBuildConfiguration section */

/* Begin XCConfigurationList section */
		CCFE268F2CD4C3C000E8D655 /* Build configuration list for PBXProject "App" */ = {
			isa = XCConfigurationList;
			buildConfigurations = (
				CCFE26BC2CD4C3C100E8D655 /* Debug */,
				CCFE26BD2CD4C3C100E8D655 /* Release */,
			);
			defaultConfigurationIsVisible = 0;
			defaultConfigurationName = Release;
		};
		CCFE26BE2CD4C3C100E8D655 /* Build configuration list for PBXNativeTarget "App" */ = {
			isa = XCConfigurationList;
			buildConfigurations = (
				CCFE26BF2CD4C3C100E8D655 /* Debug */,
				CCFE26C02CD4C3C100E8D655 /* Release */,
			);
			defaultConfigurationIsVisible = 0;
			defaultConfigurationName = Release;
		};
		CCFE26C12CD4C3C100E8D655 /* Build configuration list for PBXNativeTarget "AppTests" */ = {
			isa = XCConfigurationList;
			buildConfigurations = (
				CCFE26C22CD4C3C100E8D655 /* Debug */,
				CCFE26C32CD4C3C100E8D655 /* Release */,
			);
			defaultConfigurationIsVisible = 0;
			defaultConfigurationName = Release;
		};
		CCFE26C42CD4C3C100E8D655 /* Build configuration list for PBXNativeTarget "AppUITests" */ = {
			isa = XCConfigurationList;
			buildConfigurations = (
				CCFE26C52CD4C3C100E8D655 /* Debug */,
				CCFE26C62CD4C3C100E8D655 /* Release */,
			);
			defaultConfigurationIsVisible = 0;
			defaultConfigurationName = Release;
		};
/* End XCConfigurationList section */

/* Begin XCRemoteSwiftPackageReference section */
		CCA2FFDA2CD720800076F5A8 /* XCRemoteSwiftPackageReference "kakao-ios-sdk" */ = {
			isa = XCRemoteSwiftPackageReference;
			repositoryURL = "https://github.com/kakao/kakao-ios-sdk";
			requirement = {
				kind = upToNextMajorVersion;
				minimumVersion = 2.23.0;
			};
		};
/* End XCRemoteSwiftPackageReference section */

/* Begin XCSwiftPackageProductDependency section */
		CCA2FFDB2CD720800076F5A8 /* KakaoSDKAuth */ = {
			isa = XCSwiftPackageProductDependency;
			package = CCA2FFDA2CD720800076F5A8 /* XCRemoteSwiftPackageReference "kakao-ios-sdk" */;
			productName = KakaoSDKAuth;
		};
		CCA2FFDD2CD720800076F5A8 /* KakaoSDKCommon */ = {
			isa = XCSwiftPackageProductDependency;
			package = CCA2FFDA2CD720800076F5A8 /* XCRemoteSwiftPackageReference "kakao-ios-sdk" */;
			productName = KakaoSDKCommon;
		};
		CCA2FFDF2CD720800076F5A8 /* KakaoSDKUser */ = {
			isa = XCSwiftPackageProductDependency;
			package = CCA2FFDA2CD720800076F5A8 /* XCRemoteSwiftPackageReference "kakao-ios-sdk" */;
			productName = KakaoSDKUser;
		};
/* End XCSwiftPackageProductDependency section */
	};
	rootObject = CCFE268C2CD4C3C000E8D655 /* Project object */;
}
