// !$*UTF8*$!
{
	archiveVersion = 1;
	classes = {
	};
	objectVersion = 56;
	objects = {

/* Begin PBXBuildFile section */
		CCB4464A2CD9C2D000A4FCAB /* KakaoSDKAuth in Frameworks */ = {isa = PBXBuildFile; productRef = CCB446492CD9C2D000A4FCAB /* KakaoSDKAuth */; };
		CCB4464C2CD9C2D000A4FCAB /* KakaoSDKCommon in Frameworks */ = {isa = PBXBuildFile; productRef = CCB4464B2CD9C2D000A4FCAB /* KakaoSDKCommon */; };
		CCB4464E2CD9C2D000A4FCAB /* KakaoSDKUser in Frameworks */ = {isa = PBXBuildFile; productRef = CCB4464D2CD9C2D000A4FCAB /* KakaoSDKUser */; };
		CCB4465C2CD9C76F00A4FCAB /* DefaultAuthRepository.swift in Sources */ = {isa = PBXBuildFile; fileRef = CCB4465B2CD9C76F00A4FCAB /* DefaultAuthRepository.swift */; };
		CCB4465F2CD9E9A300A4FCAB /* KakaoAuth.swift in Sources */ = {isa = PBXBuildFile; fileRef = CCB4465E2CD9E9A300A4FCAB /* KakaoAuth.swift */; };
		CCB446612CD9E9D800A4FCAB /* AppleAuth.swift in Sources */ = {isa = PBXBuildFile; fileRef = CCB446602CD9E9D800A4FCAB /* AppleAuth.swift */; };
		CCB446642CD9EA9700A4FCAB /* AuthProviderFactory.swift in Sources */ = {isa = PBXBuildFile; fileRef = CCB446632CD9EA9700A4FCAB /* AuthProviderFactory.swift */; };
		CCB446662CD9EC6A00A4FCAB /* AuthProvider.swift in Sources */ = {isa = PBXBuildFile; fileRef = CCB446652CD9EC6A00A4FCAB /* AuthProvider.swift */; };
		CCB446952CDC3ABC00A4FCAB /* CombineMoya in Frameworks */ = {isa = PBXBuildFile; productRef = CCB446942CDC3ABC00A4FCAB /* CombineMoya */; };
		CCB4469A2CDC3AF600A4FCAB /* UserAPI.swift in Sources */ = {isa = PBXBuildFile; fileRef = CCB446992CDC3AF600A4FCAB /* UserAPI.swift */; };
		CCB446A12CDCA66300A4FCAB /* LoginBody.swift in Sources */ = {isa = PBXBuildFile; fileRef = CCB446A02CDCA66300A4FCAB /* LoginBody.swift */; };
		CCB446A32CDCA80C00A4FCAB /* Header.swift in Sources */ = {isa = PBXBuildFile; fileRef = CCB446A22CDCA80C00A4FCAB /* Header.swift */; };
		CCB446A62CDCAC6300A4FCAB /* LoginResult.swift in Sources */ = {isa = PBXBuildFile; fileRef = CCB446A52CDCAC6300A4FCAB /* LoginResult.swift */; };
		CCB446A82CDCD67A00A4FCAB /* NetworkProvider.swift in Sources */ = {isa = PBXBuildFile; fileRef = CCB446A72CDCD67A00A4FCAB /* NetworkProvider.swift */; };
		CCB446AB2CDDB66600A4FCAB /* CollabeeError.swift in Sources */ = {isa = PBXBuildFile; fileRef = CCB446AA2CDDB66600A4FCAB /* CollabeeError.swift */; };
		CCB446AE2CDDC4EE00A4FCAB /* MockAPI.swift in Sources */ = {isa = PBXBuildFile; fileRef = CCB446AD2CDDC4EE00A4FCAB /* MockAPI.swift */; };
		CCB446B02CDDC61800A4FCAB /* TokenInterceptor.swift in Sources */ = {isa = PBXBuildFile; fileRef = CCB446AF2CDDC61800A4FCAB /* TokenInterceptor.swift */; };
		CCB446B62CDDCB8300A4FCAB /* Literal.swift in Sources */ = {isa = PBXBuildFile; fileRef = CCB446B52CDDCB8300A4FCAB /* Literal.swift */; };
		CCB446B92CDDDDBC00A4FCAB /* KeyChain.swift in Sources */ = {isa = PBXBuildFile; fileRef = CCB446B82CDDDDBC00A4FCAB /* KeyChain.swift */; };
		CCB446BB2CDDFEDE00A4FCAB /* TokenStorage.swift in Sources */ = {isa = PBXBuildFile; fileRef = CCB446BA2CDDFEDE00A4FCAB /* TokenStorage.swift */; };
		CCB446BD2CE0B8A600A4FCAB /* MoyaLoggerPlugin.swift in Sources */ = {isa = PBXBuildFile; fileRef = CCB446BC2CE0B8A600A4FCAB /* MoyaLoggerPlugin.swift */; };
		CCB446C12CE0E83000A4FCAB /* AuthAPI.swift in Sources */ = {isa = PBXBuildFile; fileRef = CCB446C02CE0E83000A4FCAB /* AuthAPI.swift */; };
		CCB446C32CE0E8AB00A4FCAB /* TargetType+Extension.swift in Sources */ = {isa = PBXBuildFile; fileRef = CCB446C22CE0E8AB00A4FCAB /* TargetType+Extension.swift */; };
		CCB446C52CE0F12100A4FCAB /* TokenRefresh.swift in Sources */ = {isa = PBXBuildFile; fileRef = CCB446C42CE0F12100A4FCAB /* TokenRefresh.swift */; };
		CCB446C72CE1ABC500A4FCAB /* NetworkProviderTest.swift in Sources */ = {isa = PBXBuildFile; fileRef = CCB446C62CE1ABC500A4FCAB /* NetworkProviderTest.swift */; };
		CCB446C82CE1C99500A4FCAB /* Data.framework in Frameworks */ = {isa = PBXBuildFile; fileRef = CCFE26F32CD4C55300E8D655 /* Data.framework */; };
		CCB446C92CE1C99500A4FCAB /* Data.framework in Embed Frameworks */ = {isa = PBXBuildFile; fileRef = CCFE26F32CD4C55300E8D655 /* Data.framework */; settings = {ATTRIBUTES = (CodeSignOnCopy, RemoveHeadersOnCopy, ); }; };
		CCFE27012CD4C55300E8D655 /* DataTests.swift in Sources */ = {isa = PBXBuildFile; fileRef = CCFE27002CD4C55300E8D655 /* DataTests.swift */; };
		CCFE27022CD4C55300E8D655 /* Data.h in Headers */ = {isa = PBXBuildFile; fileRef = CCFE26F62CD4C55300E8D655 /* Data.h */; settings = {ATTRIBUTES = (Public, ); }; };
		CCFE274D2CD4D2CF00E8D655 /* Domain.framework in Frameworks */ = {isa = PBXBuildFile; fileRef = CCFE274C2CD4D2CF00E8D655 /* Domain.framework */; };
		CCFE274E2CD4D2CF00E8D655 /* Domain.framework in Embed Frameworks */ = {isa = PBXBuildFile; fileRef = CCFE274C2CD4D2CF00E8D655 /* Domain.framework */; settings = {ATTRIBUTES = (CodeSignOnCopy, RemoveHeadersOnCopy, ); }; };
		CCFE27512CD4D2D800E8D655 /* Common.framework in Frameworks */ = {isa = PBXBuildFile; fileRef = CCFE27502CD4D2D800E8D655 /* Common.framework */; };
		CCFE27522CD4D2D800E8D655 /* Common.framework in Embed Frameworks */ = {isa = PBXBuildFile; fileRef = CCFE27502CD4D2D800E8D655 /* Common.framework */; settings = {ATTRIBUTES = (CodeSignOnCopy, RemoveHeadersOnCopy, ); }; };
/* End PBXBuildFile section */

/* Begin PBXContainerItemProxy section */
		CCFE26FD2CD4C55300E8D655 /* PBXContainerItemProxy */ = {
			isa = PBXContainerItemProxy;
			containerPortal = CCFE26EA2CD4C55300E8D655 /* Project object */;
			proxyType = 1;
			remoteGlobalIDString = CCFE26F22CD4C55300E8D655;
			remoteInfo = Data;
		};
/* End PBXContainerItemProxy section */

/* Begin PBXCopyFilesBuildPhase section */
		CCB446CA2CE1C99500A4FCAB /* Embed Frameworks */ = {
			isa = PBXCopyFilesBuildPhase;
			buildActionMask = 2147483647;
			dstPath = "";
			dstSubfolderSpec = 10;
			files = (
				CCB446C92CE1C99500A4FCAB /* Data.framework in Embed Frameworks */,
			);
			name = "Embed Frameworks";
			runOnlyForDeploymentPostprocessing = 0;
		};
		CCFE274F2CD4D2CF00E8D655 /* Embed Frameworks */ = {
			isa = PBXCopyFilesBuildPhase;
			buildActionMask = 2147483647;
			dstPath = "";
			dstSubfolderSpec = 10;
			files = (
				CCFE274E2CD4D2CF00E8D655 /* Domain.framework in Embed Frameworks */,
				CCFE27522CD4D2D800E8D655 /* Common.framework in Embed Frameworks */,
			);
			name = "Embed Frameworks";
			runOnlyForDeploymentPostprocessing = 0;
		};
/* End PBXCopyFilesBuildPhase section */

/* Begin PBXFileReference section */
		CCB4465B2CD9C76F00A4FCAB /* DefaultAuthRepository.swift */ = {isa = PBXFileReference; lastKnownFileType = sourcecode.swift; path = DefaultAuthRepository.swift; sourceTree = "<group>"; };
		CCB4465E2CD9E9A300A4FCAB /* KakaoAuth.swift */ = {isa = PBXFileReference; lastKnownFileType = sourcecode.swift; path = KakaoAuth.swift; sourceTree = "<group>"; };
		CCB446602CD9E9D800A4FCAB /* AppleAuth.swift */ = {isa = PBXFileReference; lastKnownFileType = sourcecode.swift; path = AppleAuth.swift; sourceTree = "<group>"; };
		CCB446632CD9EA9700A4FCAB /* AuthProviderFactory.swift */ = {isa = PBXFileReference; lastKnownFileType = sourcecode.swift; path = AuthProviderFactory.swift; sourceTree = "<group>"; };
		CCB446652CD9EC6A00A4FCAB /* AuthProvider.swift */ = {isa = PBXFileReference; lastKnownFileType = sourcecode.swift; path = AuthProvider.swift; sourceTree = "<group>"; };
		CCB446992CDC3AF600A4FCAB /* UserAPI.swift */ = {isa = PBXFileReference; lastKnownFileType = sourcecode.swift; path = UserAPI.swift; sourceTree = "<group>"; };
		CCB4469D2CDC407C00A4FCAB /* Secret.xcconfig */ = {isa = PBXFileReference; lastKnownFileType = text.xcconfig; path = Secret.xcconfig; sourceTree = "<group>"; };
		CCB4469E2CDC40BE00A4FCAB /* Info.plist */ = {isa = PBXFileReference; lastKnownFileType = text.plist; path = Info.plist; sourceTree = "<group>"; };
		CCB446A02CDCA66300A4FCAB /* LoginBody.swift */ = {isa = PBXFileReference; lastKnownFileType = sourcecode.swift; path = LoginBody.swift; sourceTree = "<group>"; };
		CCB446A22CDCA80C00A4FCAB /* Header.swift */ = {isa = PBXFileReference; lastKnownFileType = sourcecode.swift; path = Header.swift; sourceTree = "<group>"; };
		CCB446A52CDCAC6300A4FCAB /* LoginResult.swift */ = {isa = PBXFileReference; lastKnownFileType = sourcecode.swift; path = LoginResult.swift; sourceTree = "<group>"; };
		CCB446A72CDCD67A00A4FCAB /* NetworkProvider.swift */ = {isa = PBXFileReference; lastKnownFileType = sourcecode.swift; path = NetworkProvider.swift; sourceTree = "<group>"; };
		CCB446AA2CDDB66600A4FCAB /* CollabeeError.swift */ = {isa = PBXFileReference; lastKnownFileType = sourcecode.swift; path = CollabeeError.swift; sourceTree = "<group>"; };
		CCB446AD2CDDC4EE00A4FCAB /* MockAPI.swift */ = {isa = PBXFileReference; lastKnownFileType = sourcecode.swift; path = MockAPI.swift; sourceTree = "<group>"; };
		CCB446AF2CDDC61800A4FCAB /* TokenInterceptor.swift */ = {isa = PBXFileReference; lastKnownFileType = sourcecode.swift; path = TokenInterceptor.swift; sourceTree = "<group>"; };
		CCB446B52CDDCB8300A4FCAB /* Literal.swift */ = {isa = PBXFileReference; lastKnownFileType = sourcecode.swift; path = Literal.swift; sourceTree = "<group>"; };
		CCB446B82CDDDDBC00A4FCAB /* KeyChain.swift */ = {isa = PBXFileReference; lastKnownFileType = sourcecode.swift; path = KeyChain.swift; sourceTree = "<group>"; };
		CCB446BA2CDDFEDE00A4FCAB /* TokenStorage.swift */ = {isa = PBXFileReference; lastKnownFileType = sourcecode.swift; path = TokenStorage.swift; sourceTree = "<group>"; };
		CCB446BC2CE0B8A600A4FCAB /* MoyaLoggerPlugin.swift */ = {isa = PBXFileReference; lastKnownFileType = sourcecode.swift; path = MoyaLoggerPlugin.swift; sourceTree = "<group>"; };
		CCB446C02CE0E83000A4FCAB /* AuthAPI.swift */ = {isa = PBXFileReference; lastKnownFileType = sourcecode.swift; path = AuthAPI.swift; sourceTree = "<group>"; };
		CCB446C22CE0E8AB00A4FCAB /* TargetType+Extension.swift */ = {isa = PBXFileReference; lastKnownFileType = sourcecode.swift; path = "TargetType+Extension.swift"; sourceTree = "<group>"; };
		CCB446C42CE0F12100A4FCAB /* TokenRefresh.swift */ = {isa = PBXFileReference; lastKnownFileType = sourcecode.swift; path = TokenRefresh.swift; sourceTree = "<group>"; };
		CCB446C62CE1ABC500A4FCAB /* NetworkProviderTest.swift */ = {isa = PBXFileReference; lastKnownFileType = sourcecode.swift; path = NetworkProviderTest.swift; sourceTree = "<group>"; };
		CCFE26F32CD4C55300E8D655 /* Data.framework */ = {isa = PBXFileReference; explicitFileType = wrapper.framework; includeInIndex = 0; path = Data.framework; sourceTree = BUILT_PRODUCTS_DIR; };
		CCFE26F62CD4C55300E8D655 /* Data.h */ = {isa = PBXFileReference; lastKnownFileType = sourcecode.c.h; path = Data.h; sourceTree = "<group>"; };
		CCFE26FB2CD4C55300E8D655 /* DataTests.xctest */ = {isa = PBXFileReference; explicitFileType = wrapper.cfbundle; includeInIndex = 0; path = DataTests.xctest; sourceTree = BUILT_PRODUCTS_DIR; };
		CCFE27002CD4C55300E8D655 /* DataTests.swift */ = {isa = PBXFileReference; lastKnownFileType = sourcecode.swift; path = DataTests.swift; sourceTree = "<group>"; };
		CCFE274C2CD4D2CF00E8D655 /* Domain.framework */ = {isa = PBXFileReference; explicitFileType = wrapper.framework; path = Domain.framework; sourceTree = BUILT_PRODUCTS_DIR; };
		CCFE27502CD4D2D800E8D655 /* Common.framework */ = {isa = PBXFileReference; explicitFileType = wrapper.framework; path = Common.framework; sourceTree = BUILT_PRODUCTS_DIR; };
/* End PBXFileReference section */

/* Begin PBXFrameworksBuildPhase section */
		CCFE26F02CD4C55300E8D655 /* Frameworks */ = {
			isa = PBXFrameworksBuildPhase;
			buildActionMask = 2147483647;
			files = (
				CCB4464C2CD9C2D000A4FCAB /* KakaoSDKCommon in Frameworks */,
				CCFE274D2CD4D2CF00E8D655 /* Domain.framework in Frameworks */,
				CCB446952CDC3ABC00A4FCAB /* CombineMoya in Frameworks */,
				CCFE27512CD4D2D800E8D655 /* Common.framework in Frameworks */,
				CCB4464E2CD9C2D000A4FCAB /* KakaoSDKUser in Frameworks */,
				CCB4464A2CD9C2D000A4FCAB /* KakaoSDKAuth in Frameworks */,
			);
			runOnlyForDeploymentPostprocessing = 0;
		};
		CCFE26F82CD4C55300E8D655 /* Frameworks */ = {
			isa = PBXFrameworksBuildPhase;
			buildActionMask = 2147483647;
			files = (
				CCB446C82CE1C99500A4FCAB /* Data.framework in Frameworks */,
			);
			runOnlyForDeploymentPostprocessing = 0;
		};
/* End PBXFrameworksBuildPhase section */

/* Begin PBXGroup section */
		CCB446562CD9C3FB00A4FCAB /* Repositories */ = {
			isa = PBXGroup;
			children = (
				CCB4465D2CD9E99800A4FCAB /* Auth */,
			);
			path = Repositories;
			sourceTree = "<group>";
		};
		CCB4465D2CD9E99800A4FCAB /* Auth */ = {
			isa = PBXGroup;
			children = (
				CCB446622CD9EA8600A4FCAB /* AuthProviders */,
				CCB4465B2CD9C76F00A4FCAB /* DefaultAuthRepository.swift */,
			);
			path = Auth;
			sourceTree = "<group>";
		};
		CCB446622CD9EA8600A4FCAB /* AuthProviders */ = {
			isa = PBXGroup;
			children = (
				CCB446652CD9EC6A00A4FCAB /* AuthProvider.swift */,
				CCB446632CD9EA9700A4FCAB /* AuthProviderFactory.swift */,
				CCB4465E2CD9E9A300A4FCAB /* KakaoAuth.swift */,
				CCB446602CD9E9D800A4FCAB /* AppleAuth.swift */,
			);
			path = AuthProviders;
			sourceTree = "<group>";
		};
		CCB446972CDC3ADC00A4FCAB /* Network */ = {
			isa = PBXGroup;
			children = (
				CCB446BC2CE0B8A600A4FCAB /* MoyaLoggerPlugin.swift */,
				CCB446A22CDCA80C00A4FCAB /* Header.swift */,
				CCB446A72CDCD67A00A4FCAB /* NetworkProvider.swift */,
				CCB446AF2CDDC61800A4FCAB /* TokenInterceptor.swift */,
				CCB446A92CDDB65E00A4FCAB /* Error */,
				CCB446A42CDCA8C500A4FCAB /* Response */,
				CCB4469F2CDCA64C00A4FCAB /* Request */,
				CCB446982CDC3AE600A4FCAB /* APIEndPoint */,
			);
			path = Network;
			sourceTree = "<group>";
		};
		CCB446982CDC3AE600A4FCAB /* APIEndPoint */ = {
			isa = PBXGroup;
			children = (
				CCB446C22CE0E8AB00A4FCAB /* TargetType+Extension.swift */,
				CCB446992CDC3AF600A4FCAB /* UserAPI.swift */,
				CCB446C02CE0E83000A4FCAB /* AuthAPI.swift */,
			);
			path = APIEndPoint;
			sourceTree = "<group>";
		};
		CCB4469B2CDC405E00A4FCAB /* Sources */ = {
			isa = PBXGroup;
			children = (
				CCB446B72CDDDDAB00A4FCAB /* PersistenceStorages */,
				CCB446562CD9C3FB00A4FCAB /* Repositories */,
				CCB446972CDC3ADC00A4FCAB /* Network */,
			);
			path = Sources;
			sourceTree = "<group>";
		};
		CCB4469C2CDC407100A4FCAB /* Resources */ = {
			isa = PBXGroup;
			children = (
				CCB4469D2CDC407C00A4FCAB /* Secret.xcconfig */,
				CCB446B52CDDCB8300A4FCAB /* Literal.swift */,
			);
			path = Resources;
			sourceTree = "<group>";
		};
		CCB4469F2CDCA64C00A4FCAB /* Request */ = {
			isa = PBXGroup;
			children = (
				CCB446A02CDCA66300A4FCAB /* LoginBody.swift */,
			);
			path = Request;
			sourceTree = "<group>";
		};
		CCB446A42CDCA8C500A4FCAB /* Response */ = {
			isa = PBXGroup;
			children = (
				CCB446A52CDCAC6300A4FCAB /* LoginResult.swift */,
				CCB446C42CE0F12100A4FCAB /* TokenRefresh.swift */,
			);
			path = Response;
			sourceTree = "<group>";
		};
		CCB446A92CDDB65E00A4FCAB /* Error */ = {
			isa = PBXGroup;
			children = (
				CCB446AA2CDDB66600A4FCAB /* CollabeeError.swift */,
			);
			path = Error;
			sourceTree = "<group>";
		};
		CCB446AC2CDDC4C900A4FCAB /* NetworkProviderTest */ = {
			isa = PBXGroup;
			children = (
				CCB446AD2CDDC4EE00A4FCAB /* MockAPI.swift */,
				CCB446C62CE1ABC500A4FCAB /* NetworkProviderTest.swift */,
			);
			path = NetworkProviderTest;
			sourceTree = "<group>";
		};
		CCB446B72CDDDDAB00A4FCAB /* PersistenceStorages */ = {
			isa = PBXGroup;
			children = (
				CCB446B82CDDDDBC00A4FCAB /* KeyChain.swift */,
				CCB446BA2CDDFEDE00A4FCAB /* TokenStorage.swift */,
			);
			path = PersistenceStorages;
			sourceTree = "<group>";
		};
		CCFE26E92CD4C55300E8D655 = {
			isa = PBXGroup;
			children = (
				CCFE26F52CD4C55300E8D655 /* Data */,
				CCFE26FF2CD4C55300E8D655 /* DataTests */,
				CCFE26F42CD4C55300E8D655 /* Products */,
				CCFE274B2CD4D2CF00E8D655 /* Frameworks */,
			);
			sourceTree = "<group>";
		};
		CCFE26F42CD4C55300E8D655 /* Products */ = {
			isa = PBXGroup;
			children = (
				CCFE26F32CD4C55300E8D655 /* Data.framework */,
				CCFE26FB2CD4C55300E8D655 /* DataTests.xctest */,
			);
			name = Products;
			sourceTree = "<group>";
		};
		CCFE26F52CD4C55300E8D655 /* Data */ = {
			isa = PBXGroup;
			children = (
				CCB4469E2CDC40BE00A4FCAB /* Info.plist */,
				CCB4469C2CDC407100A4FCAB /* Resources */,
				CCB4469B2CDC405E00A4FCAB /* Sources */,
				CCFE26F62CD4C55300E8D655 /* Data.h */,
			);
			path = Data;
			sourceTree = "<group>";
		};
		CCFE26FF2CD4C55300E8D655 /* DataTests */ = {
			isa = PBXGroup;
			children = (
				CCB446AC2CDDC4C900A4FCAB /* NetworkProviderTest */,
				CCFE27002CD4C55300E8D655 /* DataTests.swift */,
			);
			path = DataTests;
			sourceTree = "<group>";
		};
		CCFE274B2CD4D2CF00E8D655 /* Frameworks */ = {
			isa = PBXGroup;
			children = (
				CCFE27502CD4D2D800E8D655 /* Common.framework */,
				CCFE274C2CD4D2CF00E8D655 /* Domain.framework */,
			);
			name = Frameworks;
			sourceTree = "<group>";
		};
/* End PBXGroup section */

/* Begin PBXHeadersBuildPhase section */
		CCFE26EE2CD4C55300E8D655 /* Headers */ = {
			isa = PBXHeadersBuildPhase;
			buildActionMask = 2147483647;
			files = (
				CCFE27022CD4C55300E8D655 /* Data.h in Headers */,
			);
			runOnlyForDeploymentPostprocessing = 0;
		};
/* End PBXHeadersBuildPhase section */

/* Begin PBXNativeTarget section */
		CCFE26F22CD4C55300E8D655 /* Data */ = {
			isa = PBXNativeTarget;
			buildConfigurationList = CCFE27052CD4C55300E8D655 /* Build configuration list for PBXNativeTarget "Data" */;
			buildPhases = (
				CCFE26EE2CD4C55300E8D655 /* Headers */,
				CCFE26EF2CD4C55300E8D655 /* Sources */,
				CCFE26F02CD4C55300E8D655 /* Frameworks */,
				CCFE26F12CD4C55300E8D655 /* Resources */,
				CCFE274F2CD4D2CF00E8D655 /* Embed Frameworks */,
			);
			buildRules = (
			);
			dependencies = (
			);
			name = Data;
			packageProductDependencies = (
				CCB446492CD9C2D000A4FCAB /* KakaoSDKAuth */,
				CCB4464B2CD9C2D000A4FCAB /* KakaoSDKCommon */,
				CCB4464D2CD9C2D000A4FCAB /* KakaoSDKUser */,
				CCB446942CDC3ABC00A4FCAB /* CombineMoya */,
			);
			productName = Data;
			productReference = CCFE26F32CD4C55300E8D655 /* Data.framework */;
			productType = "com.apple.product-type.framework";
		};
		CCFE26FA2CD4C55300E8D655 /* DataTests */ = {
			isa = PBXNativeTarget;
			buildConfigurationList = CCFE27082CD4C55300E8D655 /* Build configuration list for PBXNativeTarget "DataTests" */;
			buildPhases = (
				CCFE26F72CD4C55300E8D655 /* Sources */,
				CCFE26F82CD4C55300E8D655 /* Frameworks */,
				CCFE26F92CD4C55300E8D655 /* Resources */,
				CCB446CA2CE1C99500A4FCAB /* Embed Frameworks */,
			);
			buildRules = (
			);
			dependencies = (
				CCFE26FE2CD4C55300E8D655 /* PBXTargetDependency */,
			);
			name = DataTests;
			productName = DataTests;
			productReference = CCFE26FB2CD4C55300E8D655 /* DataTests.xctest */;
			productType = "com.apple.product-type.bundle.unit-test";
		};
/* End PBXNativeTarget section */

/* Begin PBXProject section */
		CCFE26EA2CD4C55300E8D655 /* Project object */ = {
			isa = PBXProject;
			attributes = {
				BuildIndependentTargetsInParallel = 1;
				LastSwiftUpdateCheck = 1540;
				LastUpgradeCheck = 1540;
				TargetAttributes = {
					CCFE26F22CD4C55300E8D655 = {
						CreatedOnToolsVersion = 15.4;
						LastSwiftMigration = 1540;
					};
					CCFE26FA2CD4C55300E8D655 = {
						CreatedOnToolsVersion = 15.4;
					};
				};
			};
			buildConfigurationList = CCFE26ED2CD4C55300E8D655 /* Build configuration list for PBXProject "Data" */;
			compatibilityVersion = "Xcode 14.0";
			developmentRegion = en;
			hasScannedForEncodings = 0;
			knownRegions = (
				en,
				Base,
			);
			mainGroup = CCFE26E92CD4C55300E8D655;
			packageReferences = (
				CCB446482CD9C2D000A4FCAB /* XCRemoteSwiftPackageReference "kakao-ios-sdk" */,
				CCB446932CDC3ABC00A4FCAB /* XCRemoteSwiftPackageReference "Moya" */,
			);
			productRefGroup = CCFE26F42CD4C55300E8D655 /* Products */;
			projectDirPath = "";
			projectRoot = "";
			targets = (
				CCFE26F22CD4C55300E8D655 /* Data */,
				CCFE26FA2CD4C55300E8D655 /* DataTests */,
			);
		};
/* End PBXProject section */

/* Begin PBXResourcesBuildPhase section */
		CCFE26F12CD4C55300E8D655 /* Resources */ = {
			isa = PBXResourcesBuildPhase;
			buildActionMask = 2147483647;
			files = (
			);
			runOnlyForDeploymentPostprocessing = 0;
		};
		CCFE26F92CD4C55300E8D655 /* Resources */ = {
			isa = PBXResourcesBuildPhase;
			buildActionMask = 2147483647;
			files = (
			);
			runOnlyForDeploymentPostprocessing = 0;
		};
/* End PBXResourcesBuildPhase section */

/* Begin PBXSourcesBuildPhase section */
		CCFE26EF2CD4C55300E8D655 /* Sources */ = {
			isa = PBXSourcesBuildPhase;
			buildActionMask = 2147483647;
			files = (
				CCB446A32CDCA80C00A4FCAB /* Header.swift in Sources */,
				CCB446A12CDCA66300A4FCAB /* LoginBody.swift in Sources */,
				CCB446A62CDCAC6300A4FCAB /* LoginResult.swift in Sources */,
				CCB446C12CE0E83000A4FCAB /* AuthAPI.swift in Sources */,
				CCB446C52CE0F12100A4FCAB /* TokenRefresh.swift in Sources */,
				CCB4465C2CD9C76F00A4FCAB /* DefaultAuthRepository.swift in Sources */,
				CCB446642CD9EA9700A4FCAB /* AuthProviderFactory.swift in Sources */,
				CCB446BD2CE0B8A600A4FCAB /* MoyaLoggerPlugin.swift in Sources */,
				CCB446662CD9EC6A00A4FCAB /* AuthProvider.swift in Sources */,
				CCB446AB2CDDB66600A4FCAB /* CollabeeError.swift in Sources */,
				CCB446BB2CDDFEDE00A4FCAB /* TokenStorage.swift in Sources */,
				CCB446C32CE0E8AB00A4FCAB /* TargetType+Extension.swift in Sources */,
				CCB446B62CDDCB8300A4FCAB /* Literal.swift in Sources */,
				CCB4465F2CD9E9A300A4FCAB /* KakaoAuth.swift in Sources */,
				CCB446612CD9E9D800A4FCAB /* AppleAuth.swift in Sources */,
				CCB4469A2CDC3AF600A4FCAB /* UserAPI.swift in Sources */,
				CCB446B92CDDDDBC00A4FCAB /* KeyChain.swift in Sources */,
				CCB446A82CDCD67A00A4FCAB /* NetworkProvider.swift in Sources */,
				CCB446B02CDDC61800A4FCAB /* TokenInterceptor.swift in Sources */,
			);
			runOnlyForDeploymentPostprocessing = 0;
		};
		CCFE26F72CD4C55300E8D655 /* Sources */ = {
			isa = PBXSourcesBuildPhase;
			buildActionMask = 2147483647;
			files = (
				CCB446AE2CDDC4EE00A4FCAB /* MockAPI.swift in Sources */,
				CCB446C72CE1ABC500A4FCAB /* NetworkProviderTest.swift in Sources */,
				CCFE27012CD4C55300E8D655 /* DataTests.swift in Sources */,
			);
			runOnlyForDeploymentPostprocessing = 0;
		};
/* End PBXSourcesBuildPhase section */

/* Begin PBXTargetDependency section */
		CCFE26FE2CD4C55300E8D655 /* PBXTargetDependency */ = {
			isa = PBXTargetDependency;
			target = CCFE26F22CD4C55300E8D655 /* Data */;
			targetProxy = CCFE26FD2CD4C55300E8D655 /* PBXContainerItemProxy */;
		};
/* End PBXTargetDependency section */

/* Begin XCBuildConfiguration section */
		CCFE27032CD4C55300E8D655 /* Debug */ = {
			isa = XCBuildConfiguration;
			baseConfigurationReference = CCB4469D2CDC407C00A4FCAB /* Secret.xcconfig */;
			buildSettings = {
				ALWAYS_SEARCH_USER_PATHS = NO;
				ASSETCATALOG_COMPILER_GENERATE_SWIFT_ASSET_SYMBOL_EXTENSIONS = YES;
				CLANG_ANALYZER_NONNULL = YES;
				CLANG_ANALYZER_NUMBER_OBJECT_CONVERSION = YES_AGGRESSIVE;
				CLANG_CXX_LANGUAGE_STANDARD = "gnu++20";
				CLANG_ENABLE_MODULES = YES;
				CLANG_ENABLE_OBJC_ARC = YES;
				CLANG_ENABLE_OBJC_WEAK = YES;
				CLANG_WARN_BLOCK_CAPTURE_AUTORELEASING = YES;
				CLANG_WARN_BOOL_CONVERSION = YES;
				CLANG_WARN_COMMA = YES;
				CLANG_WARN_CONSTANT_CONVERSION = YES;
				CLANG_WARN_DEPRECATED_OBJC_IMPLEMENTATIONS = YES;
				CLANG_WARN_DIRECT_OBJC_ISA_USAGE = YES_ERROR;
				CLANG_WARN_DOCUMENTATION_COMMENTS = YES;
				CLANG_WARN_EMPTY_BODY = YES;
				CLANG_WARN_ENUM_CONVERSION = YES;
				CLANG_WARN_INFINITE_RECURSION = YES;
				CLANG_WARN_INT_CONVERSION = YES;
				CLANG_WARN_NON_LITERAL_NULL_CONVERSION = YES;
				CLANG_WARN_OBJC_IMPLICIT_RETAIN_SELF = YES;
				CLANG_WARN_OBJC_LITERAL_CONVERSION = YES;
				CLANG_WARN_OBJC_ROOT_CLASS = YES_ERROR;
				CLANG_WARN_QUOTED_INCLUDE_IN_FRAMEWORK_HEADER = YES;
				CLANG_WARN_RANGE_LOOP_ANALYSIS = YES;
				CLANG_WARN_STRICT_PROTOTYPES = YES;
				CLANG_WARN_SUSPICIOUS_MOVE = YES;
				CLANG_WARN_UNGUARDED_AVAILABILITY = YES_AGGRESSIVE;
				CLANG_WARN_UNREACHABLE_CODE = YES;
				CLANG_WARN__DUPLICATE_METHOD_MATCH = YES;
				COPY_PHASE_STRIP = NO;
				CURRENT_PROJECT_VERSION = 1;
				DEBUG_INFORMATION_FORMAT = dwarf;
				ENABLE_STRICT_OBJC_MSGSEND = YES;
				ENABLE_TESTABILITY = YES;
				ENABLE_USER_SCRIPT_SANDBOXING = YES;
				GCC_C_LANGUAGE_STANDARD = gnu17;
				GCC_DYNAMIC_NO_PIC = NO;
				GCC_NO_COMMON_BLOCKS = YES;
				GCC_OPTIMIZATION_LEVEL = 0;
				GCC_PREPROCESSOR_DEFINITIONS = (
					"DEBUG=1",
					"$(inherited)",
				);
				GCC_WARN_64_TO_32_BIT_CONVERSION = YES;
				GCC_WARN_ABOUT_RETURN_TYPE = YES_ERROR;
				GCC_WARN_UNDECLARED_SELECTOR = YES;
				GCC_WARN_UNINITIALIZED_AUTOS = YES_AGGRESSIVE;
				GCC_WARN_UNUSED_FUNCTION = YES;
				GCC_WARN_UNUSED_VARIABLE = YES;
				IPHONEOS_DEPLOYMENT_TARGET = 15.0;
				LOCALIZATION_PREFERS_STRING_CATALOGS = YES;
				MTL_ENABLE_DEBUG_INFO = INCLUDE_SOURCE;
				MTL_FAST_MATH = YES;
				ONLY_ACTIVE_ARCH = YES;
				SDKROOT = iphoneos;
				SWIFT_ACTIVE_COMPILATION_CONDITIONS = "DEBUG $(inherited)";
				SWIFT_OPTIMIZATION_LEVEL = "-Onone";
				VERSIONING_SYSTEM = "apple-generic";
				VERSION_INFO_PREFIX = "";
			};
			name = Debug;
		};
		CCFE27042CD4C55300E8D655 /* Release */ = {
			isa = XCBuildConfiguration;
			baseConfigurationReference = CCB4469D2CDC407C00A4FCAB /* Secret.xcconfig */;
			buildSettings = {
				ALWAYS_SEARCH_USER_PATHS = NO;
				ASSETCATALOG_COMPILER_GENERATE_SWIFT_ASSET_SYMBOL_EXTENSIONS = YES;
				CLANG_ANALYZER_NONNULL = YES;
				CLANG_ANALYZER_NUMBER_OBJECT_CONVERSION = YES_AGGRESSIVE;
				CLANG_CXX_LANGUAGE_STANDARD = "gnu++20";
				CLANG_ENABLE_MODULES = YES;
				CLANG_ENABLE_OBJC_ARC = YES;
				CLANG_ENABLE_OBJC_WEAK = YES;
				CLANG_WARN_BLOCK_CAPTURE_AUTORELEASING = YES;
				CLANG_WARN_BOOL_CONVERSION = YES;
				CLANG_WARN_COMMA = YES;
				CLANG_WARN_CONSTANT_CONVERSION = YES;
				CLANG_WARN_DEPRECATED_OBJC_IMPLEMENTATIONS = YES;
				CLANG_WARN_DIRECT_OBJC_ISA_USAGE = YES_ERROR;
				CLANG_WARN_DOCUMENTATION_COMMENTS = YES;
				CLANG_WARN_EMPTY_BODY = YES;
				CLANG_WARN_ENUM_CONVERSION = YES;
				CLANG_WARN_INFINITE_RECURSION = YES;
				CLANG_WARN_INT_CONVERSION = YES;
				CLANG_WARN_NON_LITERAL_NULL_CONVERSION = YES;
				CLANG_WARN_OBJC_IMPLICIT_RETAIN_SELF = YES;
				CLANG_WARN_OBJC_LITERAL_CONVERSION = YES;
				CLANG_WARN_OBJC_ROOT_CLASS = YES_ERROR;
				CLANG_WARN_QUOTED_INCLUDE_IN_FRAMEWORK_HEADER = YES;
				CLANG_WARN_RANGE_LOOP_ANALYSIS = YES;
				CLANG_WARN_STRICT_PROTOTYPES = YES;
				CLANG_WARN_SUSPICIOUS_MOVE = YES;
				CLANG_WARN_UNGUARDED_AVAILABILITY = YES_AGGRESSIVE;
				CLANG_WARN_UNREACHABLE_CODE = YES;
				CLANG_WARN__DUPLICATE_METHOD_MATCH = YES;
				COPY_PHASE_STRIP = NO;
				CURRENT_PROJECT_VERSION = 1;
				DEBUG_INFORMATION_FORMAT = "dwarf-with-dsym";
				ENABLE_NS_ASSERTIONS = NO;
				ENABLE_STRICT_OBJC_MSGSEND = YES;
				ENABLE_USER_SCRIPT_SANDBOXING = YES;
				GCC_C_LANGUAGE_STANDARD = gnu17;
				GCC_NO_COMMON_BLOCKS = YES;
				GCC_WARN_64_TO_32_BIT_CONVERSION = YES;
				GCC_WARN_ABOUT_RETURN_TYPE = YES_ERROR;
				GCC_WARN_UNDECLARED_SELECTOR = YES;
				GCC_WARN_UNINITIALIZED_AUTOS = YES_AGGRESSIVE;
				GCC_WARN_UNUSED_FUNCTION = YES;
				GCC_WARN_UNUSED_VARIABLE = YES;
				IPHONEOS_DEPLOYMENT_TARGET = 15.0;
				LOCALIZATION_PREFERS_STRING_CATALOGS = YES;
				MTL_ENABLE_DEBUG_INFO = NO;
				MTL_FAST_MATH = YES;
				SDKROOT = iphoneos;
				SWIFT_COMPILATION_MODE = wholemodule;
				VALIDATE_PRODUCT = YES;
				VERSIONING_SYSTEM = "apple-generic";
				VERSION_INFO_PREFIX = "";
			};
			name = Release;
		};
		CCFE27062CD4C55300E8D655 /* Debug */ = {
			isa = XCBuildConfiguration;
			baseConfigurationReference = CCB4469D2CDC407C00A4FCAB /* Secret.xcconfig */;
			buildSettings = {
				BUILD_LIBRARY_FOR_DISTRIBUTION = NO;
				CLANG_ENABLE_MODULES = YES;
				CODE_SIGN_STYLE = Automatic;
				CURRENT_PROJECT_VERSION = 1;
				DEFINES_MODULE = YES;
				DEVELOPMENT_TEAM = YWNQ4RZBTS;
				DYLIB_COMPATIBILITY_VERSION = 1;
				DYLIB_CURRENT_VERSION = 1;
				DYLIB_INSTALL_NAME_BASE = "@rpath";
				ENABLE_MODULE_VERIFIER = YES;
				GENERATE_INFOPLIST_FILE = YES;
				INFOPLIST_FILE = Data/Info.plist;
				INFOPLIST_KEY_NSHumanReadableCopyright = "";
				INSTALL_PATH = "$(LOCAL_LIBRARY_DIR)/Frameworks";
				IPHONEOS_DEPLOYMENT_TARGET = 15.0;
				LD_RUNPATH_SEARCH_PATHS = (
					"$(inherited)",
					"@executable_path/Frameworks",
					"@loader_path/Frameworks",
				);
				MARKETING_VERSION = 1.0;
				MODULE_VERIFIER_SUPPORTED_LANGUAGES = "objective-c objective-c++";
				MODULE_VERIFIER_SUPPORTED_LANGUAGE_STANDARDS = "gnu17 gnu++20";
				PRODUCT_BUNDLE_IDENTIFIER = com.jinyoo.Data;
				PRODUCT_NAME = "$(TARGET_NAME:c99extidentifier)";
				SKIP_INSTALL = YES;
				SUPPORTED_PLATFORMS = "iphoneos iphonesimulator";
				SUPPORTS_MACCATALYST = NO;
				SUPPORTS_MAC_DESIGNED_FOR_IPHONE_IPAD = NO;
				SUPPORTS_XR_DESIGNED_FOR_IPHONE_IPAD = NO;
				SWIFT_EMIT_LOC_STRINGS = YES;
				SWIFT_INSTALL_OBJC_HEADER = NO;
				SWIFT_OPTIMIZATION_LEVEL = "-Onone";
				SWIFT_VERSION = 5.0;
				TARGETED_DEVICE_FAMILY = 1;
			};
			name = Debug;
		};
		CCFE27072CD4C55300E8D655 /* Release */ = {
			isa = XCBuildConfiguration;
			baseConfigurationReference = CCB4469D2CDC407C00A4FCAB /* Secret.xcconfig */;
			buildSettings = {
				BUILD_LIBRARY_FOR_DISTRIBUTION = NO;
				CLANG_ENABLE_MODULES = YES;
				CODE_SIGN_STYLE = Automatic;
				CURRENT_PROJECT_VERSION = 1;
				DEFINES_MODULE = YES;
				DEVELOPMENT_TEAM = YWNQ4RZBTS;
				DYLIB_COMPATIBILITY_VERSION = 1;
				DYLIB_CURRENT_VERSION = 1;
				DYLIB_INSTALL_NAME_BASE = "@rpath";
				ENABLE_MODULE_VERIFIER = YES;
				GENERATE_INFOPLIST_FILE = YES;
				INFOPLIST_FILE = Data/Info.plist;
				INFOPLIST_KEY_NSHumanReadableCopyright = "";
				INSTALL_PATH = "$(LOCAL_LIBRARY_DIR)/Frameworks";
				IPHONEOS_DEPLOYMENT_TARGET = 15.0;
				LD_RUNPATH_SEARCH_PATHS = (
					"$(inherited)",
					"@executable_path/Frameworks",
					"@loader_path/Frameworks",
				);
				MARKETING_VERSION = 1.0;
				MODULE_VERIFIER_SUPPORTED_LANGUAGES = "objective-c objective-c++";
				MODULE_VERIFIER_SUPPORTED_LANGUAGE_STANDARDS = "gnu17 gnu++20";
				PRODUCT_BUNDLE_IDENTIFIER = com.jinyoo.Data;
				PRODUCT_NAME = "$(TARGET_NAME:c99extidentifier)";
				SKIP_INSTALL = YES;
				SUPPORTED_PLATFORMS = "iphoneos iphonesimulator";
				SUPPORTS_MACCATALYST = NO;
				SUPPORTS_MAC_DESIGNED_FOR_IPHONE_IPAD = NO;
				SUPPORTS_XR_DESIGNED_FOR_IPHONE_IPAD = NO;
				SWIFT_EMIT_LOC_STRINGS = YES;
				SWIFT_INSTALL_OBJC_HEADER = NO;
				SWIFT_VERSION = 5.0;
				TARGETED_DEVICE_FAMILY = 1;
			};
			name = Release;
		};
		CCFE27092CD4C55300E8D655 /* Debug */ = {
			isa = XCBuildConfiguration;
			baseConfigurationReference = CCB4469D2CDC407C00A4FCAB /* Secret.xcconfig */;
			buildSettings = {
				CODE_SIGN_STYLE = Automatic;
				CURRENT_PROJECT_VERSION = 1;
				DEVELOPMENT_TEAM = YWNQ4RZBTS;
				GENERATE_INFOPLIST_FILE = YES;
				MARKETING_VERSION = 1.0;
				PRODUCT_BUNDLE_IDENTIFIER = com.jinyoo.DataTests;
				PRODUCT_NAME = "$(TARGET_NAME)";
				SUPPORTED_PLATFORMS = "iphoneos iphonesimulator";
				SUPPORTS_MACCATALYST = NO;
				SUPPORTS_MAC_DESIGNED_FOR_IPHONE_IPAD = NO;
				SUPPORTS_XR_DESIGNED_FOR_IPHONE_IPAD = NO;
				SWIFT_EMIT_LOC_STRINGS = NO;
				SWIFT_VERSION = 5.0;
				TARGETED_DEVICE_FAMILY = 1;
			};
			name = Debug;
		};
		CCFE270A2CD4C55300E8D655 /* Release */ = {
			isa = XCBuildConfiguration;
			buildSettings = {
				CODE_SIGN_STYLE = Automatic;
				CURRENT_PROJECT_VERSION = 1;
				DEVELOPMENT_TEAM = YWNQ4RZBTS;
				GENERATE_INFOPLIST_FILE = YES;
				MARKETING_VERSION = 1.0;
				PRODUCT_BUNDLE_IDENTIFIER = com.jinyoo.DataTests;
				PRODUCT_NAME = "$(TARGET_NAME)";
				SUPPORTED_PLATFORMS = "iphoneos iphonesimulator";
				SUPPORTS_MACCATALYST = NO;
				SUPPORTS_MAC_DESIGNED_FOR_IPHONE_IPAD = NO;
				SUPPORTS_XR_DESIGNED_FOR_IPHONE_IPAD = NO;
				SWIFT_EMIT_LOC_STRINGS = NO;
				SWIFT_VERSION = 5.0;
				TARGETED_DEVICE_FAMILY = 1;
			};
			name = Release;
		};
/* End XCBuildConfiguration section */

/* Begin XCConfigurationList section */
		CCFE26ED2CD4C55300E8D655 /* Build configuration list for PBXProject "Data" */ = {
			isa = XCConfigurationList;
			buildConfigurations = (
				CCFE27032CD4C55300E8D655 /* Debug */,
				CCFE27042CD4C55300E8D655 /* Release */,
			);
			defaultConfigurationIsVisible = 0;
			defaultConfigurationName = Release;
		};
		CCFE27052CD4C55300E8D655 /* Build configuration list for PBXNativeTarget "Data" */ = {
			isa = XCConfigurationList;
			buildConfigurations = (
				CCFE27062CD4C55300E8D655 /* Debug */,
				CCFE27072CD4C55300E8D655 /* Release */,
			);
			defaultConfigurationIsVisible = 0;
			defaultConfigurationName = Release;
		};
		CCFE27082CD4C55300E8D655 /* Build configuration list for PBXNativeTarget "DataTests" */ = {
			isa = XCConfigurationList;
			buildConfigurations = (
				CCFE27092CD4C55300E8D655 /* Debug */,
				CCFE270A2CD4C55300E8D655 /* Release */,
			);
			defaultConfigurationIsVisible = 0;
			defaultConfigurationName = Release;
		};
/* End XCConfigurationList section */

/* Begin XCRemoteSwiftPackageReference section */
		CCB446482CD9C2D000A4FCAB /* XCRemoteSwiftPackageReference "kakao-ios-sdk" */ = {
			isa = XCRemoteSwiftPackageReference;
			repositoryURL = "https://github.com/kakao/kakao-ios-sdk";
			requirement = {
				kind = upToNextMajorVersion;
				minimumVersion = 2.23.0;
			};
		};
		CCB446932CDC3ABC00A4FCAB /* XCRemoteSwiftPackageReference "Moya" */ = {
			isa = XCRemoteSwiftPackageReference;
			repositoryURL = "https://github.com/Moya/Moya.git";
			requirement = {
				kind = upToNextMajorVersion;
				minimumVersion = 15.0.3;
			};
		};
/* End XCRemoteSwiftPackageReference section */

/* Begin XCSwiftPackageProductDependency section */
		CCB446492CD9C2D000A4FCAB /* KakaoSDKAuth */ = {
			isa = XCSwiftPackageProductDependency;
			package = CCB446482CD9C2D000A4FCAB /* XCRemoteSwiftPackageReference "kakao-ios-sdk" */;
			productName = KakaoSDKAuth;
		};
		CCB4464B2CD9C2D000A4FCAB /* KakaoSDKCommon */ = {
			isa = XCSwiftPackageProductDependency;
			package = CCB446482CD9C2D000A4FCAB /* XCRemoteSwiftPackageReference "kakao-ios-sdk" */;
			productName = KakaoSDKCommon;
		};
		CCB4464D2CD9C2D000A4FCAB /* KakaoSDKUser */ = {
			isa = XCSwiftPackageProductDependency;
			package = CCB446482CD9C2D000A4FCAB /* XCRemoteSwiftPackageReference "kakao-ios-sdk" */;
			productName = KakaoSDKUser;
		};
		CCB446942CDC3ABC00A4FCAB /* CombineMoya */ = {
			isa = XCSwiftPackageProductDependency;
			package = CCB446932CDC3ABC00A4FCAB /* XCRemoteSwiftPackageReference "Moya" */;
			productName = CombineMoya;
		};
/* End XCSwiftPackageProductDependency section */
	};
	rootObject = CCFE26EA2CD4C55300E8D655 /* Project object */;
}
