// !$*UTF8*$!
{
	archiveVersion = 1;
	classes = {
	};
	objectVersion = 56;
	objects = {

/* Begin PBXBuildFile section */
		CC8386442CE70D520077ED8B /* CollabeeError.swift in Sources */ = {isa = PBXBuildFile; fileRef = CCC4AFE42CE700EA00707CD2 /* CollabeeError.swift */; };
		CC8386452CE70D540077ED8B /* OAuthError.swift in Sources */ = {isa = PBXBuildFile; fileRef = CCC4AFE52CE700EA00707CD2 /* OAuthError.swift */; };
		CC8386462CE70D570077ED8B /* NetworkProvider.swift in Sources */ = {isa = PBXBuildFile; fileRef = CCC4AFE22CE700EA00707CD2 /* NetworkProvider.swift */; };
		CC8386472CE70D590077ED8B /* TokenInterceptor.swift in Sources */ = {isa = PBXBuildFile; fileRef = CCC4AFE32CE700EA00707CD2 /* TokenInterceptor.swift */; };
		CC8386482CE70D5B0077ED8B /* LoginBody.swift in Sources */ = {isa = PBXBuildFile; fileRef = CCC4AFEA2CE700EA00707CD2 /* LoginBody.swift */; };
		CC8386492CE70D600077ED8B /* LoginResult.swift in Sources */ = {isa = PBXBuildFile; fileRef = CCC4AFE72CE700EA00707CD2 /* LoginResult.swift */; };
		CC83864A2CE70D620077ED8B /* TokenRefresh.swift in Sources */ = {isa = PBXBuildFile; fileRef = CCC4AFE82CE700EA00707CD2 /* TokenRefresh.swift */; };
		CC83864B2CE70D650077ED8B /* TargetType+Extension.swift in Sources */ = {isa = PBXBuildFile; fileRef = CCC4AFEC2CE700EA00707CD2 /* TargetType+Extension.swift */; };
		CC83864C2CE70D670077ED8B /* UserAPI.swift in Sources */ = {isa = PBXBuildFile; fileRef = CCC4AFED2CE700EA00707CD2 /* UserAPI.swift */; };
		CC83864D2CE70D6B0077ED8B /* AuthAPI.swift in Sources */ = {isa = PBXBuildFile; fileRef = CCC4AFEE2CE700EA00707CD2 /* AuthAPI.swift */; };
		CC83864E2CE70D6F0077ED8B /* Literal.swift in Sources */ = {isa = PBXBuildFile; fileRef = CCC4AFF92CE7020500707CD2 /* Literal.swift */; };
		CC83864F2CE70D710077ED8B /* Secret.xcconfig in Resources */ = {isa = PBXBuildFile; fileRef = CCC4AFFC2CE7022D00707CD2 /* Secret.xcconfig */; };
		CC8386502CE70D740077ED8B /* TokenStorage.swift in Sources */ = {isa = PBXBuildFile; fileRef = CCC4AFF52CE701D400707CD2 /* TokenStorage.swift */; };
		CC8386682CE716210077ED8B /* NetworkProviderTest.swift in Sources */ = {isa = PBXBuildFile; fileRef = CC8386672CE716210077ED8B /* NetworkProviderTest.swift */; };
		CC83866A2CE716440077ED8B /* MockAPI.swift in Sources */ = {isa = PBXBuildFile; fileRef = CC8386692CE716440077ED8B /* MockAPI.swift */; };
		CC83866B2CE7165A0077ED8B /* DataSource.framework in Frameworks */ = {isa = PBXBuildFile; fileRef = CCC4AFC82CE7005400707CD2 /* DataSource.framework */; };
		CC83866C2CE7165A0077ED8B /* DataSource.framework in Embed Frameworks */ = {isa = PBXBuildFile; fileRef = CCC4AFC82CE7005400707CD2 /* DataSource.framework */; settings = {ATTRIBUTES = (CodeSignOnCopy, RemoveHeadersOnCopy, ); }; };
		CC8386862CE721CB0077ED8B /* CombineMoya in Frameworks */ = {isa = PBXBuildFile; productRef = CC8386852CE721CB0077ED8B /* CombineMoya */; };
		CCC4AFD62CE7005400707CD2 /* DataSourceTests.swift in Sources */ = {isa = PBXBuildFile; fileRef = CCC4AFD52CE7005400707CD2 /* DataSourceTests.swift */; };
		CCC4AFD72CE7005400707CD2 /* DataSource.h in Headers */ = {isa = PBXBuildFile; fileRef = CCC4AFCB2CE7005400707CD2 /* DataSource.h */; settings = {ATTRIBUTES = (Public, ); }; };
		CCC4AFF32CE7015E00707CD2 /* Header.swift in Sources */ = {isa = PBXBuildFile; fileRef = CCC4AFE12CE700EA00707CD2 /* Header.swift */; };
		CCC4AFF42CE7017500707CD2 /* MoyaLoggerPlugin.swift in Sources */ = {isa = PBXBuildFile; fileRef = CCC4AFE02CE700EA00707CD2 /* MoyaLoggerPlugin.swift */; };
		CCC4B0092CE7033E00707CD2 /* RealmSwift in Frameworks */ = {isa = PBXBuildFile; productRef = CCC4B0082CE7033E00707CD2 /* RealmSwift */; };
		CCC4B00A2CE704E000707CD2 /* RealmSwift in Embed Frameworks */ = {isa = PBXBuildFile; productRef = CCC4B0082CE7033E00707CD2 /* RealmSwift */; settings = {ATTRIBUTES = (CodeSignOnCopy, ); }; };
		CCC4B00E2CE7052900707CD2 /* Common.framework in Frameworks */ = {isa = PBXBuildFile; fileRef = CCC4B00D2CE7052900707CD2 /* Common.framework */; };
		CCC4B00F2CE7052900707CD2 /* Common.framework in Embed Frameworks */ = {isa = PBXBuildFile; fileRef = CCC4B00D2CE7052900707CD2 /* Common.framework */; settings = {ATTRIBUTES = (CodeSignOnCopy, RemoveHeadersOnCopy, ); }; };
/* End PBXBuildFile section */

/* Begin PBXContainerItemProxy section */
		CCC4AFD22CE7005400707CD2 /* PBXContainerItemProxy */ = {
			isa = PBXContainerItemProxy;
			containerPortal = CCC4AFBF2CE7005400707CD2 /* Project object */;
			proxyType = 1;
			remoteGlobalIDString = CCC4AFC72CE7005400707CD2;
			remoteInfo = DataSource;
		};
/* End PBXContainerItemProxy section */

/* Begin PBXCopyFilesBuildPhase section */
		CC83866D2CE7165A0077ED8B /* Embed Frameworks */ = {
			isa = PBXCopyFilesBuildPhase;
			buildActionMask = 2147483647;
			dstPath = "";
			dstSubfolderSpec = 10;
			files = (
				CC83866C2CE7165A0077ED8B /* DataSource.framework in Embed Frameworks */,
			);
			name = "Embed Frameworks";
			runOnlyForDeploymentPostprocessing = 0;
		};
		CCC4B00B2CE704E000707CD2 /* Embed Frameworks */ = {
			isa = PBXCopyFilesBuildPhase;
			buildActionMask = 2147483647;
			dstPath = "";
			dstSubfolderSpec = 10;
			files = (
				CCC4B00A2CE704E000707CD2 /* RealmSwift in Embed Frameworks */,
				CCC4B00F2CE7052900707CD2 /* Common.framework in Embed Frameworks */,
			);
			name = "Embed Frameworks";
			runOnlyForDeploymentPostprocessing = 0;
		};
/* End PBXCopyFilesBuildPhase section */

/* Begin PBXFileReference section */
		CC8386672CE716210077ED8B /* NetworkProviderTest.swift */ = {isa = PBXFileReference; lastKnownFileType = sourcecode.swift; path = NetworkProviderTest.swift; sourceTree = "<group>"; };
		CC8386692CE716440077ED8B /* MockAPI.swift */ = {isa = PBXFileReference; lastKnownFileType = sourcecode.swift; path = MockAPI.swift; sourceTree = "<group>"; };
		CCC4AFC82CE7005400707CD2 /* DataSource.framework */ = {isa = PBXFileReference; explicitFileType = wrapper.framework; includeInIndex = 0; path = DataSource.framework; sourceTree = BUILT_PRODUCTS_DIR; };
		CCC4AFCB2CE7005400707CD2 /* DataSource.h */ = {isa = PBXFileReference; lastKnownFileType = sourcecode.c.h; path = DataSource.h; sourceTree = "<group>"; };
		CCC4AFD02CE7005400707CD2 /* DataSourceTests.xctest */ = {isa = PBXFileReference; explicitFileType = wrapper.cfbundle; includeInIndex = 0; path = DataSourceTests.xctest; sourceTree = BUILT_PRODUCTS_DIR; };
		CCC4AFD52CE7005400707CD2 /* DataSourceTests.swift */ = {isa = PBXFileReference; lastKnownFileType = sourcecode.swift; path = DataSourceTests.swift; sourceTree = "<group>"; };
		CCC4AFE02CE700EA00707CD2 /* MoyaLoggerPlugin.swift */ = {isa = PBXFileReference; lastKnownFileType = sourcecode.swift; path = MoyaLoggerPlugin.swift; sourceTree = "<group>"; };
		CCC4AFE12CE700EA00707CD2 /* Header.swift */ = {isa = PBXFileReference; lastKnownFileType = sourcecode.swift; path = Header.swift; sourceTree = "<group>"; };
		CCC4AFE22CE700EA00707CD2 /* NetworkProvider.swift */ = {isa = PBXFileReference; lastKnownFileType = sourcecode.swift; path = NetworkProvider.swift; sourceTree = "<group>"; };
		CCC4AFE32CE700EA00707CD2 /* TokenInterceptor.swift */ = {isa = PBXFileReference; lastKnownFileType = sourcecode.swift; path = TokenInterceptor.swift; sourceTree = "<group>"; };
		CCC4AFE42CE700EA00707CD2 /* CollabeeError.swift */ = {isa = PBXFileReference; lastKnownFileType = sourcecode.swift; path = CollabeeError.swift; sourceTree = "<group>"; };
		CCC4AFE52CE700EA00707CD2 /* OAuthError.swift */ = {isa = PBXFileReference; lastKnownFileType = sourcecode.swift; path = OAuthError.swift; sourceTree = "<group>"; };
		CCC4AFE72CE700EA00707CD2 /* LoginResult.swift */ = {isa = PBXFileReference; lastKnownFileType = sourcecode.swift; path = LoginResult.swift; sourceTree = "<group>"; };
		CCC4AFE82CE700EA00707CD2 /* TokenRefresh.swift */ = {isa = PBXFileReference; lastKnownFileType = sourcecode.swift; path = TokenRefresh.swift; sourceTree = "<group>"; };
		CCC4AFEA2CE700EA00707CD2 /* LoginBody.swift */ = {isa = PBXFileReference; lastKnownFileType = sourcecode.swift; path = LoginBody.swift; sourceTree = "<group>"; };
		CCC4AFEC2CE700EA00707CD2 /* TargetType+Extension.swift */ = {isa = PBXFileReference; lastKnownFileType = sourcecode.swift; path = "TargetType+Extension.swift"; sourceTree = "<group>"; };
		CCC4AFED2CE700EA00707CD2 /* UserAPI.swift */ = {isa = PBXFileReference; lastKnownFileType = sourcecode.swift; path = UserAPI.swift; sourceTree = "<group>"; };
		CCC4AFEE2CE700EA00707CD2 /* AuthAPI.swift */ = {isa = PBXFileReference; lastKnownFileType = sourcecode.swift; path = AuthAPI.swift; sourceTree = "<group>"; };
		CCC4AFF52CE701D400707CD2 /* TokenStorage.swift */ = {isa = PBXFileReference; lastKnownFileType = sourcecode.swift; path = TokenStorage.swift; sourceTree = "<group>"; };
		CCC4AFF92CE7020500707CD2 /* Literal.swift */ = {isa = PBXFileReference; lastKnownFileType = sourcecode.swift; path = Literal.swift; sourceTree = "<group>"; };
		CCC4AFFC2CE7022D00707CD2 /* Secret.xcconfig */ = {isa = PBXFileReference; lastKnownFileType = text.xcconfig; path = Secret.xcconfig; sourceTree = "<group>"; };
		CCC4B00D2CE7052900707CD2 /* Common.framework */ = {isa = PBXFileReference; explicitFileType = wrapper.framework; path = Common.framework; sourceTree = BUILT_PRODUCTS_DIR; };
/* End PBXFileReference section */

/* Begin PBXFrameworksBuildPhase section */
		CCC4AFC52CE7005400707CD2 /* Frameworks */ = {
			isa = PBXFrameworksBuildPhase;
			buildActionMask = 2147483647;
			files = (
				CCC4B00E2CE7052900707CD2 /* Common.framework in Frameworks */,
				CCC4B0092CE7033E00707CD2 /* RealmSwift in Frameworks */,
				CC8386862CE721CB0077ED8B /* CombineMoya in Frameworks */,
			);
			runOnlyForDeploymentPostprocessing = 0;
		};
		CCC4AFCD2CE7005400707CD2 /* Frameworks */ = {
			isa = PBXFrameworksBuildPhase;
			buildActionMask = 2147483647;
			files = (
				CC83866B2CE7165A0077ED8B /* DataSource.framework in Frameworks */,
			);
			runOnlyForDeploymentPostprocessing = 0;
		};
/* End PBXFrameworksBuildPhase section */

/* Begin PBXGroup section */
		CCC4AFBE2CE7005400707CD2 = {
			isa = PBXGroup;
			children = (
				CCC4AFCA2CE7005400707CD2 /* DataSource */,
				CCC4AFD42CE7005400707CD2 /* DataSourceTests */,
				CCC4AFC92CE7005400707CD2 /* Products */,
				CCC4B00C2CE7052900707CD2 /* Frameworks */,
			);
			sourceTree = "<group>";
		};
		CCC4AFC92CE7005400707CD2 /* Products */ = {
			isa = PBXGroup;
			children = (
				CCC4AFC82CE7005400707CD2 /* DataSource.framework */,
				CCC4AFD02CE7005400707CD2 /* DataSourceTests.xctest */,
			);
			name = Products;
			sourceTree = "<group>";
		};
		CCC4AFCA2CE7005400707CD2 /* DataSource */ = {
			isa = PBXGroup;
			children = (
				CCC4AFFA2CE7020500707CD2 /* Resources */,
				CCC4AFFB2CE7020D00707CD2 /* Sources */,
				CCC4AFCB2CE7005400707CD2 /* DataSource.h */,
			);
			path = DataSource;
			sourceTree = "<group>";
		};
		CCC4AFD42CE7005400707CD2 /* DataSourceTests */ = {
			isa = PBXGroup;
			children = (
				CCC4AFD52CE7005400707CD2 /* DataSourceTests.swift */,
				CC8386672CE716210077ED8B /* NetworkProviderTest.swift */,
				CC8386692CE716440077ED8B /* MockAPI.swift */,
			);
			path = DataSourceTests;
			sourceTree = "<group>";
		};
		CCC4AFE62CE700EA00707CD2 /* Error */ = {
			isa = PBXGroup;
			children = (
				CCC4AFE42CE700EA00707CD2 /* CollabeeError.swift */,
				CCC4AFE52CE700EA00707CD2 /* OAuthError.swift */,
			);
			path = Error;
			sourceTree = "<group>";
		};
		CCC4AFE92CE700EA00707CD2 /* Response */ = {
			isa = PBXGroup;
			children = (
				CCC4AFE72CE700EA00707CD2 /* LoginResult.swift */,
				CCC4AFE82CE700EA00707CD2 /* TokenRefresh.swift */,
			);
			path = Response;
			sourceTree = "<group>";
		};
		CCC4AFEB2CE700EA00707CD2 /* Request */ = {
			isa = PBXGroup;
			children = (
				CCC4AFEA2CE700EA00707CD2 /* LoginBody.swift */,
			);
			path = Request;
			sourceTree = "<group>";
		};
		CCC4AFEF2CE700EA00707CD2 /* APIEndPoint */ = {
			isa = PBXGroup;
			children = (
				CCC4AFEC2CE700EA00707CD2 /* TargetType+Extension.swift */,
				CCC4AFED2CE700EA00707CD2 /* UserAPI.swift */,
				CCC4AFEE2CE700EA00707CD2 /* AuthAPI.swift */,
			);
			path = APIEndPoint;
			sourceTree = "<group>";
		};
		CCC4AFF02CE700EA00707CD2 /* Network */ = {
			isa = PBXGroup;
			children = (
				CCC4AFE02CE700EA00707CD2 /* MoyaLoggerPlugin.swift */,
				CCC4AFE12CE700EA00707CD2 /* Header.swift */,
				CCC4AFE22CE700EA00707CD2 /* NetworkProvider.swift */,
				CCC4AFE32CE700EA00707CD2 /* TokenInterceptor.swift */,
				CCC4AFE62CE700EA00707CD2 /* Error */,
				CCC4AFE92CE700EA00707CD2 /* Response */,
				CCC4AFEB2CE700EA00707CD2 /* Request */,
				CCC4AFEF2CE700EA00707CD2 /* APIEndPoint */,
			);
			path = Network;
			sourceTree = "<group>";
		};
		CCC4AFF62CE701D400707CD2 /* PersistenceStorages */ = {
			isa = PBXGroup;
			children = (
				CCC4AFF52CE701D400707CD2 /* TokenStorage.swift */,
			);
			path = PersistenceStorages;
			sourceTree = "<group>";
		};
		CCC4AFFA2CE7020500707CD2 /* Resources */ = {
			isa = PBXGroup;
			children = (
				CCC4AFF92CE7020500707CD2 /* Literal.swift */,
				CCC4AFFC2CE7022D00707CD2 /* Secret.xcconfig */,
			);
			path = Resources;
			sourceTree = "<group>";
		};
		CCC4AFFB2CE7020D00707CD2 /* Sources */ = {
			isa = PBXGroup;
			children = (
				CCC4AFF62CE701D400707CD2 /* PersistenceStorages */,
				CCC4AFF02CE700EA00707CD2 /* Network */,
			);
			path = Sources;
			sourceTree = "<group>";
		};
		CCC4B00C2CE7052900707CD2 /* Frameworks */ = {
			isa = PBXGroup;
			children = (
				CCC4B00D2CE7052900707CD2 /* Common.framework */,
			);
			name = Frameworks;
			sourceTree = "<group>";
		};
/* End PBXGroup section */

/* Begin PBXHeadersBuildPhase section */
		CCC4AFC32CE7005400707CD2 /* Headers */ = {
			isa = PBXHeadersBuildPhase;
			buildActionMask = 2147483647;
			files = (
				CCC4AFD72CE7005400707CD2 /* DataSource.h in Headers */,
			);
			runOnlyForDeploymentPostprocessing = 0;
		};
/* End PBXHeadersBuildPhase section */

/* Begin PBXNativeTarget section */
		CCC4AFC72CE7005400707CD2 /* DataSource */ = {
			isa = PBXNativeTarget;
			buildConfigurationList = CCC4AFDA2CE7005400707CD2 /* Build configuration list for PBXNativeTarget "DataSource" */;
			buildPhases = (
				CCC4AFC32CE7005400707CD2 /* Headers */,
				CCC4AFC42CE7005400707CD2 /* Sources */,
				CCC4AFC52CE7005400707CD2 /* Frameworks */,
				CCC4AFC62CE7005400707CD2 /* Resources */,
				CCC4B00B2CE704E000707CD2 /* Embed Frameworks */,
			);
			buildRules = (
			);
			dependencies = (
			);
			name = DataSource;
			packageProductDependencies = (
				CCC4B0082CE7033E00707CD2 /* RealmSwift */,
				CC8386852CE721CB0077ED8B /* CombineMoya */,
			);
			productName = DataSource;
			productReference = CCC4AFC82CE7005400707CD2 /* DataSource.framework */;
			productType = "com.apple.product-type.framework";
		};
		CCC4AFCF2CE7005400707CD2 /* DataSourceTests */ = {
			isa = PBXNativeTarget;
			buildConfigurationList = CCC4AFDD2CE7005400707CD2 /* Build configuration list for PBXNativeTarget "DataSourceTests" */;
			buildPhases = (
				CCC4AFCC2CE7005400707CD2 /* Sources */,
				CCC4AFCD2CE7005400707CD2 /* Frameworks */,
				CCC4AFCE2CE7005400707CD2 /* Resources */,
				CC83866D2CE7165A0077ED8B /* Embed Frameworks */,
			);
			buildRules = (
			);
			dependencies = (
				CCC4AFD32CE7005400707CD2 /* PBXTargetDependency */,
			);
			name = DataSourceTests;
			productName = DataSourceTests;
			productReference = CCC4AFD02CE7005400707CD2 /* DataSourceTests.xctest */;
			productType = "com.apple.product-type.bundle.unit-test";
		};
/* End PBXNativeTarget section */

/* Begin PBXProject section */
		CCC4AFBF2CE7005400707CD2 /* Project object */ = {
			isa = PBXProject;
			attributes = {
				BuildIndependentTargetsInParallel = 1;
				LastSwiftUpdateCheck = 1540;
				LastUpgradeCheck = 1540;
				TargetAttributes = {
					CCC4AFC72CE7005400707CD2 = {
						CreatedOnToolsVersion = 15.4;
					};
					CCC4AFCF2CE7005400707CD2 = {
						CreatedOnToolsVersion = 15.4;
					};
				};
			};
			buildConfigurationList = CCC4AFC22CE7005400707CD2 /* Build configuration list for PBXProject "DataSource" */;
			compatibilityVersion = "Xcode 14.0";
			developmentRegion = en;
			hasScannedForEncodings = 0;
			knownRegions = (
				en,
				Base,
			);
			mainGroup = CCC4AFBE2CE7005400707CD2;
			packageReferences = (
				CCC4B0072CE7033E00707CD2 /* XCRemoteSwiftPackageReference "realm-swift" */,
				CC8386842CE721CB0077ED8B /* XCRemoteSwiftPackageReference "Moya" */,
				CCCBB4362CE72D0F000DBB95 /* XCRemoteSwiftPackageReference "Alamofire" */,
			);
			productRefGroup = CCC4AFC92CE7005400707CD2 /* Products */;
			projectDirPath = "";
			projectRoot = "";
			targets = (
				CCC4AFC72CE7005400707CD2 /* DataSource */,
				CCC4AFCF2CE7005400707CD2 /* DataSourceTests */,
			);
		};
/* End PBXProject section */

/* Begin PBXResourcesBuildPhase section */
		CCC4AFC62CE7005400707CD2 /* Resources */ = {
			isa = PBXResourcesBuildPhase;
			buildActionMask = 2147483647;
			files = (
				CC83864F2CE70D710077ED8B /* Secret.xcconfig in Resources */,
			);
			runOnlyForDeploymentPostprocessing = 0;
		};
		CCC4AFCE2CE7005400707CD2 /* Resources */ = {
			isa = PBXResourcesBuildPhase;
			buildActionMask = 2147483647;
			files = (
			);
			runOnlyForDeploymentPostprocessing = 0;
		};
/* End PBXResourcesBuildPhase section */

/* Begin PBXSourcesBuildPhase section */
		CCC4AFC42CE7005400707CD2 /* Sources */ = {
			isa = PBXSourcesBuildPhase;
			buildActionMask = 2147483647;
			files = (
				CCC4AFF42CE7017500707CD2 /* MoyaLoggerPlugin.swift in Sources */,
				CC83864A2CE70D620077ED8B /* TokenRefresh.swift in Sources */,
				CC83864C2CE70D670077ED8B /* UserAPI.swift in Sources */,
				CC8386502CE70D740077ED8B /* TokenStorage.swift in Sources */,
				CC83864B2CE70D650077ED8B /* TargetType+Extension.swift in Sources */,
				CC83864D2CE70D6B0077ED8B /* AuthAPI.swift in Sources */,
				CC8386472CE70D590077ED8B /* TokenInterceptor.swift in Sources */,
				CC8386482CE70D5B0077ED8B /* LoginBody.swift in Sources */,
				CC83864E2CE70D6F0077ED8B /* Literal.swift in Sources */,
				CCC4AFF32CE7015E00707CD2 /* Header.swift in Sources */,
				CC8386492CE70D600077ED8B /* LoginResult.swift in Sources */,
				CC8386452CE70D540077ED8B /* OAuthError.swift in Sources */,
				CC8386442CE70D520077ED8B /* CollabeeError.swift in Sources */,
				CC8386462CE70D570077ED8B /* NetworkProvider.swift in Sources */,
			);
			runOnlyForDeploymentPostprocessing = 0;
		};
		CCC4AFCC2CE7005400707CD2 /* Sources */ = {
			isa = PBXSourcesBuildPhase;
			buildActionMask = 2147483647;
			files = (
				CCC4AFD62CE7005400707CD2 /* DataSourceTests.swift in Sources */,
				CC83866A2CE716440077ED8B /* MockAPI.swift in Sources */,
				CC8386682CE716210077ED8B /* NetworkProviderTest.swift in Sources */,
			);
			runOnlyForDeploymentPostprocessing = 0;
		};
/* End PBXSourcesBuildPhase section */

/* Begin PBXTargetDependency section */
		CCC4AFD32CE7005400707CD2 /* PBXTargetDependency */ = {
			isa = PBXTargetDependency;
			target = CCC4AFC72CE7005400707CD2 /* DataSource */;
			targetProxy = CCC4AFD22CE7005400707CD2 /* PBXContainerItemProxy */;
		};
/* End PBXTargetDependency section */

/* Begin XCBuildConfiguration section */
		CCC4AFD82CE7005400707CD2 /* Debug */ = {
			isa = XCBuildConfiguration;
			baseConfigurationReference = CCC4AFFC2CE7022D00707CD2 /* Secret.xcconfig */;
			buildSettings = {
				ALWAYS_SEARCH_USER_PATHS = NO;
				ASSETCATALOG_COMPILER_GENERATE_SWIFT_ASSET_SYMBOL_EXTENSIONS = YES;
				BUILD_LIBRARY_FOR_DISTRIBUTION = NO;
				CLANG_ANALYZER_NONNULL = YES;
				CLANG_ANALYZER_NUMBER_OBJECT_CONVERSION = YES_AGGRESSIVE;
				CLANG_CXX_LANGUAGE_STANDARD = "gnu++20";
				CLANG_ENABLE_MODULES = YES;
				CLANG_ENABLE_OBJC_ARC = YES;
				CLANG_ENABLE_OBJC_WEAK = YES;
				CLANG_WARN_BLOCK_CAPTURE_AUTORELEASING = YES;
				CLANG_WARN_BOOL_CONVERSION = YES;
				CLANG_WARN_COMMA = YES;
				CLANG_WARN_CONSTANT_CONVERSION = YES;
				CLANG_WARN_DEPRECATED_OBJC_IMPLEMENTATIONS = YES;
				CLANG_WARN_DIRECT_OBJC_ISA_USAGE = YES_ERROR;
				CLANG_WARN_DOCUMENTATION_COMMENTS = YES;
				CLANG_WARN_EMPTY_BODY = YES;
				CLANG_WARN_ENUM_CONVERSION = YES;
				CLANG_WARN_INFINITE_RECURSION = YES;
				CLANG_WARN_INT_CONVERSION = YES;
				CLANG_WARN_NON_LITERAL_NULL_CONVERSION = YES;
				CLANG_WARN_OBJC_IMPLICIT_RETAIN_SELF = YES;
				CLANG_WARN_OBJC_LITERAL_CONVERSION = YES;
				CLANG_WARN_OBJC_ROOT_CLASS = YES_ERROR;
				CLANG_WARN_QUOTED_INCLUDE_IN_FRAMEWORK_HEADER = YES;
				CLANG_WARN_RANGE_LOOP_ANALYSIS = YES;
				CLANG_WARN_STRICT_PROTOTYPES = YES;
				CLANG_WARN_SUSPICIOUS_MOVE = YES;
				CLANG_WARN_UNGUARDED_AVAILABILITY = YES_AGGRESSIVE;
				CLANG_WARN_UNREACHABLE_CODE = YES;
				CLANG_WARN__DUPLICATE_METHOD_MATCH = YES;
				COPY_PHASE_STRIP = NO;
				CURRENT_PROJECT_VERSION = 1;
				DEBUG_INFORMATION_FORMAT = dwarf;
				ENABLE_STRICT_OBJC_MSGSEND = YES;
				ENABLE_TESTABILITY = YES;
				ENABLE_USER_SCRIPT_SANDBOXING = YES;
				GCC_C_LANGUAGE_STANDARD = gnu17;
				GCC_DYNAMIC_NO_PIC = NO;
				GCC_NO_COMMON_BLOCKS = YES;
				GCC_OPTIMIZATION_LEVEL = 0;
				GCC_PREPROCESSOR_DEFINITIONS = (
					"DEBUG=1",
					"$(inherited)",
				);
				GCC_WARN_64_TO_32_BIT_CONVERSION = YES;
				GCC_WARN_ABOUT_RETURN_TYPE = YES_ERROR;
				GCC_WARN_UNDECLARED_SELECTOR = YES;
				GCC_WARN_UNINITIALIZED_AUTOS = YES_AGGRESSIVE;
				GCC_WARN_UNUSED_FUNCTION = YES;
				GCC_WARN_UNUSED_VARIABLE = YES;
				IPHONEOS_DEPLOYMENT_TARGET = 15.0;
				LOCALIZATION_PREFERS_STRING_CATALOGS = YES;
				MTL_ENABLE_DEBUG_INFO = INCLUDE_SOURCE;
				MTL_FAST_MATH = YES;
				ONLY_ACTIVE_ARCH = YES;
				SDKROOT = iphoneos;
				SWIFT_ACTIVE_COMPILATION_CONDITIONS = "DEBUG $(inherited)";
				SWIFT_OPTIMIZATION_LEVEL = "-Onone";
				VERSIONING_SYSTEM = "apple-generic";
				VERSION_INFO_PREFIX = "";
			};
			name = Debug;
		};
		CCC4AFD92CE7005400707CD2 /* Release */ = {
			isa = XCBuildConfiguration;
			baseConfigurationReference = CCC4AFFC2CE7022D00707CD2 /* Secret.xcconfig */;
			buildSettings = {
				ALWAYS_SEARCH_USER_PATHS = NO;
				ASSETCATALOG_COMPILER_GENERATE_SWIFT_ASSET_SYMBOL_EXTENSIONS = YES;
				BUILD_LIBRARY_FOR_DISTRIBUTION = NO;
				CLANG_ANALYZER_NONNULL = YES;
				CLANG_ANALYZER_NUMBER_OBJECT_CONVERSION = YES_AGGRESSIVE;
				CLANG_CXX_LANGUAGE_STANDARD = "gnu++20";
				CLANG_ENABLE_MODULES = YES;
				CLANG_ENABLE_OBJC_ARC = YES;
				CLANG_ENABLE_OBJC_WEAK = YES;
				CLANG_WARN_BLOCK_CAPTURE_AUTORELEASING = YES;
				CLANG_WARN_BOOL_CONVERSION = YES;
				CLANG_WARN_COMMA = YES;
				CLANG_WARN_CONSTANT_CONVERSION = YES;
				CLANG_WARN_DEPRECATED_OBJC_IMPLEMENTATIONS = YES;
				CLANG_WARN_DIRECT_OBJC_ISA_USAGE = YES_ERROR;
				CLANG_WARN_DOCUMENTATION_COMMENTS = YES;
				CLANG_WARN_EMPTY_BODY = YES;
				CLANG_WARN_ENUM_CONVERSION = YES;
				CLANG_WARN_INFINITE_RECURSION = YES;
				CLANG_WARN_INT_CONVERSION = YES;
				CLANG_WARN_NON_LITERAL_NULL_CONVERSION = YES;
				CLANG_WARN_OBJC_IMPLICIT_RETAIN_SELF = YES;
				CLANG_WARN_OBJC_LITERAL_CONVERSION = YES;
				CLANG_WARN_OBJC_ROOT_CLASS = YES_ERROR;
				CLANG_WARN_QUOTED_INCLUDE_IN_FRAMEWORK_HEADER = YES;
				CLANG_WARN_RANGE_LOOP_ANALYSIS = YES;
				CLANG_WARN_STRICT_PROTOTYPES = YES;
				CLANG_WARN_SUSPICIOUS_MOVE = YES;
				CLANG_WARN_UNGUARDED_AVAILABILITY = YES_AGGRESSIVE;
				CLANG_WARN_UNREACHABLE_CODE = YES;
				CLANG_WARN__DUPLICATE_METHOD_MATCH = YES;
				COPY_PHASE_STRIP = NO;
				CURRENT_PROJECT_VERSION = 1;
				DEBUG_INFORMATION_FORMAT = "dwarf-with-dsym";
				ENABLE_NS_ASSERTIONS = NO;
				ENABLE_STRICT_OBJC_MSGSEND = YES;
				ENABLE_USER_SCRIPT_SANDBOXING = YES;
				GCC_C_LANGUAGE_STANDARD = gnu17;
				GCC_NO_COMMON_BLOCKS = YES;
				GCC_WARN_64_TO_32_BIT_CONVERSION = YES;
				GCC_WARN_ABOUT_RETURN_TYPE = YES_ERROR;
				GCC_WARN_UNDECLARED_SELECTOR = YES;
				GCC_WARN_UNINITIALIZED_AUTOS = YES_AGGRESSIVE;
				GCC_WARN_UNUSED_FUNCTION = YES;
				GCC_WARN_UNUSED_VARIABLE = YES;
				IPHONEOS_DEPLOYMENT_TARGET = 15.0;
				LOCALIZATION_PREFERS_STRING_CATALOGS = YES;
				MTL_ENABLE_DEBUG_INFO = NO;
				MTL_FAST_MATH = YES;
				SDKROOT = iphoneos;
				SWIFT_COMPILATION_MODE = wholemodule;
				VALIDATE_PRODUCT = YES;
				VERSIONING_SYSTEM = "apple-generic";
				VERSION_INFO_PREFIX = "";
			};
			name = Release;
		};
		CCC4AFDB2CE7005400707CD2 /* Debug */ = {
			isa = XCBuildConfiguration;
			baseConfigurationReference = CCC4AFFC2CE7022D00707CD2 /* Secret.xcconfig */;
			buildSettings = {
				BUILD_LIBRARY_FOR_DISTRIBUTION = YES;
				CODE_SIGN_STYLE = Automatic;
				CURRENT_PROJECT_VERSION = 1;
				DEFINES_MODULE = YES;
				DEVELOPMENT_TEAM = YWNQ4RZBTS;
				DYLIB_COMPATIBILITY_VERSION = 1;
				DYLIB_CURRENT_VERSION = 1;
				DYLIB_INSTALL_NAME_BASE = "@rpath";
				ENABLE_MODULE_VERIFIER = YES;
				GENERATE_INFOPLIST_FILE = YES;
				INFOPLIST_KEY_NSHumanReadableCopyright = "";
				INSTALL_PATH = "$(LOCAL_LIBRARY_DIR)/Frameworks";
				IPHONEOS_DEPLOYMENT_TARGET = 15.0;
				LD_RUNPATH_SEARCH_PATHS = (
					"$(inherited)",
					"@executable_path/Frameworks",
					"@loader_path/Frameworks",
				);
				MACH_O_TYPE = mh_dylib;
				MARKETING_VERSION = 1.0;
				MODULE_VERIFIER_SUPPORTED_LANGUAGES = "objective-c objective-c++";
				MODULE_VERIFIER_SUPPORTED_LANGUAGE_STANDARDS = "gnu17 gnu++20";
				PRODUCT_BUNDLE_IDENTIFIER = com.jinyoo.DataSource;
				PRODUCT_NAME = "$(TARGET_NAME:c99extidentifier)";
				SKIP_INSTALL = YES;
				SUPPORTED_PLATFORMS = "iphoneos iphonesimulator";
				SUPPORTS_MACCATALYST = NO;
				SUPPORTS_MAC_DESIGNED_FOR_IPHONE_IPAD = NO;
				SUPPORTS_XR_DESIGNED_FOR_IPHONE_IPAD = NO;
				SWIFT_EMIT_LOC_STRINGS = YES;
				SWIFT_INSTALL_OBJC_HEADER = NO;
				SWIFT_VERSION = 5.0;
				TARGETED_DEVICE_FAMILY = 1;
			};
			name = Debug;
		};
		CCC4AFDC2CE7005400707CD2 /* Release */ = {
			isa = XCBuildConfiguration;
			baseConfigurationReference = CCC4AFFC2CE7022D00707CD2 /* Secret.xcconfig */;
			buildSettings = {
				BUILD_LIBRARY_FOR_DISTRIBUTION = YES;
				CODE_SIGN_STYLE = Automatic;
				CURRENT_PROJECT_VERSION = 1;
				DEFINES_MODULE = YES;
				DEVELOPMENT_TEAM = YWNQ4RZBTS;
				DYLIB_COMPATIBILITY_VERSION = 1;
				DYLIB_CURRENT_VERSION = 1;
				DYLIB_INSTALL_NAME_BASE = "@rpath";
				ENABLE_MODULE_VERIFIER = YES;
				GENERATE_INFOPLIST_FILE = YES;
				INFOPLIST_KEY_NSHumanReadableCopyright = "";
				INSTALL_PATH = "$(LOCAL_LIBRARY_DIR)/Frameworks";
				IPHONEOS_DEPLOYMENT_TARGET = 15.0;
				LD_RUNPATH_SEARCH_PATHS = (
					"$(inherited)",
					"@executable_path/Frameworks",
					"@loader_path/Frameworks",
				);
				MACH_O_TYPE = mh_dylib;
				MARKETING_VERSION = 1.0;
				MODULE_VERIFIER_SUPPORTED_LANGUAGES = "objective-c objective-c++";
				MODULE_VERIFIER_SUPPORTED_LANGUAGE_STANDARDS = "gnu17 gnu++20";
				PRODUCT_BUNDLE_IDENTIFIER = com.jinyoo.DataSource;
				PRODUCT_NAME = "$(TARGET_NAME:c99extidentifier)";
				SKIP_INSTALL = YES;
				SUPPORTED_PLATFORMS = "iphoneos iphonesimulator";
				SUPPORTS_MACCATALYST = NO;
				SUPPORTS_MAC_DESIGNED_FOR_IPHONE_IPAD = NO;
				SUPPORTS_XR_DESIGNED_FOR_IPHONE_IPAD = NO;
				SWIFT_EMIT_LOC_STRINGS = YES;
				SWIFT_INSTALL_OBJC_HEADER = NO;
				SWIFT_VERSION = 5.0;
				TARGETED_DEVICE_FAMILY = 1;
			};
			name = Release;
		};
		CCC4AFDE2CE7005400707CD2 /* Debug */ = {
			isa = XCBuildConfiguration;
			buildSettings = {
				BUILD_LIBRARY_FOR_DISTRIBUTION = NO;
				CODE_SIGN_STYLE = Automatic;
				CURRENT_PROJECT_VERSION = 1;
				DEVELOPMENT_TEAM = YWNQ4RZBTS;
				GENERATE_INFOPLIST_FILE = YES;
				MARKETING_VERSION = 1.0;
				PRODUCT_BUNDLE_IDENTIFIER = com.jinyoo.DataSourceTests;
				PRODUCT_NAME = "$(TARGET_NAME)";
				SUPPORTED_PLATFORMS = "iphoneos iphonesimulator";
				SUPPORTS_MACCATALYST = NO;
				SUPPORTS_MAC_DESIGNED_FOR_IPHONE_IPAD = NO;
				SUPPORTS_XR_DESIGNED_FOR_IPHONE_IPAD = NO;
				SWIFT_EMIT_LOC_STRINGS = NO;
				SWIFT_VERSION = 5.0;
				TARGETED_DEVICE_FAMILY = 1;
			};
			name = Debug;
		};
		CCC4AFDF2CE7005400707CD2 /* Release */ = {
			isa = XCBuildConfiguration;
			buildSettings = {
				BUILD_LIBRARY_FOR_DISTRIBUTION = NO;
				CODE_SIGN_STYLE = Automatic;
				CURRENT_PROJECT_VERSION = 1;
				DEVELOPMENT_TEAM = YWNQ4RZBTS;
				GENERATE_INFOPLIST_FILE = YES;
				MARKETING_VERSION = 1.0;
				PRODUCT_BUNDLE_IDENTIFIER = com.jinyoo.DataSourceTests;
				PRODUCT_NAME = "$(TARGET_NAME)";
				SUPPORTED_PLATFORMS = "iphoneos iphonesimulator";
				SUPPORTS_MACCATALYST = NO;
				SUPPORTS_MAC_DESIGNED_FOR_IPHONE_IPAD = NO;
				SUPPORTS_XR_DESIGNED_FOR_IPHONE_IPAD = NO;
				SWIFT_EMIT_LOC_STRINGS = NO;
				SWIFT_VERSION = 5.0;
				TARGETED_DEVICE_FAMILY = 1;
			};
			name = Release;
		};
/* End XCBuildConfiguration section */

/* Begin XCConfigurationList section */
		CCC4AFC22CE7005400707CD2 /* Build configuration list for PBXProject "DataSource" */ = {
			isa = XCConfigurationList;
			buildConfigurations = (
				CCC4AFD82CE7005400707CD2 /* Debug */,
				CCC4AFD92CE7005400707CD2 /* Release */,
			);
			defaultConfigurationIsVisible = 0;
			defaultConfigurationName = Release;
		};
		CCC4AFDA2CE7005400707CD2 /* Build configuration list for PBXNativeTarget "DataSource" */ = {
			isa = XCConfigurationList;
			buildConfigurations = (
				CCC4AFDB2CE7005400707CD2 /* Debug */,
				CCC4AFDC2CE7005400707CD2 /* Release */,
			);
			defaultConfigurationIsVisible = 0;
			defaultConfigurationName = Release;
		};
		CCC4AFDD2CE7005400707CD2 /* Build configuration list for PBXNativeTarget "DataSourceTests" */ = {
			isa = XCConfigurationList;
			buildConfigurations = (
				CCC4AFDE2CE7005400707CD2 /* Debug */,
				CCC4AFDF2CE7005400707CD2 /* Release */,
			);
			defaultConfigurationIsVisible = 0;
			defaultConfigurationName = Release;
		};
/* End XCConfigurationList section */

/* Begin XCRemoteSwiftPackageReference section */
		CC8386842CE721CB0077ED8B /* XCRemoteSwiftPackageReference "Moya" */ = {
			isa = XCRemoteSwiftPackageReference;
			repositoryURL = "https://github.com/Moya/Moya.git";
			requirement = {
				kind = upToNextMajorVersion;
				minimumVersion = 15.0.3;
			};
		};
		CCC4B0072CE7033E00707CD2 /* XCRemoteSwiftPackageReference "realm-swift" */ = {
			isa = XCRemoteSwiftPackageReference;
			repositoryURL = "https://github.com/realm/realm-swift.git";
			requirement = {
				kind = exactVersion;
				version = 10.54.1;
			};
		};
		CCCBB4362CE72D0F000DBB95 /* XCRemoteSwiftPackageReference "Alamofire" */ = {
			isa = XCRemoteSwiftPackageReference;
			repositoryURL = "https://github.com/Alamofire/Alamofire.git";
			requirement = {
				kind = upToNextMajorVersion;
				minimumVersion = 5.10.1;
			};
		};
/* End XCRemoteSwiftPackageReference section */

/* Begin XCSwiftPackageProductDependency section */
		CC8386852CE721CB0077ED8B /* CombineMoya */ = {
			isa = XCSwiftPackageProductDependency;
			package = CC8386842CE721CB0077ED8B /* XCRemoteSwiftPackageReference "Moya" */;
			productName = CombineMoya;
		};
		CCC4B0082CE7033E00707CD2 /* RealmSwift */ = {
			isa = XCSwiftPackageProductDependency;
			package = CCC4B0072CE7033E00707CD2 /* XCRemoteSwiftPackageReference "realm-swift" */;
			productName = RealmSwift;
		};
/* End XCSwiftPackageProductDependency section */
	};
	rootObject = CCC4AFBF2CE7005400707CD2 /* Project object */;
}
