// !$*UTF8*$!
{
	archiveVersion = 1;
	classes = {
	};
	objectVersion = 56;
	objects = {

/* Begin PBXBuildFile section */
		CCB4466F2CD9F12000A4FCAB /* Container.swift in Sources */ = {isa = PBXBuildFile; fileRef = CCB4466E2CD9F12000A4FCAB /* Container.swift */; };
		CCB446772CDA07F700A4FCAB /* CommonTests.swift in Sources */ = {isa = PBXBuildFile; fileRef = CCB446762CDA07F700A4FCAB /* CommonTests.swift */; };
		CCB4467E2CDA080C00A4FCAB /* Common.framework in Frameworks */ = {isa = PBXBuildFile; fileRef = CCFE27382CD4CDB600E8D655 /* Common.framework */; platformFilter = ios; };
		CCB4467F2CDA080C00A4FCAB /* Common.framework in Embed Frameworks */ = {isa = PBXBuildFile; fileRef = CCFE27382CD4CDB600E8D655 /* Common.framework */; platformFilter = ios; settings = {ATTRIBUTES = (CodeSignOnCopy, RemoveHeadersOnCopy, ); }; };
		CCB446832CDA084600A4FCAB /* ContainerTest.swift in Sources */ = {isa = PBXBuildFile; fileRef = CCB446822CDA084600A4FCAB /* ContainerTest.swift */; };
		CCB446852CDA090B00A4FCAB /* MockClass.swift in Sources */ = {isa = PBXBuildFile; fileRef = CCB446842CDA090B00A4FCAB /* MockClass.swift */; };
		CCB446872CDA161B00A4FCAB /* Injected.swift in Sources */ = {isa = PBXBuildFile; fileRef = CCB446862CDA161B00A4FCAB /* Injected.swift */; };
		CCB446892CDB17E300A4FCAB /* DIContainer.swift in Sources */ = {isa = PBXBuildFile; fileRef = CCB446882CDB17E300A4FCAB /* DIContainer.swift */; };
		CCB4468B2CDB8F7500A4FCAB /* Assembly.swift in Sources */ = {isa = PBXBuildFile; fileRef = CCB4468A2CDB8F7500A4FCAB /* Assembly.swift */; };
		CCB831EA2CE4A2F4007E2CDD /* Notification.Name+Extension.swift in Sources */ = {isa = PBXBuildFile; fileRef = CCB831E92CE4A2F4007E2CDD /* Notification.Name+Extension.swift */; };
		CCBC38542CE3493A008472E5 /* KeyChain.swift in Sources */ = {isa = PBXBuildFile; fileRef = CCBC38532CE3493A008472E5 /* KeyChain.swift */; };
		CCFE273C2CD4CDB600E8D655 /* Common.h in Headers */ = {isa = PBXBuildFile; fileRef = CCFE273B2CD4CDB600E8D655 /* Common.h */; settings = {ATTRIBUTES = (Public, ); }; };
/* End PBXBuildFile section */

/* Begin PBXContainerItemProxy section */
		CCB446792CDA07F700A4FCAB /* PBXContainerItemProxy */ = {
			isa = PBXContainerItemProxy;
			containerPortal = CCFE272F2CD4CDB600E8D655 /* Project object */;
			proxyType = 1;
			remoteGlobalIDString = CCFE27372CD4CDB600E8D655;
			remoteInfo = Common;
		};
/* End PBXContainerItemProxy section */

/* Begin PBXCopyFilesBuildPhase section */
		CCB446802CDA080C00A4FCAB /* Embed Frameworks */ = {
			isa = PBXCopyFilesBuildPhase;
			buildActionMask = 2147483647;
			dstPath = "";
			dstSubfolderSpec = 10;
			files = (
				CCB4467F2CDA080C00A4FCAB /* Common.framework in Embed Frameworks */,
			);
			name = "Embed Frameworks";
			runOnlyForDeploymentPostprocessing = 0;
		};
/* End PBXCopyFilesBuildPhase section */

/* Begin PBXFileReference section */
		CCB4466E2CD9F12000A4FCAB /* Container.swift */ = {isa = PBXFileReference; lastKnownFileType = sourcecode.swift; path = Container.swift; sourceTree = "<group>"; };
		CCB446742CDA07F700A4FCAB /* CommonTests.xctest */ = {isa = PBXFileReference; explicitFileType = wrapper.cfbundle; includeInIndex = 0; path = CommonTests.xctest; sourceTree = BUILT_PRODUCTS_DIR; };
		CCB446762CDA07F700A4FCAB /* CommonTests.swift */ = {isa = PBXFileReference; lastKnownFileType = sourcecode.swift; path = CommonTests.swift; sourceTree = "<group>"; };
		CCB446822CDA084600A4FCAB /* ContainerTest.swift */ = {isa = PBXFileReference; lastKnownFileType = sourcecode.swift; path = ContainerTest.swift; sourceTree = "<group>"; };
		CCB446842CDA090B00A4FCAB /* MockClass.swift */ = {isa = PBXFileReference; lastKnownFileType = sourcecode.swift; path = MockClass.swift; sourceTree = "<group>"; };
		CCB446862CDA161B00A4FCAB /* Injected.swift */ = {isa = PBXFileReference; lastKnownFileType = sourcecode.swift; path = Injected.swift; sourceTree = "<group>"; };
		CCB446882CDB17E300A4FCAB /* DIContainer.swift */ = {isa = PBXFileReference; lastKnownFileType = sourcecode.swift; path = DIContainer.swift; sourceTree = "<group>"; };
		CCB4468A2CDB8F7500A4FCAB /* Assembly.swift */ = {isa = PBXFileReference; lastKnownFileType = sourcecode.swift; path = Assembly.swift; sourceTree = "<group>"; };
		CCB831E92CE4A2F4007E2CDD /* Notification.Name+Extension.swift */ = {isa = PBXFileReference; lastKnownFileType = sourcecode.swift; path = "Notification.Name+Extension.swift"; sourceTree = "<group>"; };
		CCBC38532CE3493A008472E5 /* KeyChain.swift */ = {isa = PBXFileReference; lastKnownFileType = sourcecode.swift; path = KeyChain.swift; sourceTree = "<group>"; };
		CCFE27382CD4CDB600E8D655 /* Common.framework */ = {isa = PBXFileReference; explicitFileType = wrapper.framework; includeInIndex = 0; path = Common.framework; sourceTree = BUILT_PRODUCTS_DIR; };
		CCFE273B2CD4CDB600E8D655 /* Common.h */ = {isa = PBXFileReference; lastKnownFileType = sourcecode.c.h; path = Common.h; sourceTree = "<group>"; };
/* End PBXFileReference section */

/* Begin PBXFrameworksBuildPhase section */
		CCB446712CDA07F700A4FCAB /* Frameworks */ = {
			isa = PBXFrameworksBuildPhase;
			buildActionMask = 2147483647;
			files = (
				CCB4467E2CDA080C00A4FCAB /* Common.framework in Frameworks */,
			);
			runOnlyForDeploymentPostprocessing = 0;
		};
		CCFE27352CD4CDB600E8D655 /* Frameworks */ = {
			isa = PBXFrameworksBuildPhase;
			buildActionMask = 2147483647;
			files = (
			);
			runOnlyForDeploymentPostprocessing = 0;
		};
/* End PBXFrameworksBuildPhase section */

/* Begin PBXGroup section */
		CCB4466D2CD9F11800A4FCAB /* DependencyInject */ = {
			isa = PBXGroup;
			children = (
				CCB4466E2CD9F12000A4FCAB /* Container.swift */,
				CCB446862CDA161B00A4FCAB /* Injected.swift */,
				CCB446882CDB17E300A4FCAB /* DIContainer.swift */,
				CCB4468A2CDB8F7500A4FCAB /* Assembly.swift */,
			);
			path = DependencyInject;
			sourceTree = "<group>";
		};
		CCB446752CDA07F700A4FCAB /* CommonTests */ = {
			isa = PBXGroup;
			children = (
				CCB446812CDA082700A4FCAB /* DIContainerTests */,
				CCB446762CDA07F700A4FCAB /* CommonTests.swift */,
			);
			path = CommonTests;
			sourceTree = "<group>";
		};
		CCB446812CDA082700A4FCAB /* DIContainerTests */ = {
			isa = PBXGroup;
			children = (
				CCB446822CDA084600A4FCAB /* ContainerTest.swift */,
				CCB446842CDA090B00A4FCAB /* MockClass.swift */,
			);
			path = DIContainerTests;
			sourceTree = "<group>";
		};
		CCB831E82CE4A2A1007E2CDD /* Extensions */ = {
			isa = PBXGroup;
			children = (
				CCB831E92CE4A2F4007E2CDD /* Notification.Name+Extension.swift */,
			);
			path = Extensions;
			sourceTree = "<group>";
		};
		CCBC38522CE348F7008472E5 /* KeyChain */ = {
			isa = PBXGroup;
			children = (
				CCBC38532CE3493A008472E5 /* KeyChain.swift */,
			);
			path = KeyChain;
			sourceTree = "<group>";
		};
		CCFE272E2CD4CDB600E8D655 = {
			isa = PBXGroup;
			children = (
				CCFE273A2CD4CDB600E8D655 /* Common */,
				CCB446752CDA07F700A4FCAB /* CommonTests */,
				CCFE27392CD4CDB600E8D655 /* Products */,
			);
			sourceTree = "<group>";
		};
		CCFE27392CD4CDB600E8D655 /* Products */ = {
			isa = PBXGroup;
			children = (
				CCFE27382CD4CDB600E8D655 /* Common.framework */,
				CCB446742CDA07F700A4FCAB /* CommonTests.xctest */,
			);
			name = Products;
			sourceTree = "<group>";
		};
		CCFE273A2CD4CDB600E8D655 /* Common */ = {
			isa = PBXGroup;
			children = (
				CCB831E82CE4A2A1007E2CDD /* Extensions */,
				CCBC38522CE348F7008472E5 /* KeyChain */,
				CCB4466D2CD9F11800A4FCAB /* DependencyInject */,
				CCFE273B2CD4CDB600E8D655 /* Common.h */,
			);
			path = Common;
			sourceTree = "<group>";
		};
/* End PBXGroup section */

/* Begin PBXHeadersBuildPhase section */
		CCFE27332CD4CDB600E8D655 /* Headers */ = {
			isa = PBXHeadersBuildPhase;
			buildActionMask = 2147483647;
			files = (
				CCFE273C2CD4CDB600E8D655 /* Common.h in Headers */,
			);
			runOnlyForDeploymentPostprocessing = 0;
		};
/* End PBXHeadersBuildPhase section */

/* Begin PBXNativeTarget section */
		CCB446732CDA07F700A4FCAB /* CommonTests */ = {
			isa = PBXNativeTarget;
			buildConfigurationList = CCB4467B2CDA07F700A4FCAB /* Build configuration list for PBXNativeTarget "CommonTests" */;
			buildPhases = (
				CCB446702CDA07F700A4FCAB /* Sources */,
				CCB446712CDA07F700A4FCAB /* Frameworks */,
				CCB446722CDA07F700A4FCAB /* Resources */,
				CCB446802CDA080C00A4FCAB /* Embed Frameworks */,
			);
			buildRules = (
			);
			dependencies = (
				CCB4467A2CDA07F700A4FCAB /* PBXTargetDependency */,
			);
			name = CommonTests;
			productName = CommonTests;
			productReference = CCB446742CDA07F700A4FCAB /* CommonTests.xctest */;
			productType = "com.apple.product-type.bundle.unit-test";
		};
		CCFE27372CD4CDB600E8D655 /* Common */ = {
			isa = PBXNativeTarget;
			buildConfigurationList = CCFE273F2CD4CDB600E8D655 /* Build configuration list for PBXNativeTarget "Common" */;
			buildPhases = (
				CCFE27332CD4CDB600E8D655 /* Headers */,
				CCFE27342CD4CDB600E8D655 /* Sources */,
				CCFE27352CD4CDB600E8D655 /* Frameworks */,
				CCFE27362CD4CDB600E8D655 /* Resources */,
			);
			buildRules = (
			);
			dependencies = (
			);
			name = Common;
			packageProductDependencies = (
			);
			productName = Common;
			productReference = CCFE27382CD4CDB600E8D655 /* Common.framework */;
			productType = "com.apple.product-type.framework";
		};
/* End PBXNativeTarget section */

/* Begin PBXProject section */
		CCFE272F2CD4CDB600E8D655 /* Project object */ = {
			isa = PBXProject;
			attributes = {
				BuildIndependentTargetsInParallel = 1;
				LastSwiftUpdateCheck = 1540;
				LastUpgradeCheck = 1540;
				TargetAttributes = {
					CCB446732CDA07F700A4FCAB = {
						CreatedOnToolsVersion = 15.4;
					};
					CCFE27372CD4CDB600E8D655 = {
						CreatedOnToolsVersion = 15.4;
						LastSwiftMigration = 1540;
					};
				};
			};
			buildConfigurationList = CCFE27322CD4CDB600E8D655 /* Build configuration list for PBXProject "Common" */;
			compatibilityVersion = "Xcode 14.0";
			developmentRegion = en;
			hasScannedForEncodings = 0;
			knownRegions = (
				en,
				Base,
			);
			mainGroup = CCFE272E2CD4CDB600E8D655;
			packageReferences = (
			);
			productRefGroup = CCFE27392CD4CDB600E8D655 /* Products */;
			projectDirPath = "";
			projectRoot = "";
			targets = (
				CCFE27372CD4CDB600E8D655 /* Common */,
				CCB446732CDA07F700A4FCAB /* CommonTests */,
			);
		};
/* End PBXProject section */

/* Begin PBXResourcesBuildPhase section */
		CCB446722CDA07F700A4FCAB /* Resources */ = {
			isa = PBXResourcesBuildPhase;
			buildActionMask = 2147483647;
			files = (
			);
			runOnlyForDeploymentPostprocessing = 0;
		};
		CCFE27362CD4CDB600E8D655 /* Resources */ = {
			isa = PBXResourcesBuildPhase;
			buildActionMask = 2147483647;
			files = (
			);
			runOnlyForDeploymentPostprocessing = 0;
		};
/* End PBXResourcesBuildPhase section */

/* Begin PBXSourcesBuildPhase section */
		CCB446702CDA07F700A4FCAB /* Sources */ = {
			isa = PBXSourcesBuildPhase;
			buildActionMask = 2147483647;
			files = (
				CCB446832CDA084600A4FCAB /* ContainerTest.swift in Sources */,
				CCB446852CDA090B00A4FCAB /* MockClass.swift in Sources */,
				CCB446772CDA07F700A4FCAB /* CommonTests.swift in Sources */,
			);
			runOnlyForDeploymentPostprocessing = 0;
		};
		CCFE27342CD4CDB600E8D655 /* Sources */ = {
			isa = PBXSourcesBuildPhase;
			buildActionMask = 2147483647;
			files = (
				CCB831EA2CE4A2F4007E2CDD /* Notification.Name+Extension.swift in Sources */,
				CCB4466F2CD9F12000A4FCAB /* Container.swift in Sources */,
				CCB4468B2CDB8F7500A4FCAB /* Assembly.swift in Sources */,
				CCBC38542CE3493A008472E5 /* KeyChain.swift in Sources */,
				CCB446892CDB17E300A4FCAB /* DIContainer.swift in Sources */,
				CCB446872CDA161B00A4FCAB /* Injected.swift in Sources */,
			);
			runOnlyForDeploymentPostprocessing = 0;
		};
/* End PBXSourcesBuildPhase section */

/* Begin PBXTargetDependency section */
		CCB4467A2CDA07F700A4FCAB /* PBXTargetDependency */ = {
			isa = PBXTargetDependency;
			platformFilter = ios;
			target = CCFE27372CD4CDB600E8D655 /* Common */;
			targetProxy = CCB446792CDA07F700A4FCAB /* PBXContainerItemProxy */;
		};
/* End PBXTargetDependency section */

/* Begin XCBuildConfiguration section */
		CCB4467C2CDA07F700A4FCAB /* Debug */ = {
			isa = XCBuildConfiguration;
			buildSettings = {
				CODE_SIGN_STYLE = Automatic;
				CURRENT_PROJECT_VERSION = 1;
				DEVELOPMENT_TEAM = YWNQ4RZBTS;
				GENERATE_INFOPLIST_FILE = YES;
				IPHONEOS_DEPLOYMENT_TARGET = 15.0;
				MARKETING_VERSION = 1.0;
				PRODUCT_BUNDLE_IDENTIFIER = com.jinyoo.CommonTests;
				PRODUCT_NAME = "$(TARGET_NAME)";
				SUPPORTED_PLATFORMS = "iphoneos iphonesimulator";
				SUPPORTS_MACCATALYST = NO;
				SUPPORTS_MAC_DESIGNED_FOR_IPHONE_IPAD = NO;
				SUPPORTS_XR_DESIGNED_FOR_IPHONE_IPAD = NO;
				SWIFT_EMIT_LOC_STRINGS = NO;
				SWIFT_VERSION = 5.0;
				TARGETED_DEVICE_FAMILY = 1;
			};
			name = Debug;
		};
		CCB4467D2CDA07F700A4FCAB /* Release */ = {
			isa = XCBuildConfiguration;
			buildSettings = {
				CODE_SIGN_STYLE = Automatic;
				CURRENT_PROJECT_VERSION = 1;
				DEVELOPMENT_TEAM = YWNQ4RZBTS;
				GENERATE_INFOPLIST_FILE = YES;
				IPHONEOS_DEPLOYMENT_TARGET = 15.0;
				MARKETING_VERSION = 1.0;
				PRODUCT_BUNDLE_IDENTIFIER = com.jinyoo.CommonTests;
				PRODUCT_NAME = "$(TARGET_NAME)";
				SUPPORTED_PLATFORMS = "iphoneos iphonesimulator";
				SUPPORTS_MACCATALYST = NO;
				SUPPORTS_MAC_DESIGNED_FOR_IPHONE_IPAD = NO;
				SUPPORTS_XR_DESIGNED_FOR_IPHONE_IPAD = NO;
				SWIFT_EMIT_LOC_STRINGS = NO;
				SWIFT_VERSION = 5.0;
				TARGETED_DEVICE_FAMILY = 1;
			};
			name = Release;
		};
		CCFE273D2CD4CDB600E8D655 /* Debug */ = {
			isa = XCBuildConfiguration;
			buildSettings = {
				ALWAYS_SEARCH_USER_PATHS = NO;
				ASSETCATALOG_COMPILER_GENERATE_SWIFT_ASSET_SYMBOL_EXTENSIONS = YES;
				BUILD_LIBRARY_FOR_DISTRIBUTION = NO;
				CLANG_ANALYZER_NONNULL = YES;
				CLANG_ANALYZER_NUMBER_OBJECT_CONVERSION = YES_AGGRESSIVE;
				CLANG_CXX_LANGUAGE_STANDARD = "gnu++20";
				CLANG_ENABLE_MODULES = YES;
				CLANG_ENABLE_OBJC_ARC = YES;
				CLANG_ENABLE_OBJC_WEAK = YES;
				CLANG_WARN_BLOCK_CAPTURE_AUTORELEASING = YES;
				CLANG_WARN_BOOL_CONVERSION = YES;
				CLANG_WARN_COMMA = YES;
				CLANG_WARN_CONSTANT_CONVERSION = YES;
				CLANG_WARN_DEPRECATED_OBJC_IMPLEMENTATIONS = YES;
				CLANG_WARN_DIRECT_OBJC_ISA_USAGE = YES_ERROR;
				CLANG_WARN_DOCUMENTATION_COMMENTS = YES;
				CLANG_WARN_EMPTY_BODY = YES;
				CLANG_WARN_ENUM_CONVERSION = YES;
				CLANG_WARN_INFINITE_RECURSION = YES;
				CLANG_WARN_INT_CONVERSION = YES;
				CLANG_WARN_NON_LITERAL_NULL_CONVERSION = YES;
				CLANG_WARN_OBJC_IMPLICIT_RETAIN_SELF = YES;
				CLANG_WARN_OBJC_LITERAL_CONVERSION = YES;
				CLANG_WARN_OBJC_ROOT_CLASS = YES_ERROR;
				CLANG_WARN_QUOTED_INCLUDE_IN_FRAMEWORK_HEADER = YES;
				CLANG_WARN_RANGE_LOOP_ANALYSIS = YES;
				CLANG_WARN_STRICT_PROTOTYPES = YES;
				CLANG_WARN_SUSPICIOUS_MOVE = YES;
				CLANG_WARN_UNGUARDED_AVAILABILITY = YES_AGGRESSIVE;
				CLANG_WARN_UNREACHABLE_CODE = YES;
				CLANG_WARN__DUPLICATE_METHOD_MATCH = YES;
				COPY_PHASE_STRIP = NO;
				CURRENT_PROJECT_VERSION = 1;
				DEBUG_INFORMATION_FORMAT = dwarf;
				ENABLE_STRICT_OBJC_MSGSEND = YES;
				ENABLE_TESTABILITY = YES;
				ENABLE_USER_SCRIPT_SANDBOXING = YES;
				GCC_C_LANGUAGE_STANDARD = gnu17;
				GCC_DYNAMIC_NO_PIC = NO;
				GCC_NO_COMMON_BLOCKS = YES;
				GCC_OPTIMIZATION_LEVEL = 0;
				GCC_PREPROCESSOR_DEFINITIONS = (
					"DEBUG=1",
					"$(inherited)",
				);
				GCC_WARN_64_TO_32_BIT_CONVERSION = YES;
				GCC_WARN_ABOUT_RETURN_TYPE = YES_ERROR;
				GCC_WARN_UNDECLARED_SELECTOR = YES;
				GCC_WARN_UNINITIALIZED_AUTOS = YES_AGGRESSIVE;
				GCC_WARN_UNUSED_FUNCTION = YES;
				GCC_WARN_UNUSED_VARIABLE = YES;
				IPHONEOS_DEPLOYMENT_TARGET = 15.0;
				LOCALIZATION_PREFERS_STRING_CATALOGS = YES;
				MTL_ENABLE_DEBUG_INFO = INCLUDE_SOURCE;
				MTL_FAST_MATH = YES;
				ONLY_ACTIVE_ARCH = YES;
				SDKROOT = iphoneos;
				SWIFT_ACTIVE_COMPILATION_CONDITIONS = "DEBUG $(inherited)";
				SWIFT_OPTIMIZATION_LEVEL = "-Onone";
				VERSIONING_SYSTEM = "apple-generic";
				VERSION_INFO_PREFIX = "";
			};
			name = Debug;
		};
		CCFE273E2CD4CDB600E8D655 /* Release */ = {
			isa = XCBuildConfiguration;
			buildSettings = {
				ALWAYS_SEARCH_USER_PATHS = NO;
				ASSETCATALOG_COMPILER_GENERATE_SWIFT_ASSET_SYMBOL_EXTENSIONS = YES;
				BUILD_LIBRARY_FOR_DISTRIBUTION = NO;
				CLANG_ANALYZER_NONNULL = YES;
				CLANG_ANALYZER_NUMBER_OBJECT_CONVERSION = YES_AGGRESSIVE;
				CLANG_CXX_LANGUAGE_STANDARD = "gnu++20";
				CLANG_ENABLE_MODULES = YES;
				CLANG_ENABLE_OBJC_ARC = YES;
				CLANG_ENABLE_OBJC_WEAK = YES;
				CLANG_WARN_BLOCK_CAPTURE_AUTORELEASING = YES;
				CLANG_WARN_BOOL_CONVERSION = YES;
				CLANG_WARN_COMMA = YES;
				CLANG_WARN_CONSTANT_CONVERSION = YES;
				CLANG_WARN_DEPRECATED_OBJC_IMPLEMENTATIONS = YES;
				CLANG_WARN_DIRECT_OBJC_ISA_USAGE = YES_ERROR;
				CLANG_WARN_DOCUMENTATION_COMMENTS = YES;
				CLANG_WARN_EMPTY_BODY = YES;
				CLANG_WARN_ENUM_CONVERSION = YES;
				CLANG_WARN_INFINITE_RECURSION = YES;
				CLANG_WARN_INT_CONVERSION = YES;
				CLANG_WARN_NON_LITERAL_NULL_CONVERSION = YES;
				CLANG_WARN_OBJC_IMPLICIT_RETAIN_SELF = YES;
				CLANG_WARN_OBJC_LITERAL_CONVERSION = YES;
				CLANG_WARN_OBJC_ROOT_CLASS = YES_ERROR;
				CLANG_WARN_QUOTED_INCLUDE_IN_FRAMEWORK_HEADER = YES;
				CLANG_WARN_RANGE_LOOP_ANALYSIS = YES;
				CLANG_WARN_STRICT_PROTOTYPES = YES;
				CLANG_WARN_SUSPICIOUS_MOVE = YES;
				CLANG_WARN_UNGUARDED_AVAILABILITY = YES_AGGRESSIVE;
				CLANG_WARN_UNREACHABLE_CODE = YES;
				CLANG_WARN__DUPLICATE_METHOD_MATCH = YES;
				COPY_PHASE_STRIP = NO;
				CURRENT_PROJECT_VERSION = 1;
				DEBUG_INFORMATION_FORMAT = "dwarf-with-dsym";
				ENABLE_NS_ASSERTIONS = NO;
				ENABLE_STRICT_OBJC_MSGSEND = YES;
				ENABLE_USER_SCRIPT_SANDBOXING = YES;
				GCC_C_LANGUAGE_STANDARD = gnu17;
				GCC_NO_COMMON_BLOCKS = YES;
				GCC_WARN_64_TO_32_BIT_CONVERSION = YES;
				GCC_WARN_ABOUT_RETURN_TYPE = YES_ERROR;
				GCC_WARN_UNDECLARED_SELECTOR = YES;
				GCC_WARN_UNINITIALIZED_AUTOS = YES_AGGRESSIVE;
				GCC_WARN_UNUSED_FUNCTION = YES;
				GCC_WARN_UNUSED_VARIABLE = YES;
				IPHONEOS_DEPLOYMENT_TARGET = 15.0;
				LOCALIZATION_PREFERS_STRING_CATALOGS = YES;
				MTL_ENABLE_DEBUG_INFO = NO;
				MTL_FAST_MATH = YES;
				SDKROOT = iphoneos;
				SWIFT_COMPILATION_MODE = wholemodule;
				VALIDATE_PRODUCT = YES;
				VERSIONING_SYSTEM = "apple-generic";
				VERSION_INFO_PREFIX = "";
			};
			name = Release;
		};
		CCFE27402CD4CDB600E8D655 /* Debug */ = {
			isa = XCBuildConfiguration;
			buildSettings = {
				BUILD_LIBRARY_FOR_DISTRIBUTION = NO;
				CLANG_ENABLE_MODULES = YES;
				CODE_SIGN_STYLE = Automatic;
				CURRENT_PROJECT_VERSION = 1;
				DEFINES_MODULE = YES;
				DEVELOPMENT_TEAM = YWNQ4RZBTS;
				DYLIB_COMPATIBILITY_VERSION = 1;
				DYLIB_CURRENT_VERSION = 1;
				DYLIB_INSTALL_NAME_BASE = "@rpath";
				ENABLE_MODULE_VERIFIER = YES;
				GENERATE_INFOPLIST_FILE = YES;
				INFOPLIST_KEY_NSHumanReadableCopyright = "";
				INSTALL_PATH = "$(LOCAL_LIBRARY_DIR)/Frameworks";
				IPHONEOS_DEPLOYMENT_TARGET = 15.0;
				LD_RUNPATH_SEARCH_PATHS = (
					"$(inherited)",
					"@executable_path/Frameworks",
					"@loader_path/Frameworks",
				);
				MACH_O_TYPE = staticlib;
				MARKETING_VERSION = 1.0;
				MODULE_VERIFIER_SUPPORTED_LANGUAGES = "objective-c objective-c++";
				MODULE_VERIFIER_SUPPORTED_LANGUAGE_STANDARDS = "gnu17 gnu++20";
				PRODUCT_BUNDLE_IDENTIFIER = com.jinyoo.Common;
				PRODUCT_NAME = "$(TARGET_NAME:c99extidentifier)";
				SKIP_INSTALL = YES;
				SUPPORTED_PLATFORMS = "iphoneos iphonesimulator";
				SUPPORTS_MACCATALYST = NO;
				SUPPORTS_MAC_DESIGNED_FOR_IPHONE_IPAD = NO;
				SUPPORTS_XR_DESIGNED_FOR_IPHONE_IPAD = NO;
				SWIFT_EMIT_LOC_STRINGS = YES;
				SWIFT_INSTALL_OBJC_HEADER = NO;
				SWIFT_OPTIMIZATION_LEVEL = "-Onone";
				SWIFT_VERSION = 5.0;
				TARGETED_DEVICE_FAMILY = 1;
			};
			name = Debug;
		};
		CCFE27412CD4CDB600E8D655 /* Release */ = {
			isa = XCBuildConfiguration;
			buildSettings = {
				BUILD_LIBRARY_FOR_DISTRIBUTION = NO;
				CLANG_ENABLE_MODULES = YES;
				CODE_SIGN_STYLE = Automatic;
				CURRENT_PROJECT_VERSION = 1;
				DEFINES_MODULE = YES;
				DEVELOPMENT_TEAM = YWNQ4RZBTS;
				DYLIB_COMPATIBILITY_VERSION = 1;
				DYLIB_CURRENT_VERSION = 1;
				DYLIB_INSTALL_NAME_BASE = "@rpath";
				ENABLE_MODULE_VERIFIER = YES;
				GENERATE_INFOPLIST_FILE = YES;
				INFOPLIST_KEY_NSHumanReadableCopyright = "";
				INSTALL_PATH = "$(LOCAL_LIBRARY_DIR)/Frameworks";
				IPHONEOS_DEPLOYMENT_TARGET = 15.0;
				LD_RUNPATH_SEARCH_PATHS = (
					"$(inherited)",
					"@executable_path/Frameworks",
					"@loader_path/Frameworks",
				);
				MACH_O_TYPE = staticlib;
				MARKETING_VERSION = 1.0;
				MODULE_VERIFIER_SUPPORTED_LANGUAGES = "objective-c objective-c++";
				MODULE_VERIFIER_SUPPORTED_LANGUAGE_STANDARDS = "gnu17 gnu++20";
				PRODUCT_BUNDLE_IDENTIFIER = com.jinyoo.Common;
				PRODUCT_NAME = "$(TARGET_NAME:c99extidentifier)";
				SKIP_INSTALL = YES;
				SUPPORTED_PLATFORMS = "iphoneos iphonesimulator";
				SUPPORTS_MACCATALYST = NO;
				SUPPORTS_MAC_DESIGNED_FOR_IPHONE_IPAD = NO;
				SUPPORTS_XR_DESIGNED_FOR_IPHONE_IPAD = NO;
				SWIFT_EMIT_LOC_STRINGS = YES;
				SWIFT_INSTALL_OBJC_HEADER = NO;
				SWIFT_VERSION = 5.0;
				TARGETED_DEVICE_FAMILY = 1;
			};
			name = Release;
		};
/* End XCBuildConfiguration section */

/* Begin XCConfigurationList section */
		CCB4467B2CDA07F700A4FCAB /* Build configuration list for PBXNativeTarget "CommonTests" */ = {
			isa = XCConfigurationList;
			buildConfigurations = (
				CCB4467C2CDA07F700A4FCAB /* Debug */,
				CCB4467D2CDA07F700A4FCAB /* Release */,
			);
			defaultConfigurationIsVisible = 0;
			defaultConfigurationName = Release;
		};
		CCFE27322CD4CDB600E8D655 /* Build configuration list for PBXProject "Common" */ = {
			isa = XCConfigurationList;
			buildConfigurations = (
				CCFE273D2CD4CDB600E8D655 /* Debug */,
				CCFE273E2CD4CDB600E8D655 /* Release */,
			);
			defaultConfigurationIsVisible = 0;
			defaultConfigurationName = Release;
		};
		CCFE273F2CD4CDB600E8D655 /* Build configuration list for PBXNativeTarget "Common" */ = {
			isa = XCConfigurationList;
			buildConfigurations = (
				CCFE27402CD4CDB600E8D655 /* Debug */,
				CCFE27412CD4CDB600E8D655 /* Release */,
			);
			defaultConfigurationIsVisible = 0;
			defaultConfigurationName = Release;
		};
/* End XCConfigurationList section */
	};
	rootObject = CCFE272F2CD4CDB600E8D655 /* Project object */;
}
